
Microsoft Visual Studio Solution File, Format Version 12.00
# Visual Studio 15
VisualStudioVersion = 15.0.27428.2037
MinimumVisualStudioVersion = 10.0.40219.1
Project("{FAE04EC0-301F-11D3-BF4B-00C04F79EFBC}") = "SupportVectorMachineTest", "SupportVectorMachineTest\SupportVectorMachineTest.csproj", "{AD745BC0-44A5-4A0B-A54E-10FC783FB02E}"
EndProject
Global
	GlobalSection(SolutionConfigurationPlatforms) = preSolution
		Debug|Any CPU = Debug|Any CPU
		Release|Any CPU = Release|Any CPU
	EndGlobalSection
	GlobalSection(ProjectConfigurationPlatforms) = postSolution
		{AD745BC0-44A5-4A0B-A54E-10FC783FB02E}.Debug|Any CPU.ActiveCfg = Debug|Any CPU
		{AD745BC0-44A5-4A0B-A54E-10FC783FB02E}.Debug|Any CPU.Build.0 = Debug|Any CPU
		{AD745BC0-44A5-4A0B-A54E-10FC783FB02E}.Release|Any CPU.ActiveCfg = Release|Any CPU
		{AD745BC0-44A5-4A0B-A54E-10FC783FB02E}.Release|Any CPU.Build.0 = Release|Any CPU
	EndGlobalSection
	GlobalSection(SolutionProperties) = preSolution
		HideSolutionNode = FALSE
	EndGlobalSection
	GlobalSection(ExtensibilityGlobals) = postSolution
		SolutionGuid = {30772F03-78EE-47DD-80CE-73AE17D8A315}
	EndGlobalSection
EndGlobal
