
Microsoft Visual Studio Solution File, Format Version 12.00
# Visual Studio Version 16
VisualStudioVersion = 16.0.30114.105
MinimumVisualStudioVersion = 10.0.40219.1
Project("{9A19103F-16F7-4668-BE54-9A1E7A4F7556}") = "Xamarin.Camera", "Xamarin.Camera\Xamarin.Camera\Xamarin.Camera.csproj", "{174F2838-D5BE-4188-A4AD-96DE299E6FBD}"
EndProject
Project("{FAE04EC0-301F-11D3-BF4B-00C04F79EFBC}") = "Xamarin.Camera.iOS", "Xamarin.Camera\Xamarin.Camera.iOS\Xamarin.Camera.iOS.csproj", "{F961ED88-DEFD-4083-A87C-59611CCAAE13}"
EndProject
Global
	GlobalSection(SolutionConfigurationPlatforms) = preSolution
		Ad-Hoc|Any CPU = Ad-Hoc|Any CPU
		Ad-Hoc|iPhone = Ad-Hoc|iPhone
		Ad-Hoc|iPhoneSimulator = Ad-Hoc|iPhoneSimulator
		AppStore|Any CPU = AppStore|Any CPU
		AppStore|iPhone = AppStore|iPhone
		AppStore|iPhoneSimulator = AppStore|iPhoneSimulator
		Debug|Any CPU = Debug|Any CPU
		Debug|iPhone = Debug|iPhone
		Debug|iPhoneSimulator = Debug|iPhoneSimulator
		Release|Any CPU = Release|Any CPU
		Release|iPhone = Release|iPhone
		Release|iPhoneSimulator = Release|iPhoneSimulator
	EndGlobalSection
	GlobalSection(ProjectConfigurationPlatforms) = postSolution
		{174F2838-D5BE-4188-A4AD-96DE299E6FBD}.Ad-Hoc|Any CPU.ActiveCfg = Debug|Any CPU
		{174F2838-D5BE-4188-A4AD-96DE299E6FBD}.Ad-Hoc|Any CPU.Build.0 = Debug|Any CPU
		{174F2838-D5BE-4188-A4AD-96DE299E6FBD}.Ad-Hoc|iPhone.ActiveCfg = Debug|Any CPU
		{174F2838-D5BE-4188-A4AD-96DE299E6FBD}.Ad-Hoc|iPhone.Build.0 = Debug|Any CPU
		{174F2838-D5BE-4188-A4AD-96DE299E6FBD}.Ad-Hoc|iPhoneSimulator.ActiveCfg = Debug|Any CPU
		{174F2838-D5BE-4188-A4AD-96DE299E6FBD}.Ad-Hoc|iPhoneSimulator.Build.0 = Debug|Any CPU
		{174F2838-D5BE-4188-A4AD-96DE299E6FBD}.AppStore|Any CPU.ActiveCfg = Debug|Any CPU
		{174F2838-D5BE-4188-A4AD-96DE299E6FBD}.AppStore|Any CPU.Build.0 = Debug|Any CPU
		{174F2838-D5BE-4188-A4AD-96DE299E6FBD}.AppStore|iPhone.ActiveCfg = Debug|Any CPU
		{174F2838-D5BE-4188-A4AD-96DE299E6FBD}.AppStore|iPhone.Build.0 = Debug|Any CPU
		{174F2838-D5BE-4188-A4AD-96DE299E6FBD}.AppStore|iPhoneSimulator.ActiveCfg = Debug|Any CPU
		{174F2838-D5BE-4188-A4AD-96DE299E6FBD}.AppStore|iPhoneSimulator.Build.0 = Debug|Any CPU
		{174F2838-D5BE-4188-A4AD-96DE299E6FBD}.Debug|Any CPU.ActiveCfg = Debug|Any CPU
		{174F2838-D5BE-4188-A4AD-96DE299E6FBD}.Debug|Any CPU.Build.0 = Debug|Any CPU
		{174F2838-D5BE-4188-A4AD-96DE299E6FBD}.Debug|iPhone.ActiveCfg = Debug|Any CPU
		{174F2838-D5BE-4188-A4AD-96DE299E6FBD}.Debug|iPhone.Build.0 = Debug|Any CPU
		{174F2838-D5BE-4188-A4AD-96DE299E6FBD}.Debug|iPhoneSimulator.ActiveCfg = Debug|Any CPU
		{174F2838-D5BE-4188-A4AD-96DE299E6FBD}.Debug|iPhoneSimulator.Build.0 = Debug|Any CPU
		{174F2838-D5BE-4188-A4AD-96DE299E6FBD}.Release|Any CPU.ActiveCfg = Release|Any CPU
		{174F2838-D5BE-4188-A4AD-96DE299E6FBD}.Release|Any CPU.Build.0 = Release|Any CPU
		{174F2838-D5BE-4188-A4AD-96DE299E6FBD}.Release|iPhone.ActiveCfg = Release|Any CPU
		{174F2838-D5BE-4188-A4AD-96DE299E6FBD}.Release|iPhone.Build.0 = Release|Any CPU
		{174F2838-D5BE-4188-A4AD-96DE299E6FBD}.Release|iPhoneSimulator.ActiveCfg = Release|Any CPU
		{174F2838-D5BE-4188-A4AD-96DE299E6FBD}.Release|iPhoneSimulator.Build.0 = Release|Any CPU
		{F961ED88-DEFD-4083-A87C-59611CCAAE13}.Ad-Hoc|Any CPU.ActiveCfg = Ad-Hoc|iPhone
		{F961ED88-DEFD-4083-A87C-59611CCAAE13}.Ad-Hoc|iPhone.ActiveCfg = Ad-Hoc|iPhone
		{F961ED88-DEFD-4083-A87C-59611CCAAE13}.Ad-Hoc|iPhone.Build.0 = Ad-Hoc|iPhone
		{F961ED88-DEFD-4083-A87C-59611CCAAE13}.Ad-Hoc|iPhoneSimulator.ActiveCfg = Ad-Hoc|iPhoneSimulator
		{F961ED88-DEFD-4083-A87C-59611CCAAE13}.Ad-Hoc|iPhoneSimulator.Build.0 = Ad-Hoc|iPhoneSimulator
		{F961ED88-DEFD-4083-A87C-59611CCAAE13}.AppStore|Any CPU.ActiveCfg = AppStore|iPhone
		{F961ED88-DEFD-4083-A87C-59611CCAAE13}.AppStore|iPhone.ActiveCfg = AppStore|iPhone
		{F961ED88-DEFD-4083-A87C-59611CCAAE13}.AppStore|iPhone.Build.0 = AppStore|iPhone
		{F961ED88-DEFD-4083-A87C-59611CCAAE13}.AppStore|iPhoneSimulator.ActiveCfg = AppStore|iPhoneSimulator
		{F961ED88-DEFD-4083-A87C-59611CCAAE13}.AppStore|iPhoneSimulator.Build.0 = AppStore|iPhoneSimulator
		{F961ED88-DEFD-4083-A87C-59611CCAAE13}.Debug|Any CPU.ActiveCfg = Debug|iPhone
		{F961ED88-DEFD-4083-A87C-59611CCAAE13}.Debug|iPhone.ActiveCfg = Debug|iPhone
		{F961ED88-DEFD-4083-A87C-59611CCAAE13}.Debug|iPhone.Build.0 = Debug|iPhone
		{F961ED88-DEFD-4083-A87C-59611CCAAE13}.Debug|iPhoneSimulator.ActiveCfg = Debug|iPhoneSimulator
		{F961ED88-DEFD-4083-A87C-59611CCAAE13}.Debug|iPhoneSimulator.Build.0 = Debug|iPhoneSimulator
		{F961ED88-DEFD-4083-A87C-59611CCAAE13}.Release|Any CPU.ActiveCfg = Release|iPhone
		{F961ED88-DEFD-4083-A87C-59611CCAAE13}.Release|iPhone.ActiveCfg = Release|iPhone
		{F961ED88-DEFD-4083-A87C-59611CCAAE13}.Release|iPhone.Build.0 = Release|iPhone
		{F961ED88-DEFD-4083-A87C-59611CCAAE13}.Release|iPhoneSimulator.ActiveCfg = Release|iPhoneSimulator
		{F961ED88-DEFD-4083-A87C-59611CCAAE13}.Release|iPhoneSimulator.Build.0 = Release|iPhoneSimulator
	EndGlobalSection
	GlobalSection(SolutionProperties) = preSolution
		HideSolutionNode = FALSE
	EndGlobalSection
	GlobalSection(ExtensibilityGlobals) = postSolution
		SolutionGuid = {09EBC430-DE98-4E2B-8EF5-4A8DD835CA02}
	EndGlobalSection
EndGlobal
