// !$*UTF8*$!
{
	archiveVersion = 1;
	classes = {
	};
	objectVersion = 50;
	objects = {

/* Begin PBXBuildFile section */
		070B340C2881CB67007322B7 /* Demo_ZeroMQApp.swift in Sources */ = {isa = PBXBuildFile; fileRef = 070B340B2881CB67007322B7 /* Demo_ZeroMQApp.swift */; };
		070B340E2881CB67007322B7 /* ContentView.swift in Sources */ = {isa = PBXBuildFile; fileRef = 070B340D2881CB67007322B7 /* ContentView.swift */; };
		070B34102881CB68007322B7 /* Assets.xcassets in Resources */ = {isa = PBXBuildFile; fileRef = 070B340F2881CB68007322B7 /* Assets.xcassets */; };
		070B34132881CB68007322B7 /* Preview Assets.xcassets in Resources */ = {isa = PBXBuildFile; fileRef = 070B34122881CB68007322B7 /* Preview Assets.xcassets */; };
		070B341E2881CB68007322B7 /* Demo_ZeroMQTests.swift in Sources */ = {isa = PBXBuildFile; fileRef = 070B341D2881CB68007322B7 /* Demo_ZeroMQTests.swift */; };
		070B34292881CB68007322B7 /* Demo_ZeroMQUITests.swift in Sources */ = {isa = PBXBuildFile; fileRef = 070B34282881CB68007322B7 /* Demo_ZeroMQUITests.swift */; };
/* End PBXBuildFile section */

/* Begin PBXContainerItemProxy section */
		070B341A2881CB68007322B7 /* PBXContainerItemProxy */ = {
			isa = PBXContainerItemProxy;
			containerPortal = 070B34002881CB66007322B7 /* Project object */;
			proxyType = 1;
			remoteGlobalIDString = 070B34072881CB66007322B7;
			remoteInfo = Demo.ZeroMQ;
		};
		070B34252881CB68007322B7 /* PBXContainerItemProxy */ = {
			isa = PBXContainerItemProxy;
			containerPortal = 070B34002881CB66007322B7 /* Project object */;
			proxyType = 1;
			remoteGlobalIDString = 070B34072881CB66007322B7;
			remoteInfo = Demo.ZeroMQ;
		};
/* End PBXContainerItemProxy section */

/* Begin PBXFileReference section */
		070B34082881CB67007322B7 /* Demo.ZeroMQ.app */ = {isa = PBXFileReference; explicitFileType = wrapper.application; includeInIndex = 0; path = Demo.ZeroMQ.app; sourceTree = BUILT_PRODUCTS_DIR; };
		070B340B2881CB67007322B7 /* Demo_ZeroMQApp.swift */ = {isa = PBXFileReference; lastKnownFileType = sourcecode.swift; path = Demo_ZeroMQApp.swift; sourceTree = "<group>"; };
		070B340D2881CB67007322B7 /* ContentView.swift */ = {isa = PBXFileReference; lastKnownFileType = sourcecode.swift; path = ContentView.swift; sourceTree = "<group>"; };
		070B340F2881CB68007322B7 /* Assets.xcassets */ = {isa = PBXFileReference; lastKnownFileType = folder.assetcatalog; path = Assets.xcassets; sourceTree = "<group>"; };
		070B34122881CB68007322B7 /* Preview Assets.xcassets */ = {isa = PBXFileReference; lastKnownFileType = folder.assetcatalog; path = "Preview Assets.xcassets"; sourceTree = "<group>"; };
		070B34142881CB68007322B7 /* Info.plist */ = {isa = PBXFileReference; lastKnownFileType = text.plist.xml; path = Info.plist; sourceTree = "<group>"; };
		070B34192881CB68007322B7 /* Demo.ZeroMQTests.xctest */ = {isa = PBXFileReference; explicitFileType = wrapper.cfbundle; includeInIndex = 0; path = Demo.ZeroMQTests.xctest; sourceTree = BUILT_PRODUCTS_DIR; };
		070B341D2881CB68007322B7 /* Demo_ZeroMQTests.swift */ = {isa = PBXFileReference; lastKnownFileType = sourcecode.swift; path = Demo_ZeroMQTests.swift; sourceTree = "<group>"; };
		070B341F2881CB68007322B7 /* Info.plist */ = {isa = PBXFileReference; lastKnownFileType = text.plist.xml; path = Info.plist; sourceTree = "<group>"; };
		070B34242881CB68007322B7 /* Demo.ZeroMQUITests.xctest */ = {isa = PBXFileReference; explicitFileType = wrapper.cfbundle; includeInIndex = 0; path = Demo.ZeroMQUITests.xctest; sourceTree = BUILT_PRODUCTS_DIR; };
		070B34282881CB68007322B7 /* Demo_ZeroMQUITests.swift */ = {isa = PBXFileReference; lastKnownFileType = sourcecode.swift; path = Demo_ZeroMQUITests.swift; sourceTree = "<group>"; };
		070B342A2881CB68007322B7 /* Info.plist */ = {isa = PBXFileReference; lastKnownFileType = text.plist.xml; path = Info.plist; sourceTree = "<group>"; };
/* End PBXFileReference section */

/* Begin PBXFrameworksBuildPhase section */
		070B34052881CB66007322B7 /* Frameworks */ = {
			isa = PBXFrameworksBuildPhase;
			buildActionMask = 2147483647;
			files = (
			);
			runOnlyForDeploymentPostprocessing = 0;
		};
		070B34162881CB68007322B7 /* Frameworks */ = {
			isa = PBXFrameworksBuildPhase;
			buildActionMask = 2147483647;
			files = (
			);
			runOnlyForDeploymentPostprocessing = 0;
		};
		070B34212881CB68007322B7 /* Frameworks */ = {
			isa = PBXFrameworksBuildPhase;
			buildActionMask = 2147483647;
			files = (
			);
			runOnlyForDeploymentPostprocessing = 0;
		};
/* End PBXFrameworksBuildPhase section */

/* Begin PBXGroup section */
		070B33FF2881CB66007322B7 = {
			isa = PBXGroup;
			children = (
				070B340A2881CB67007322B7 /* Demo.ZeroMQ */,
				070B341C2881CB68007322B7 /* Demo.ZeroMQTests */,
				070B34272881CB68007322B7 /* Demo.ZeroMQUITests */,
				070B34092881CB67007322B7 /* Products */,
			);
			sourceTree = "<group>";
		};
		070B34092881CB67007322B7 /* Products */ = {
			isa = PBXGroup;
			children = (
				070B34082881CB67007322B7 /* Demo.ZeroMQ.app */,
				070B34192881CB68007322B7 /* Demo.ZeroMQTests.xctest */,
				070B34242881CB68007322B7 /* Demo.ZeroMQUITests.xctest */,
			);
			name = Products;
			sourceTree = "<group>";
		};
		070B340A2881CB67007322B7 /* Demo.ZeroMQ */ = {
			isa = PBXGroup;
			children = (
				070B340B2881CB67007322B7 /* Demo_ZeroMQApp.swift */,
				070B340D2881CB67007322B7 /* ContentView.swift */,
				070B340F2881CB68007322B7 /* Assets.xcassets */,
				070B34142881CB68007322B7 /* Info.plist */,
				070B34112881CB68007322B7 /* Preview Content */,
			);
			path = Demo.ZeroMQ;
			sourceTree = "<group>";
		};
		070B34112881CB68007322B7 /* Preview Content */ = {
			isa = PBXGroup;
			children = (
				070B34122881CB68007322B7 /* Preview Assets.xcassets */,
			);
			path = "Preview Content";
			sourceTree = "<group>";
		};
		070B341C2881CB68007322B7 /* Demo.ZeroMQTests */ = {
			isa = PBXGroup;
			children = (
				070B341D2881CB68007322B7 /* Demo_ZeroMQTests.swift */,
				070B341F2881CB68007322B7 /* Info.plist */,
			);
			path = Demo.ZeroMQTests;
			sourceTree = "<group>";
		};
		070B34272881CB68007322B7 /* Demo.ZeroMQUITests */ = {
			isa = PBXGroup;
			children = (
				070B34282881CB68007322B7 /* Demo_ZeroMQUITests.swift */,
				070B342A2881CB68007322B7 /* Info.plist */,
			);
			path = Demo.ZeroMQUITests;
			sourceTree = "<group>";
		};
/* End PBXGroup section */

/* Begin PBXNativeTarget section */
		070B34072881CB66007322B7 /* Demo.ZeroMQ */ = {
			isa = PBXNativeTarget;
			buildConfigurationList = 070B342D2881CB68007322B7 /* Build configuration list for PBXNativeTarget "Demo.ZeroMQ" */;
			buildPhases = (
				070B34042881CB66007322B7 /* Sources */,
				070B34052881CB66007322B7 /* Frameworks */,
				070B34062881CB66007322B7 /* Resources */,
			);
			buildRules = (
			);
			dependencies = (
			);
			name = Demo.ZeroMQ;
			productName = Demo.ZeroMQ;
			productReference = 070B34082881CB67007322B7 /* Demo.ZeroMQ.app */;
			productType = "com.apple.product-type.application";
		};
		070B34182881CB68007322B7 /* Demo.ZeroMQTests */ = {
			isa = PBXNativeTarget;
			buildConfigurationList = 070B34302881CB68007322B7 /* Build configuration list for PBXNativeTarget "Demo.ZeroMQTests" */;
			buildPhases = (
				070B34152881CB68007322B7 /* Sources */,
				070B34162881CB68007322B7 /* Frameworks */,
				070B34172881CB68007322B7 /* Resources */,
			);
			buildRules = (
			);
			dependencies = (
				070B341B2881CB68007322B7 /* PBXTargetDependency */,
			);
			name = Demo.ZeroMQTests;
			productName = Demo.ZeroMQTests;
			productReference = 070B34192881CB68007322B7 /* Demo.ZeroMQTests.xctest */;
			productType = "com.apple.product-type.bundle.unit-test";
		};
		070B34232881CB68007322B7 /* Demo.ZeroMQUITests */ = {
			isa = PBXNativeTarget;
			buildConfigurationList = 070B34332881CB68007322B7 /* Build configuration list for PBXNativeTarget "Demo.ZeroMQUITests" */;
			buildPhases = (
				070B34202881CB68007322B7 /* Sources */,
				070B34212881CB68007322B7 /* Frameworks */,
				070B34222881CB68007322B7 /* Resources */,
			);
			buildRules = (
			);
			dependencies = (
				070B34262881CB68007322B7 /* PBXTargetDependency */,
			);
			name = Demo.ZeroMQUITests;
			productName = Demo.ZeroMQUITests;
			productReference = 070B34242881CB68007322B7 /* Demo.ZeroMQUITests.xctest */;
			productType = "com.apple.product-type.bundle.ui-testing";
		};
/* End PBXNativeTarget section */

/* Begin PBXProject section */
		070B34002881CB66007322B7 /* Project object */ = {
			isa = PBXProject;
			attributes = {
				LastSwiftUpdateCheck = 1240;
				LastUpgradeCheck = 1240;
				TargetAttributes = {
					070B34072881CB66007322B7 = {
						CreatedOnToolsVersion = 12.4;
					};
					070B34182881CB68007322B7 = {
						CreatedOnToolsVersion = 12.4;
						TestTargetID = 070B34072881CB66007322B7;
					};
					070B34232881CB68007322B7 = {
						CreatedOnToolsVersion = 12.4;
						TestTargetID = 070B34072881CB66007322B7;
					};
				};
			};
			buildConfigurationList = 070B34032881CB66007322B7 /* Build configuration list for PBXProject "Demo.ZeroMQ" */;
			compatibilityVersion = "Xcode 9.3";
			developmentRegion = en;
			hasScannedForEncodings = 0;
			knownRegions = (
				en,
				Base,
			);
			mainGroup = 070B33FF2881CB66007322B7;
			productRefGroup = 070B34092881CB67007322B7 /* Products */;
			projectDirPath = "";
			projectRoot = "";
			targets = (
				070B34072881CB66007322B7 /* Demo.ZeroMQ */,
				070B34182881CB68007322B7 /* Demo.ZeroMQTests */,
				070B34232881CB68007322B7 /* Demo.ZeroMQUITests */,
			);
		};
/* End PBXProject section */

/* Begin PBXResourcesBuildPhase section */
		070B34062881CB66007322B7 /* Resources */ = {
			isa = PBXResourcesBuildPhase;
			buildActionMask = 2147483647;
			files = (
				070B34132881CB68007322B7 /* Preview Assets.xcassets in Resources */,
				070B34102881CB68007322B7 /* Assets.xcassets in Resources */,
			);
			runOnlyForDeploymentPostprocessing = 0;
		};
		070B34172881CB68007322B7 /* Resources */ = {
			isa = PBXResourcesBuildPhase;
			buildActionMask = 2147483647;
			files = (
			);
			runOnlyForDeploymentPostprocessing = 0;
		};
		070B34222881CB68007322B7 /* Resources */ = {
			isa = PBXResourcesBuildPhase;
			buildActionMask = 2147483647;
			files = (
			);
			runOnlyForDeploymentPostprocessing = 0;
		};
/* End PBXResourcesBuildPhase section */

/* Begin PBXSourcesBuildPhase section */
		070B34042881CB66007322B7 /* Sources */ = {
			isa = PBXSourcesBuildPhase;
			buildActionMask = 2147483647;
			files = (
				070B340E2881CB67007322B7 /* ContentView.swift in Sources */,
				070B340C2881CB67007322B7 /* Demo_ZeroMQApp.swift in Sources */,
			);
			runOnlyForDeploymentPostprocessing = 0;
		};
		070B34152881CB68007322B7 /* Sources */ = {
			isa = PBXSourcesBuildPhase;
			buildActionMask = 2147483647;
			files = (
				070B341E2881CB68007322B7 /* Demo_ZeroMQTests.swift in Sources */,
			);
			runOnlyForDeploymentPostprocessing = 0;
		};
		070B34202881CB68007322B7 /* Sources */ = {
			isa = PBXSourcesBuildPhase;
			buildActionMask = 2147483647;
			files = (
				070B34292881CB68007322B7 /* Demo_ZeroMQUITests.swift in Sources */,
			);
			runOnlyForDeploymentPostprocessing = 0;
		};
/* End PBXSourcesBuildPhase section */

/* Begin PBXTargetDependency section */
		070B341B2881CB68007322B7 /* PBXTargetDependency */ = {
			isa = PBXTargetDependency;
			target = 070B34072881CB66007322B7 /* Demo.ZeroMQ */;
			targetProxy = 070B341A2881CB68007322B7 /* PBXContainerItemProxy */;
		};
		070B34262881CB68007322B7 /* PBXTargetDependency */ = {
			isa = PBXTargetDependency;
			target = 070B34072881CB66007322B7 /* Demo.ZeroMQ */;
			targetProxy = 070B34252881CB68007322B7 /* PBXContainerItemProxy */;
		};
/* End PBXTargetDependency section */

/* Begin XCBuildConfiguration section */
		070B342B2881CB68007322B7 /* Debug */ = {
			isa = XCBuildConfiguration;
			buildSettings = {
				ALWAYS_SEARCH_USER_PATHS = NO;
				CLANG_ANALYZER_NONNULL = YES;
				CLANG_ANALYZER_NUMBER_OBJECT_CONVERSION = YES_AGGRESSIVE;
				CLANG_CXX_LANGUAGE_STANDARD = "gnu++14";
				CLANG_CXX_LIBRARY = "libc++";
				CLANG_ENABLE_MODULES = YES;
				CLANG_ENABLE_OBJC_ARC = YES;
				CLANG_ENABLE_OBJC_WEAK = YES;
				CLANG_WARN_BLOCK_CAPTURE_AUTORELEASING = YES;
				CLANG_WARN_BOOL_CONVERSION = YES;
				CLANG_WARN_COMMA = YES;
				CLANG_WARN_CONSTANT_CONVERSION = YES;
				CLANG_WARN_DEPRECATED_OBJC_IMPLEMENTATIONS = YES;
				CLANG_WARN_DIRECT_OBJC_ISA_USAGE = YES_ERROR;
				CLANG_WARN_DOCUMENTATION_COMMENTS = YES;
				CLANG_WARN_EMPTY_BODY = YES;
				CLANG_WARN_ENUM_CONVERSION = YES;
				CLANG_WARN_INFINITE_RECURSION = YES;
				CLANG_WARN_INT_CONVERSION = YES;
				CLANG_WARN_NON_LITERAL_NULL_CONVERSION = YES;
				CLANG_WARN_OBJC_IMPLICIT_RETAIN_SELF = YES;
				CLANG_WARN_OBJC_LITERAL_CONVERSION = YES;
				CLANG_WARN_OBJC_ROOT_CLASS = YES_ERROR;
				CLANG_WARN_QUOTED_INCLUDE_IN_FRAMEWORK_HEADER = YES;
				CLANG_WARN_RANGE_LOOP_ANALYSIS = YES;
				CLANG_WARN_STRICT_PROTOTYPES = YES;
				CLANG_WARN_SUSPICIOUS_MOVE = YES;
				CLANG_WARN_UNGUARDED_AVAILABILITY = YES_AGGRESSIVE;
				CLANG_WARN_UNREACHABLE_CODE = YES;
				CLANG_WARN__DUPLICATE_METHOD_MATCH = YES;
				COPY_PHASE_STRIP = NO;
				DEBUG_INFORMATION_FORMAT = dwarf;
				ENABLE_STRICT_OBJC_MSGSEND = YES;
				ENABLE_TESTABILITY = YES;
				GCC_C_LANGUAGE_STANDARD = gnu11;
				GCC_DYNAMIC_NO_PIC = NO;
				GCC_NO_COMMON_BLOCKS = YES;
				GCC_OPTIMIZATION_LEVEL = 0;
				GCC_PREPROCESSOR_DEFINITIONS = (
					"DEBUG=1",
					"$(inherited)",
				);
				GCC_WARN_64_TO_32_BIT_CONVERSION = YES;
				GCC_WARN_ABOUT_RETURN_TYPE = YES_ERROR;
				GCC_WARN_UNDECLARED_SELECTOR = YES;
				GCC_WARN_UNINITIALIZED_AUTOS = YES_AGGRESSIVE;
				GCC_WARN_UNUSED_FUNCTION = YES;
				GCC_WARN_UNUSED_VARIABLE = YES;
				IPHONEOS_DEPLOYMENT_TARGET = 14.4;
				MTL_ENABLE_DEBUG_INFO = INCLUDE_SOURCE;
				MTL_FAST_MATH = YES;
				ONLY_ACTIVE_ARCH = YES;
				SDKROOT = iphoneos;
				SWIFT_ACTIVE_COMPILATION_CONDITIONS = DEBUG;
				SWIFT_OPTIMIZATION_LEVEL = "-Onone";
			};
			name = Debug;
		};
		070B342C2881CB68007322B7 /* Release */ = {
			isa = XCBuildConfiguration;
			buildSettings = {
				ALWAYS_SEARCH_USER_PATHS = NO;
				CLANG_ANALYZER_NONNULL = YES;
				CLANG_ANALYZER_NUMBER_OBJECT_CONVERSION = YES_AGGRESSIVE;
				CLANG_CXX_LANGUAGE_STANDARD = "gnu++14";
				CLANG_CXX_LIBRARY = "libc++";
				CLANG_ENABLE_MODULES = YES;
				CLANG_ENABLE_OBJC_ARC = YES;
				CLANG_ENABLE_OBJC_WEAK = YES;
				CLANG_WARN_BLOCK_CAPTURE_AUTORELEASING = YES;
				CLANG_WARN_BOOL_CONVERSION = YES;
				CLANG_WARN_COMMA = YES;
				CLANG_WARN_CONSTANT_CONVERSION = YES;
				CLANG_WARN_DEPRECATED_OBJC_IMPLEMENTATIONS = YES;
				CLANG_WARN_DIRECT_OBJC_ISA_USAGE = YES_ERROR;
				CLANG_WARN_DOCUMENTATION_COMMENTS = YES;
				CLANG_WARN_EMPTY_BODY = YES;
				CLANG_WARN_ENUM_CONVERSION = YES;
				CLANG_WARN_INFINITE_RECURSION = YES;
				CLANG_WARN_INT_CONVERSION = YES;
				CLANG_WARN_NON_LITERAL_NULL_CONVERSION = YES;
				CLANG_WARN_OBJC_IMPLICIT_RETAIN_SELF = YES;
				CLANG_WARN_OBJC_LITERAL_CONVERSION = YES;
				CLANG_WARN_OBJC_ROOT_CLASS = YES_ERROR;
				CLANG_WARN_QUOTED_INCLUDE_IN_FRAMEWORK_HEADER = YES;
				CLANG_WARN_RANGE_LOOP_ANALYSIS = YES;
				CLANG_WARN_STRICT_PROTOTYPES = YES;
				CLANG_WARN_SUSPICIOUS_MOVE = YES;
				CLANG_WARN_UNGUARDED_AVAILABILITY = YES_AGGRESSIVE;
				CLANG_WARN_UNREACHABLE_CODE = YES;
				CLANG_WARN__DUPLICATE_METHOD_MATCH = YES;
				COPY_PHASE_STRIP = NO;
				DEBUG_INFORMATION_FORMAT = "dwarf-with-dsym";
				ENABLE_NS_ASSERTIONS = NO;
				ENABLE_STRICT_OBJC_MSGSEND = YES;
				GCC_C_LANGUAGE_STANDARD = gnu11;
				GCC_NO_COMMON_BLOCKS = YES;
				GCC_WARN_64_TO_32_BIT_CONVERSION = YES;
				GCC_WARN_ABOUT_RETURN_TYPE = YES_ERROR;
				GCC_WARN_UNDECLARED_SELECTOR = YES;
				GCC_WARN_UNINITIALIZED_AUTOS = YES_AGGRESSIVE;
				GCC_WARN_UNUSED_FUNCTION = YES;
				GCC_WARN_UNUSED_VARIABLE = YES;
				IPHONEOS_DEPLOYMENT_TARGET = 14.4;
				MTL_ENABLE_DEBUG_INFO = NO;
				MTL_FAST_MATH = YES;
				SDKROOT = iphoneos;
				SWIFT_COMPILATION_MODE = wholemodule;
				SWIFT_OPTIMIZATION_LEVEL = "-O";
				VALIDATE_PRODUCT = YES;
			};
			name = Release;
		};
		070B342E2881CB68007322B7 /* Debug */ = {
			isa = XCBuildConfiguration;
			buildSettings = {
				ASSETCATALOG_COMPILER_APPICON_NAME = AppIcon;
				ASSETCATALOG_COMPILER_GLOBAL_ACCENT_COLOR_NAME = AccentColor;
				CODE_SIGN_STYLE = Automatic;
				DEVELOPMENT_ASSET_PATHS = "\"Demo.ZeroMQ/Preview Content\"";
				DEVELOPMENT_TEAM = U27JXXX492;
				ENABLE_PREVIEWS = YES;
				INFOPLIST_FILE = Demo.ZeroMQ/Info.plist;
				IPHONEOS_DEPLOYMENT_TARGET = 12.1;
				LD_RUNPATH_SEARCH_PATHS = (
					"$(inherited)",
					"@executable_path/Frameworks",
				);
				PRODUCT_BUNDLE_IDENTIFIER = "Takuya-Takeuchi.Demo-ZeroMQ";
				PRODUCT_NAME = "$(TARGET_NAME)";
				SWIFT_VERSION = 5.0;
				TARGETED_DEVICE_FAMILY = "1,2";
			};
			name = Debug;
		};
		070B342F2881CB68007322B7 /* Release */ = {
			isa = XCBuildConfiguration;
			buildSettings = {
				ASSETCATALOG_COMPILER_APPICON_NAME = AppIcon;
				ASSETCATALOG_COMPILER_GLOBAL_ACCENT_COLOR_NAME = AccentColor;
				CODE_SIGN_STYLE = Automatic;
				DEVELOPMENT_ASSET_PATHS = "\"Demo.ZeroMQ/Preview Content\"";
				DEVELOPMENT_TEAM = U27JXXX492;
				ENABLE_PREVIEWS = YES;
				INFOPLIST_FILE = Demo.ZeroMQ/Info.plist;
				IPHONEOS_DEPLOYMENT_TARGET = 12.1;
				LD_RUNPATH_SEARCH_PATHS = (
					"$(inherited)",
					"@executable_path/Frameworks",
				);
				PRODUCT_BUNDLE_IDENTIFIER = "Takuya-Takeuchi.Demo-ZeroMQ";
				PRODUCT_NAME = "$(TARGET_NAME)";
				SWIFT_VERSION = 5.0;
				TARGETED_DEVICE_FAMILY = "1,2";
			};
			name = Release;
		};
		070B34312881CB68007322B7 /* Debug */ = {
			isa = XCBuildConfiguration;
			buildSettings = {
				ALWAYS_EMBED_SWIFT_STANDARD_LIBRARIES = YES;
				BUNDLE_LOADER = "$(TEST_HOST)";
				CODE_SIGN_STYLE = Automatic;
				DEVELOPMENT_TEAM = U27JXXX492;
				INFOPLIST_FILE = Demo.ZeroMQTests/Info.plist;
				IPHONEOS_DEPLOYMENT_TARGET = 14.0;
				LD_RUNPATH_SEARCH_PATHS = (
					"$(inherited)",
					"@executable_path/Frameworks",
					"@loader_path/Frameworks",
				);
				PRODUCT_BUNDLE_IDENTIFIER = "Takuya-Takeuchi.Demo-ZeroMQTests";
				PRODUCT_NAME = "$(TARGET_NAME)";
				SWIFT_VERSION = 5.0;
				TARGETED_DEVICE_FAMILY = "1,2";
				TEST_HOST = "$(BUILT_PRODUCTS_DIR)/Demo.ZeroMQ.app/Demo.ZeroMQ";
			};
			name = Debug;
		};
		070B34322881CB68007322B7 /* Release */ = {
			isa = XCBuildConfiguration;
			buildSettings = {
				ALWAYS_EMBED_SWIFT_STANDARD_LIBRARIES = YES;
				BUNDLE_LOADER = "$(TEST_HOST)";
				CODE_SIGN_STYLE = Automatic;
				DEVELOPMENT_TEAM = U27JXXX492;
				INFOPLIST_FILE = Demo.ZeroMQTests/Info.plist;
				IPHONEOS_DEPLOYMENT_TARGET = 14.0;
				LD_RUNPATH_SEARCH_PATHS = (
					"$(inherited)",
					"@executable_path/Frameworks",
					"@loader_path/Frameworks",
				);
				PRODUCT_BUNDLE_IDENTIFIER = "Takuya-Takeuchi.Demo-ZeroMQTests";
				PRODUCT_NAME = "$(TARGET_NAME)";
				SWIFT_VERSION = 5.0;
				TARGETED_DEVICE_FAMILY = "1,2";
				TEST_HOST = "$(BUILT_PRODUCTS_DIR)/Demo.ZeroMQ.app/Demo.ZeroMQ";
			};
			name = Release;
		};
		070B34342881CB68007322B7 /* Debug */ = {
			isa = XCBuildConfiguration;
			buildSettings = {
				ALWAYS_EMBED_SWIFT_STANDARD_LIBRARIES = YES;
				CODE_SIGN_STYLE = Automatic;
				DEVELOPMENT_TEAM = U27JXXX492;
				INFOPLIST_FILE = Demo.ZeroMQUITests/Info.plist;
				LD_RUNPATH_SEARCH_PATHS = (
					"$(inherited)",
					"@executable_path/Frameworks",
					"@loader_path/Frameworks",
				);
				PRODUCT_BUNDLE_IDENTIFIER = "Takuya-Takeuchi.Demo-ZeroMQUITests";
				PRODUCT_NAME = "$(TARGET_NAME)";
				SWIFT_VERSION = 5.0;
				TARGETED_DEVICE_FAMILY = "1,2";
				TEST_TARGET_NAME = Demo.ZeroMQ;
			};
			name = Debug;
		};
		070B34352881CB68007322B7 /* Release */ = {
			isa = XCBuildConfiguration;
			buildSettings = {
				ALWAYS_EMBED_SWIFT_STANDARD_LIBRARIES = YES;
				CODE_SIGN_STYLE = Automatic;
				DEVELOPMENT_TEAM = U27JXXX492;
				INFOPLIST_FILE = Demo.ZeroMQUITests/Info.plist;
				LD_RUNPATH_SEARCH_PATHS = (
					"$(inherited)",
					"@executable_path/Frameworks",
					"@loader_path/Frameworks",
				);
				PRODUCT_BUNDLE_IDENTIFIER = "Takuya-Takeuchi.Demo-ZeroMQUITests";
				PRODUCT_NAME = "$(TARGET_NAME)";
				SWIFT_VERSION = 5.0;
				TARGETED_DEVICE_FAMILY = "1,2";
				TEST_TARGET_NAME = Demo.ZeroMQ;
			};
			name = Release;
		};
/* End XCBuildConfiguration section */

/* Begin XCConfigurationList section */
		070B34032881CB66007322B7 /* Build configuration list for PBXProject "Demo.ZeroMQ" */ = {
			isa = XCConfigurationList;
			buildConfigurations = (
				070B342B2881CB68007322B7 /* Debug */,
				070B342C2881CB68007322B7 /* Release */,
			);
			defaultConfigurationIsVisible = 0;
			defaultConfigurationName = Release;
		};
		070B342D2881CB68007322B7 /* Build configuration list for PBXNativeTarget "Demo.ZeroMQ" */ = {
			isa = XCConfigurationList;
			buildConfigurations = (
				070B342E2881CB68007322B7 /* Debug */,
				070B342F2881CB68007322B7 /* Release */,
			);
			defaultConfigurationIsVisible = 0;
			defaultConfigurationName = Release;
		};
		070B34302881CB68007322B7 /* Build configuration list for PBXNativeTarget "Demo.ZeroMQTests" */ = {
			isa = XCConfigurationList;
			buildConfigurations = (
				070B34312881CB68007322B7 /* Debug */,
				070B34322881CB68007322B7 /* Release */,
			);
			defaultConfigurationIsVisible = 0;
			defaultConfigurationName = Release;
		};
		070B34332881CB68007322B7 /* Build configuration list for PBXNativeTarget "Demo.ZeroMQUITests" */ = {
			isa = XCConfigurationList;
			buildConfigurations = (
				070B34342881CB68007322B7 /* Debug */,
				070B34352881CB68007322B7 /* Release */,
			);
			defaultConfigurationIsVisible = 0;
			defaultConfigurationName = Release;
		};
/* End XCConfigurationList section */
	};
	rootObject = 070B34002881CB66007322B7 /* Project object */;
}
