
Microsoft Visual Studio Solution File, Format Version 12.00
# Visual Studio Version 16
VisualStudioVersion = 16.0.30114.105
MinimumVisualStudioVersion = 10.0.40219.1
Project("{9A19103F-16F7-4668-BE54-9A1E7A4F7556}") = "Onvif1", "Onvif1.csproj", "{770FB80B-1C68-4391-92B6-47664659EFAC}"
EndProject
Global
	GlobalSection(SolutionConfigurationPlatforms) = preSolution
		Debug|Any CPU = Debug|Any CPU
		Debug|x64 = Debug|x64
		Debug|x86 = Debug|x86
		Release|Any CPU = Release|Any CPU
		Release|x64 = Release|x64
		Release|x86 = Release|x86
	EndGlobalSection
	GlobalSection(ProjectConfigurationPlatforms) = postSolution
		{770FB80B-1C68-4391-92B6-47664659EFAC}.Debug|Any CPU.ActiveCfg = Debug|Any CPU
		{770FB80B-1C68-4391-92B6-47664659EFAC}.Debug|Any CPU.Build.0 = Debug|Any CPU
		{770FB80B-1C68-4391-92B6-47664659EFAC}.Debug|x64.ActiveCfg = Debug|Any CPU
		{770FB80B-1C68-4391-92B6-47664659EFAC}.Debug|x64.Build.0 = Debug|Any CPU
		{770FB80B-1C68-4391-92B6-47664659EFAC}.Debug|x86.ActiveCfg = Debug|Any CPU
		{770FB80B-1C68-4391-92B6-47664659EFAC}.Debug|x86.Build.0 = Debug|Any CPU
		{770FB80B-1C68-4391-92B6-47664659EFAC}.Release|Any CPU.ActiveCfg = Release|Any CPU
		{770FB80B-1C68-4391-92B6-47664659EFAC}.Release|Any CPU.Build.0 = Release|Any CPU
		{770FB80B-1C68-4391-92B6-47664659EFAC}.Release|x64.ActiveCfg = Release|Any CPU
		{770FB80B-1C68-4391-92B6-47664659EFAC}.Release|x64.Build.0 = Release|Any CPU
		{770FB80B-1C68-4391-92B6-47664659EFAC}.Release|x86.ActiveCfg = Release|Any CPU
		{770FB80B-1C68-4391-92B6-47664659EFAC}.Release|x86.Build.0 = Release|Any CPU
	EndGlobalSection
	GlobalSection(SolutionProperties) = preSolution
		HideSolutionNode = FALSE
	EndGlobalSection
	GlobalSection(ExtensibilityGlobals) = postSolution
		SolutionGuid = {FF337AEE-DA5A-4EC3-92BF-925841BC8B00}
	EndGlobalSection
EndGlobal
