PODS:
  - advertising_id (0.0.1):
    - Flutter
  - app_tracking_transparency (0.0.1):
    - Flutter
  - Flutter (1.0.0)

DEPENDENCIES:
  - advertising_id (from `.symlinks/plugins/advertising_id/ios`)
  - app_tracking_transparency (from `.symlinks/plugins/app_tracking_transparency/ios`)
  - Flutter (from `Flutter`)

EXTERNAL SOURCES:
  advertising_id:
    :path: ".symlinks/plugins/advertising_id/ios"
  app_tracking_transparency:
    :path: ".symlinks/plugins/app_tracking_transparency/ios"
  Flutter:
    :path: Flutter

SPEC CHECKSUMS:
  advertising_id: d5de9e659986092d7ca50977dc50f4f4fcd4c30a
  app_tracking_transparency: 3d84f147f67ca82d3c15355c36b1fa6b66ca7c92
  Flutter: e0871f40cf51350855a761d2e70bf5af5b9b5de7

PODFILE CHECKSUM: 819463e6a0290f5a72f145ba7cde16e8b6ef0796

COCOAPODS: 1.16.2
