PODS:
  - Flutter (1.0.0)
  - location (0.0.1):
    - Flutter

DEPENDENCIES:
  - Flutter (from `Flutter`)
  - location (from `.symlinks/plugins/location/ios`)

EXTERNAL SOURCES:
  Flutter:
    :path: Flutter
  location:
    :path: ".symlinks/plugins/location/ios"

SPEC CHECKSUMS:
  Flutter: e0871f40cf51350855a761d2e70bf5af5b9b5de7
  location: d5cf8598915965547c3f36761ae9cc4f4e87d22e

PODFILE CHECKSUM: 819463e6a0290f5a72f145ba7cde16e8b6ef0796

COCOAPODS: 1.14.3
