
Microsoft Visual Studio Solution File, Format Version 12.00
# Visual Studio 15
VisualStudioVersion = 15.0.27703.2000
MinimumVisualStudioVersion = 10.0.40219.1
Project("{8BC9CEB8-8B4A-11D0-8D11-00A0C91BC942}") = "libjpeg-turbo-decode", "libjpeg-turbo-decode\libjpeg-turbo-decode.vcxproj", "{63B69622-A9A0-4800-A5E7-A1FA9BEDF726}"
EndProject
Global
	GlobalSection(SolutionConfigurationPlatforms) = preSolution
		Debug|x64 = Debug|x64
		Debug|x86 = Debug|x86
		Release|x64 = Release|x64
		Release|x86 = Release|x86
	EndGlobalSection
	GlobalSection(ProjectConfigurationPlatforms) = postSolution
		{63B69622-A9A0-4800-A5E7-A1FA9BEDF726}.Debug|x64.ActiveCfg = Debug|x64
		{63B69622-A9A0-4800-A5E7-A1FA9BEDF726}.Debug|x64.Build.0 = Debug|x64
		{63B69622-A9A0-4800-A5E7-A1FA9BEDF726}.Debug|x86.ActiveCfg = Debug|Win32
		{63B69622-A9A0-4800-A5E7-A1FA9BEDF726}.Debug|x86.Build.0 = Debug|Win32
		{63B69622-A9A0-4800-A5E7-A1FA9BEDF726}.Release|x64.ActiveCfg = Release|x64
		{63B69622-A9A0-4800-A5E7-A1FA9BEDF726}.Release|x64.Build.0 = Release|x64
		{63B69622-A9A0-4800-A5E7-A1FA9BEDF726}.Release|x86.ActiveCfg = Release|Win32
		{63B69622-A9A0-4800-A5E7-A1FA9BEDF726}.Release|x86.Build.0 = Release|Win32
	EndGlobalSection
	GlobalSection(SolutionProperties) = preSolution
		HideSolutionNode = FALSE
	EndGlobalSection
	GlobalSection(ExtensibilityGlobals) = postSolution
		SolutionGuid = {B7B5168A-3F89-4134-8789-9D920A3F97A3}
	EndGlobalSection
EndGlobal
