
Microsoft Visual Studio Solution File, Format Version 12.00
# Visual Studio 14
VisualStudioVersion = 14.0.25123.0
MinimumVisualStudioVersion = 10.0.40219.1
Project("{FAE04EC0-301F-11D3-BF4B-00C04F79EFBC}") = "Xamarin.Forms.Portable9", "Xamarin.Forms.Portable9\Xamarin.Forms.Portable9\Xamarin.Forms.Portable9.csproj", "{E564EC3C-6839-4344-8346-FCCEAA52BAF0}"
EndProject
Project("{FAE04EC0-301F-11D3-BF4B-00C04F79EFBC}") = "Xamarin.Forms.Portable9.Droid", "Xamarin.Forms.Portable9\Xamarin.Forms.Portable9.Droid\Xamarin.Forms.Portable9.Droid.csproj", "{11986C1A-0C8D-4B87-8F2B-FECDE92626B0}"
EndProject
Project("{FAE04EC0-301F-11D3-BF4B-00C04F79EFBC}") = "Xamarin.Forms.Portable9.iOS", "Xamarin.Forms.Portable9\Xamarin.Forms.Portable9.iOS\Xamarin.Forms.Portable9.iOS.csproj", "{3F2D900E-A539-4AF5-8A7B-F52E799E44AA}"
EndProject
Project("{FAE04EC0-301F-11D3-BF4B-00C04F79EFBC}") = "Xamarin.Forms.Portable9.UWP", "Xamarin.Forms.Portable9\Xamarin.Forms.Portable9.UWP\Xamarin.Forms.Portable9.UWP.csproj", "{913B8CC7-5257-4FAA-A505-825E64D01009}"
EndProject
Global
	GlobalSection(SolutionConfigurationPlatforms) = preSolution
		Ad-Hoc|Any CPU = Ad-Hoc|Any CPU
		Ad-Hoc|ARM = Ad-Hoc|ARM
		Ad-Hoc|iPhone = Ad-Hoc|iPhone
		Ad-Hoc|iPhoneSimulator = Ad-Hoc|iPhoneSimulator
		Ad-Hoc|x64 = Ad-Hoc|x64
		Ad-Hoc|x86 = Ad-Hoc|x86
		AppStore|Any CPU = AppStore|Any CPU
		AppStore|ARM = AppStore|ARM
		AppStore|iPhone = AppStore|iPhone
		AppStore|iPhoneSimulator = AppStore|iPhoneSimulator
		AppStore|x64 = AppStore|x64
		AppStore|x86 = AppStore|x86
		Debug|Any CPU = Debug|Any CPU
		Debug|ARM = Debug|ARM
		Debug|iPhone = Debug|iPhone
		Debug|iPhoneSimulator = Debug|iPhoneSimulator
		Debug|x64 = Debug|x64
		Debug|x86 = Debug|x86
		Release|Any CPU = Release|Any CPU
		Release|ARM = Release|ARM
		Release|iPhone = Release|iPhone
		Release|iPhoneSimulator = Release|iPhoneSimulator
		Release|x64 = Release|x64
		Release|x86 = Release|x86
	EndGlobalSection
	GlobalSection(ProjectConfigurationPlatforms) = postSolution
		{E564EC3C-6839-4344-8346-FCCEAA52BAF0}.Ad-Hoc|Any CPU.ActiveCfg = Release|Any CPU
		{E564EC3C-6839-4344-8346-FCCEAA52BAF0}.Ad-Hoc|Any CPU.Build.0 = Release|Any CPU
		{E564EC3C-6839-4344-8346-FCCEAA52BAF0}.Ad-Hoc|ARM.ActiveCfg = Release|Any CPU
		{E564EC3C-6839-4344-8346-FCCEAA52BAF0}.Ad-Hoc|ARM.Build.0 = Release|Any CPU
		{E564EC3C-6839-4344-8346-FCCEAA52BAF0}.Ad-Hoc|iPhone.ActiveCfg = Release|Any CPU
		{E564EC3C-6839-4344-8346-FCCEAA52BAF0}.Ad-Hoc|iPhone.Build.0 = Release|Any CPU
		{E564EC3C-6839-4344-8346-FCCEAA52BAF0}.Ad-Hoc|iPhoneSimulator.ActiveCfg = Release|Any CPU
		{E564EC3C-6839-4344-8346-FCCEAA52BAF0}.Ad-Hoc|iPhoneSimulator.Build.0 = Release|Any CPU
		{E564EC3C-6839-4344-8346-FCCEAA52BAF0}.Ad-Hoc|x64.ActiveCfg = Release|Any CPU
		{E564EC3C-6839-4344-8346-FCCEAA52BAF0}.Ad-Hoc|x64.Build.0 = Release|Any CPU
		{E564EC3C-6839-4344-8346-FCCEAA52BAF0}.Ad-Hoc|x86.ActiveCfg = Release|Any CPU
		{E564EC3C-6839-4344-8346-FCCEAA52BAF0}.Ad-Hoc|x86.Build.0 = Release|Any CPU
		{E564EC3C-6839-4344-8346-FCCEAA52BAF0}.AppStore|Any CPU.ActiveCfg = Release|Any CPU
		{E564EC3C-6839-4344-8346-FCCEAA52BAF0}.AppStore|Any CPU.Build.0 = Release|Any CPU
		{E564EC3C-6839-4344-8346-FCCEAA52BAF0}.AppStore|ARM.ActiveCfg = Release|Any CPU
		{E564EC3C-6839-4344-8346-FCCEAA52BAF0}.AppStore|ARM.Build.0 = Release|Any CPU
		{E564EC3C-6839-4344-8346-FCCEAA52BAF0}.AppStore|iPhone.ActiveCfg = Release|Any CPU
		{E564EC3C-6839-4344-8346-FCCEAA52BAF0}.AppStore|iPhone.Build.0 = Release|Any CPU
		{E564EC3C-6839-4344-8346-FCCEAA52BAF0}.AppStore|iPhoneSimulator.ActiveCfg = Release|Any CPU
		{E564EC3C-6839-4344-8346-FCCEAA52BAF0}.AppStore|iPhoneSimulator.Build.0 = Release|Any CPU
		{E564EC3C-6839-4344-8346-FCCEAA52BAF0}.AppStore|x64.ActiveCfg = Release|Any CPU
		{E564EC3C-6839-4344-8346-FCCEAA52BAF0}.AppStore|x64.Build.0 = Release|Any CPU
		{E564EC3C-6839-4344-8346-FCCEAA52BAF0}.AppStore|x86.ActiveCfg = Release|Any CPU
		{E564EC3C-6839-4344-8346-FCCEAA52BAF0}.AppStore|x86.Build.0 = Release|Any CPU
		{E564EC3C-6839-4344-8346-FCCEAA52BAF0}.Debug|Any CPU.ActiveCfg = Debug|Any CPU
		{E564EC3C-6839-4344-8346-FCCEAA52BAF0}.Debug|Any CPU.Build.0 = Debug|Any CPU
		{E564EC3C-6839-4344-8346-FCCEAA52BAF0}.Debug|ARM.ActiveCfg = Debug|Any CPU
		{E564EC3C-6839-4344-8346-FCCEAA52BAF0}.Debug|ARM.Build.0 = Debug|Any CPU
		{E564EC3C-6839-4344-8346-FCCEAA52BAF0}.Debug|iPhone.ActiveCfg = Debug|Any CPU
		{E564EC3C-6839-4344-8346-FCCEAA52BAF0}.Debug|iPhone.Build.0 = Debug|Any CPU
		{E564EC3C-6839-4344-8346-FCCEAA52BAF0}.Debug|iPhoneSimulator.ActiveCfg = Debug|Any CPU
		{E564EC3C-6839-4344-8346-FCCEAA52BAF0}.Debug|iPhoneSimulator.Build.0 = Debug|Any CPU
		{E564EC3C-6839-4344-8346-FCCEAA52BAF0}.Debug|x64.ActiveCfg = Debug|Any CPU
		{E564EC3C-6839-4344-8346-FCCEAA52BAF0}.Debug|x64.Build.0 = Debug|Any CPU
		{E564EC3C-6839-4344-8346-FCCEAA52BAF0}.Debug|x86.ActiveCfg = Debug|Any CPU
		{E564EC3C-6839-4344-8346-FCCEAA52BAF0}.Debug|x86.Build.0 = Debug|Any CPU
		{E564EC3C-6839-4344-8346-FCCEAA52BAF0}.Release|Any CPU.ActiveCfg = Release|Any CPU
		{E564EC3C-6839-4344-8346-FCCEAA52BAF0}.Release|Any CPU.Build.0 = Release|Any CPU
		{E564EC3C-6839-4344-8346-FCCEAA52BAF0}.Release|ARM.ActiveCfg = Release|Any CPU
		{E564EC3C-6839-4344-8346-FCCEAA52BAF0}.Release|ARM.Build.0 = Release|Any CPU
		{E564EC3C-6839-4344-8346-FCCEAA52BAF0}.Release|iPhone.ActiveCfg = Release|Any CPU
		{E564EC3C-6839-4344-8346-FCCEAA52BAF0}.Release|iPhone.Build.0 = Release|Any CPU
		{E564EC3C-6839-4344-8346-FCCEAA52BAF0}.Release|iPhoneSimulator.ActiveCfg = Release|Any CPU
		{E564EC3C-6839-4344-8346-FCCEAA52BAF0}.Release|iPhoneSimulator.Build.0 = Release|Any CPU
		{E564EC3C-6839-4344-8346-FCCEAA52BAF0}.Release|x64.ActiveCfg = Release|Any CPU
		{E564EC3C-6839-4344-8346-FCCEAA52BAF0}.Release|x64.Build.0 = Release|Any CPU
		{E564EC3C-6839-4344-8346-FCCEAA52BAF0}.Release|x86.ActiveCfg = Release|Any CPU
		{E564EC3C-6839-4344-8346-FCCEAA52BAF0}.Release|x86.Build.0 = Release|Any CPU
		{11986C1A-0C8D-4B87-8F2B-FECDE92626B0}.Ad-Hoc|Any CPU.ActiveCfg = Release|Any CPU
		{11986C1A-0C8D-4B87-8F2B-FECDE92626B0}.Ad-Hoc|Any CPU.Build.0 = Release|Any CPU
		{11986C1A-0C8D-4B87-8F2B-FECDE92626B0}.Ad-Hoc|Any CPU.Deploy.0 = Release|Any CPU
		{11986C1A-0C8D-4B87-8F2B-FECDE92626B0}.Ad-Hoc|ARM.ActiveCfg = Release|Any CPU
		{11986C1A-0C8D-4B87-8F2B-FECDE92626B0}.Ad-Hoc|ARM.Build.0 = Release|Any CPU
		{11986C1A-0C8D-4B87-8F2B-FECDE92626B0}.Ad-Hoc|ARM.Deploy.0 = Release|Any CPU
		{11986C1A-0C8D-4B87-8F2B-FECDE92626B0}.Ad-Hoc|iPhone.ActiveCfg = Release|Any CPU
		{11986C1A-0C8D-4B87-8F2B-FECDE92626B0}.Ad-Hoc|iPhone.Build.0 = Release|Any CPU
		{11986C1A-0C8D-4B87-8F2B-FECDE92626B0}.Ad-Hoc|iPhone.Deploy.0 = Release|Any CPU
		{11986C1A-0C8D-4B87-8F2B-FECDE92626B0}.Ad-Hoc|iPhoneSimulator.ActiveCfg = Release|Any CPU
		{11986C1A-0C8D-4B87-8F2B-FECDE92626B0}.Ad-Hoc|iPhoneSimulator.Build.0 = Release|Any CPU
		{11986C1A-0C8D-4B87-8F2B-FECDE92626B0}.Ad-Hoc|iPhoneSimulator.Deploy.0 = Release|Any CPU
		{11986C1A-0C8D-4B87-8F2B-FECDE92626B0}.Ad-Hoc|x64.ActiveCfg = Release|Any CPU
		{11986C1A-0C8D-4B87-8F2B-FECDE92626B0}.Ad-Hoc|x64.Build.0 = Release|Any CPU
		{11986C1A-0C8D-4B87-8F2B-FECDE92626B0}.Ad-Hoc|x64.Deploy.0 = Release|Any CPU
		{11986C1A-0C8D-4B87-8F2B-FECDE92626B0}.Ad-Hoc|x86.ActiveCfg = Release|Any CPU
		{11986C1A-0C8D-4B87-8F2B-FECDE92626B0}.Ad-Hoc|x86.Build.0 = Release|Any CPU
		{11986C1A-0C8D-4B87-8F2B-FECDE92626B0}.Ad-Hoc|x86.Deploy.0 = Release|Any CPU
		{11986C1A-0C8D-4B87-8F2B-FECDE92626B0}.AppStore|Any CPU.ActiveCfg = Release|Any CPU
		{11986C1A-0C8D-4B87-8F2B-FECDE92626B0}.AppStore|Any CPU.Build.0 = Release|Any CPU
		{11986C1A-0C8D-4B87-8F2B-FECDE92626B0}.AppStore|Any CPU.Deploy.0 = Release|Any CPU
		{11986C1A-0C8D-4B87-8F2B-FECDE92626B0}.AppStore|ARM.ActiveCfg = Release|Any CPU
		{11986C1A-0C8D-4B87-8F2B-FECDE92626B0}.AppStore|ARM.Build.0 = Release|Any CPU
		{11986C1A-0C8D-4B87-8F2B-FECDE92626B0}.AppStore|ARM.Deploy.0 = Release|Any CPU
		{11986C1A-0C8D-4B87-8F2B-FECDE92626B0}.AppStore|iPhone.ActiveCfg = Release|Any CPU
		{11986C1A-0C8D-4B87-8F2B-FECDE92626B0}.AppStore|iPhone.Build.0 = Release|Any CPU
		{11986C1A-0C8D-4B87-8F2B-FECDE92626B0}.AppStore|iPhone.Deploy.0 = Release|Any CPU
		{11986C1A-0C8D-4B87-8F2B-FECDE92626B0}.AppStore|iPhoneSimulator.ActiveCfg = Release|Any CPU
		{11986C1A-0C8D-4B87-8F2B-FECDE92626B0}.AppStore|iPhoneSimulator.Build.0 = Release|Any CPU
		{11986C1A-0C8D-4B87-8F2B-FECDE92626B0}.AppStore|iPhoneSimulator.Deploy.0 = Release|Any CPU
		{11986C1A-0C8D-4B87-8F2B-FECDE92626B0}.AppStore|x64.ActiveCfg = Release|Any CPU
		{11986C1A-0C8D-4B87-8F2B-FECDE92626B0}.AppStore|x64.Build.0 = Release|Any CPU
		{11986C1A-0C8D-4B87-8F2B-FECDE92626B0}.AppStore|x64.Deploy.0 = Release|Any CPU
		{11986C1A-0C8D-4B87-8F2B-FECDE92626B0}.AppStore|x86.ActiveCfg = Release|Any CPU
		{11986C1A-0C8D-4B87-8F2B-FECDE92626B0}.AppStore|x86.Build.0 = Release|Any CPU
		{11986C1A-0C8D-4B87-8F2B-FECDE92626B0}.AppStore|x86.Deploy.0 = Release|Any CPU
		{11986C1A-0C8D-4B87-8F2B-FECDE92626B0}.Debug|Any CPU.ActiveCfg = Debug|Any CPU
		{11986C1A-0C8D-4B87-8F2B-FECDE92626B0}.Debug|Any CPU.Build.0 = Debug|Any CPU
		{11986C1A-0C8D-4B87-8F2B-FECDE92626B0}.Debug|Any CPU.Deploy.0 = Debug|Any CPU
		{11986C1A-0C8D-4B87-8F2B-FECDE92626B0}.Debug|ARM.ActiveCfg = Debug|Any CPU
		{11986C1A-0C8D-4B87-8F2B-FECDE92626B0}.Debug|ARM.Build.0 = Debug|Any CPU
		{11986C1A-0C8D-4B87-8F2B-FECDE92626B0}.Debug|ARM.Deploy.0 = Debug|Any CPU
		{11986C1A-0C8D-4B87-8F2B-FECDE92626B0}.Debug|iPhone.ActiveCfg = Debug|Any CPU
		{11986C1A-0C8D-4B87-8F2B-FECDE92626B0}.Debug|iPhone.Build.0 = Debug|Any CPU
		{11986C1A-0C8D-4B87-8F2B-FECDE92626B0}.Debug|iPhone.Deploy.0 = Debug|Any CPU
		{11986C1A-0C8D-4B87-8F2B-FECDE92626B0}.Debug|iPhoneSimulator.ActiveCfg = Debug|Any CPU
		{11986C1A-0C8D-4B87-8F2B-FECDE92626B0}.Debug|iPhoneSimulator.Build.0 = Debug|Any CPU
		{11986C1A-0C8D-4B87-8F2B-FECDE92626B0}.Debug|iPhoneSimulator.Deploy.0 = Debug|Any CPU
		{11986C1A-0C8D-4B87-8F2B-FECDE92626B0}.Debug|x64.ActiveCfg = Debug|Any CPU
		{11986C1A-0C8D-4B87-8F2B-FECDE92626B0}.Debug|x64.Build.0 = Debug|Any CPU
		{11986C1A-0C8D-4B87-8F2B-FECDE92626B0}.Debug|x64.Deploy.0 = Debug|Any CPU
		{11986C1A-0C8D-4B87-8F2B-FECDE92626B0}.Debug|x86.ActiveCfg = Debug|Any CPU
		{11986C1A-0C8D-4B87-8F2B-FECDE92626B0}.Debug|x86.Build.0 = Debug|Any CPU
		{11986C1A-0C8D-4B87-8F2B-FECDE92626B0}.Debug|x86.Deploy.0 = Debug|Any CPU
		{11986C1A-0C8D-4B87-8F2B-FECDE92626B0}.Release|Any CPU.ActiveCfg = Release|Any CPU
		{11986C1A-0C8D-4B87-8F2B-FECDE92626B0}.Release|Any CPU.Build.0 = Release|Any CPU
		{11986C1A-0C8D-4B87-8F2B-FECDE92626B0}.Release|Any CPU.Deploy.0 = Release|Any CPU
		{11986C1A-0C8D-4B87-8F2B-FECDE92626B0}.Release|ARM.ActiveCfg = Release|Any CPU
		{11986C1A-0C8D-4B87-8F2B-FECDE92626B0}.Release|ARM.Build.0 = Release|Any CPU
		{11986C1A-0C8D-4B87-8F2B-FECDE92626B0}.Release|ARM.Deploy.0 = Release|Any CPU
		{11986C1A-0C8D-4B87-8F2B-FECDE92626B0}.Release|iPhone.ActiveCfg = Release|Any CPU
		{11986C1A-0C8D-4B87-8F2B-FECDE92626B0}.Release|iPhone.Build.0 = Release|Any CPU
		{11986C1A-0C8D-4B87-8F2B-FECDE92626B0}.Release|iPhone.Deploy.0 = Release|Any CPU
		{11986C1A-0C8D-4B87-8F2B-FECDE92626B0}.Release|iPhoneSimulator.ActiveCfg = Release|Any CPU
		{11986C1A-0C8D-4B87-8F2B-FECDE92626B0}.Release|iPhoneSimulator.Build.0 = Release|Any CPU
		{11986C1A-0C8D-4B87-8F2B-FECDE92626B0}.Release|iPhoneSimulator.Deploy.0 = Release|Any CPU
		{11986C1A-0C8D-4B87-8F2B-FECDE92626B0}.Release|x64.ActiveCfg = Release|Any CPU
		{11986C1A-0C8D-4B87-8F2B-FECDE92626B0}.Release|x64.Build.0 = Release|Any CPU
		{11986C1A-0C8D-4B87-8F2B-FECDE92626B0}.Release|x64.Deploy.0 = Release|Any CPU
		{11986C1A-0C8D-4B87-8F2B-FECDE92626B0}.Release|x86.ActiveCfg = Release|Any CPU
		{11986C1A-0C8D-4B87-8F2B-FECDE92626B0}.Release|x86.Build.0 = Release|Any CPU
		{11986C1A-0C8D-4B87-8F2B-FECDE92626B0}.Release|x86.Deploy.0 = Release|Any CPU
		{3F2D900E-A539-4AF5-8A7B-F52E799E44AA}.Ad-Hoc|Any CPU.ActiveCfg = Ad-Hoc|iPhone
		{3F2D900E-A539-4AF5-8A7B-F52E799E44AA}.Ad-Hoc|ARM.ActiveCfg = Ad-Hoc|iPhone
		{3F2D900E-A539-4AF5-8A7B-F52E799E44AA}.Ad-Hoc|iPhone.ActiveCfg = Ad-Hoc|iPhone
		{3F2D900E-A539-4AF5-8A7B-F52E799E44AA}.Ad-Hoc|iPhone.Build.0 = Ad-Hoc|iPhone
		{3F2D900E-A539-4AF5-8A7B-F52E799E44AA}.Ad-Hoc|iPhoneSimulator.ActiveCfg = Ad-Hoc|iPhoneSimulator
		{3F2D900E-A539-4AF5-8A7B-F52E799E44AA}.Ad-Hoc|iPhoneSimulator.Build.0 = Ad-Hoc|iPhoneSimulator
		{3F2D900E-A539-4AF5-8A7B-F52E799E44AA}.Ad-Hoc|x64.ActiveCfg = Ad-Hoc|iPhone
		{3F2D900E-A539-4AF5-8A7B-F52E799E44AA}.Ad-Hoc|x86.ActiveCfg = Ad-Hoc|iPhone
		{3F2D900E-A539-4AF5-8A7B-F52E799E44AA}.AppStore|Any CPU.ActiveCfg = AppStore|iPhone
		{3F2D900E-A539-4AF5-8A7B-F52E799E44AA}.AppStore|ARM.ActiveCfg = AppStore|iPhone
		{3F2D900E-A539-4AF5-8A7B-F52E799E44AA}.AppStore|iPhone.ActiveCfg = AppStore|iPhone
		{3F2D900E-A539-4AF5-8A7B-F52E799E44AA}.AppStore|iPhone.Build.0 = AppStore|iPhone
		{3F2D900E-A539-4AF5-8A7B-F52E799E44AA}.AppStore|iPhoneSimulator.ActiveCfg = AppStore|iPhoneSimulator
		{3F2D900E-A539-4AF5-8A7B-F52E799E44AA}.AppStore|iPhoneSimulator.Build.0 = AppStore|iPhoneSimulator
		{3F2D900E-A539-4AF5-8A7B-F52E799E44AA}.AppStore|x64.ActiveCfg = AppStore|iPhone
		{3F2D900E-A539-4AF5-8A7B-F52E799E44AA}.AppStore|x86.ActiveCfg = AppStore|iPhone
		{3F2D900E-A539-4AF5-8A7B-F52E799E44AA}.Debug|Any CPU.ActiveCfg = Debug|iPhone
		{3F2D900E-A539-4AF5-8A7B-F52E799E44AA}.Debug|ARM.ActiveCfg = Debug|iPhone
		{3F2D900E-A539-4AF5-8A7B-F52E799E44AA}.Debug|iPhone.ActiveCfg = Debug|iPhone
		{3F2D900E-A539-4AF5-8A7B-F52E799E44AA}.Debug|iPhone.Build.0 = Debug|iPhone
		{3F2D900E-A539-4AF5-8A7B-F52E799E44AA}.Debug|iPhoneSimulator.ActiveCfg = Debug|iPhoneSimulator
		{3F2D900E-A539-4AF5-8A7B-F52E799E44AA}.Debug|iPhoneSimulator.Build.0 = Debug|iPhoneSimulator
		{3F2D900E-A539-4AF5-8A7B-F52E799E44AA}.Debug|x64.ActiveCfg = Debug|iPhone
		{3F2D900E-A539-4AF5-8A7B-F52E799E44AA}.Debug|x86.ActiveCfg = Debug|iPhone
		{3F2D900E-A539-4AF5-8A7B-F52E799E44AA}.Release|Any CPU.ActiveCfg = Release|iPhone
		{3F2D900E-A539-4AF5-8A7B-F52E799E44AA}.Release|ARM.ActiveCfg = Release|iPhone
		{3F2D900E-A539-4AF5-8A7B-F52E799E44AA}.Release|iPhone.ActiveCfg = Release|iPhone
		{3F2D900E-A539-4AF5-8A7B-F52E799E44AA}.Release|iPhone.Build.0 = Release|iPhone
		{3F2D900E-A539-4AF5-8A7B-F52E799E44AA}.Release|iPhoneSimulator.ActiveCfg = Release|iPhoneSimulator
		{3F2D900E-A539-4AF5-8A7B-F52E799E44AA}.Release|iPhoneSimulator.Build.0 = Release|iPhoneSimulator
		{3F2D900E-A539-4AF5-8A7B-F52E799E44AA}.Release|x64.ActiveCfg = Release|iPhone
		{3F2D900E-A539-4AF5-8A7B-F52E799E44AA}.Release|x86.ActiveCfg = Release|iPhone
		{913B8CC7-5257-4FAA-A505-825E64D01009}.Ad-Hoc|Any CPU.ActiveCfg = Release|x86
		{913B8CC7-5257-4FAA-A505-825E64D01009}.Ad-Hoc|Any CPU.Build.0 = Release|x86
		{913B8CC7-5257-4FAA-A505-825E64D01009}.Ad-Hoc|Any CPU.Deploy.0 = Release|x86
		{913B8CC7-5257-4FAA-A505-825E64D01009}.Ad-Hoc|ARM.ActiveCfg = Release|ARM
		{913B8CC7-5257-4FAA-A505-825E64D01009}.Ad-Hoc|ARM.Build.0 = Release|ARM
		{913B8CC7-5257-4FAA-A505-825E64D01009}.Ad-Hoc|ARM.Deploy.0 = Release|ARM
		{913B8CC7-5257-4FAA-A505-825E64D01009}.Ad-Hoc|iPhone.ActiveCfg = Release|x86
		{913B8CC7-5257-4FAA-A505-825E64D01009}.Ad-Hoc|iPhone.Build.0 = Release|x86
		{913B8CC7-5257-4FAA-A505-825E64D01009}.Ad-Hoc|iPhone.Deploy.0 = Release|x86
		{913B8CC7-5257-4FAA-A505-825E64D01009}.Ad-Hoc|iPhoneSimulator.ActiveCfg = Release|x86
		{913B8CC7-5257-4FAA-A505-825E64D01009}.Ad-Hoc|iPhoneSimulator.Build.0 = Release|x86
		{913B8CC7-5257-4FAA-A505-825E64D01009}.Ad-Hoc|iPhoneSimulator.Deploy.0 = Release|x86
		{913B8CC7-5257-4FAA-A505-825E64D01009}.Ad-Hoc|x64.ActiveCfg = Release|x64
		{913B8CC7-5257-4FAA-A505-825E64D01009}.Ad-Hoc|x64.Build.0 = Release|x64
		{913B8CC7-5257-4FAA-A505-825E64D01009}.Ad-Hoc|x64.Deploy.0 = Release|x64
		{913B8CC7-5257-4FAA-A505-825E64D01009}.Ad-Hoc|x86.ActiveCfg = Release|x86
		{913B8CC7-5257-4FAA-A505-825E64D01009}.Ad-Hoc|x86.Build.0 = Release|x86
		{913B8CC7-5257-4FAA-A505-825E64D01009}.Ad-Hoc|x86.Deploy.0 = Release|x86
		{913B8CC7-5257-4FAA-A505-825E64D01009}.AppStore|Any CPU.ActiveCfg = Release|x86
		{913B8CC7-5257-4FAA-A505-825E64D01009}.AppStore|Any CPU.Build.0 = Release|x86
		{913B8CC7-5257-4FAA-A505-825E64D01009}.AppStore|Any CPU.Deploy.0 = Release|x86
		{913B8CC7-5257-4FAA-A505-825E64D01009}.AppStore|ARM.ActiveCfg = Release|ARM
		{913B8CC7-5257-4FAA-A505-825E64D01009}.AppStore|ARM.Build.0 = Release|ARM
		{913B8CC7-5257-4FAA-A505-825E64D01009}.AppStore|ARM.Deploy.0 = Release|ARM
		{913B8CC7-5257-4FAA-A505-825E64D01009}.AppStore|iPhone.ActiveCfg = Release|x86
		{913B8CC7-5257-4FAA-A505-825E64D01009}.AppStore|iPhone.Build.0 = Release|x86
		{913B8CC7-5257-4FAA-A505-825E64D01009}.AppStore|iPhone.Deploy.0 = Release|x86
		{913B8CC7-5257-4FAA-A505-825E64D01009}.AppStore|iPhoneSimulator.ActiveCfg = Release|x86
		{913B8CC7-5257-4FAA-A505-825E64D01009}.AppStore|iPhoneSimulator.Build.0 = Release|x86
		{913B8CC7-5257-4FAA-A505-825E64D01009}.AppStore|iPhoneSimulator.Deploy.0 = Release|x86
		{913B8CC7-5257-4FAA-A505-825E64D01009}.AppStore|x64.ActiveCfg = Release|x64
		{913B8CC7-5257-4FAA-A505-825E64D01009}.AppStore|x64.Build.0 = Release|x64
		{913B8CC7-5257-4FAA-A505-825E64D01009}.AppStore|x64.Deploy.0 = Release|x64
		{913B8CC7-5257-4FAA-A505-825E64D01009}.AppStore|x86.ActiveCfg = Release|x86
		{913B8CC7-5257-4FAA-A505-825E64D01009}.AppStore|x86.Build.0 = Release|x86
		{913B8CC7-5257-4FAA-A505-825E64D01009}.AppStore|x86.Deploy.0 = Release|x86
		{913B8CC7-5257-4FAA-A505-825E64D01009}.Debug|Any CPU.ActiveCfg = Debug|x86
		{913B8CC7-5257-4FAA-A505-825E64D01009}.Debug|ARM.ActiveCfg = Debug|ARM
		{913B8CC7-5257-4FAA-A505-825E64D01009}.Debug|ARM.Build.0 = Debug|ARM
		{913B8CC7-5257-4FAA-A505-825E64D01009}.Debug|ARM.Deploy.0 = Debug|ARM
		{913B8CC7-5257-4FAA-A505-825E64D01009}.Debug|iPhone.ActiveCfg = Debug|x86
		{913B8CC7-5257-4FAA-A505-825E64D01009}.Debug|iPhoneSimulator.ActiveCfg = Debug|x86
		{913B8CC7-5257-4FAA-A505-825E64D01009}.Debug|x64.ActiveCfg = Debug|x64
		{913B8CC7-5257-4FAA-A505-825E64D01009}.Debug|x64.Build.0 = Debug|x64
		{913B8CC7-5257-4FAA-A505-825E64D01009}.Debug|x64.Deploy.0 = Debug|x64
		{913B8CC7-5257-4FAA-A505-825E64D01009}.Debug|x86.ActiveCfg = Debug|x86
		{913B8CC7-5257-4FAA-A505-825E64D01009}.Debug|x86.Build.0 = Debug|x86
		{913B8CC7-5257-4FAA-A505-825E64D01009}.Debug|x86.Deploy.0 = Debug|x86
		{913B8CC7-5257-4FAA-A505-825E64D01009}.Release|Any CPU.ActiveCfg = Release|x86
		{913B8CC7-5257-4FAA-A505-825E64D01009}.Release|ARM.ActiveCfg = Release|ARM
		{913B8CC7-5257-4FAA-A505-825E64D01009}.Release|ARM.Build.0 = Release|ARM
		{913B8CC7-5257-4FAA-A505-825E64D01009}.Release|ARM.Deploy.0 = Release|ARM
		{913B8CC7-5257-4FAA-A505-825E64D01009}.Release|iPhone.ActiveCfg = Release|x86
		{913B8CC7-5257-4FAA-A505-825E64D01009}.Release|iPhoneSimulator.ActiveCfg = Release|x86
		{913B8CC7-5257-4FAA-A505-825E64D01009}.Release|x64.ActiveCfg = Release|x64
		{913B8CC7-5257-4FAA-A505-825E64D01009}.Release|x64.Build.0 = Release|x64
		{913B8CC7-5257-4FAA-A505-825E64D01009}.Release|x64.Deploy.0 = Release|x64
		{913B8CC7-5257-4FAA-A505-825E64D01009}.Release|x86.ActiveCfg = Release|x86
		{913B8CC7-5257-4FAA-A505-825E64D01009}.Release|x86.Build.0 = Release|x86
		{913B8CC7-5257-4FAA-A505-825E64D01009}.Release|x86.Deploy.0 = Release|x86
	EndGlobalSection
	GlobalSection(SolutionProperties) = preSolution
		HideSolutionNode = FALSE
	EndGlobalSection
EndGlobal
