
Microsoft Visual Studio Solution File, Format Version 12.00
# Visual Studio Version 17
VisualStudioVersion = 17.7.34003.232
MinimumVisualStudioVersion = 10.0.40219.1
Project("{2150E333-8FDC-42A3-9474-1A3956D46DE8}") = "sources", "sources", "{3AECB624-ED4E-4541-A11B-457EE9BC0473}"
EndProject
Project("{9A19103F-16F7-4668-BE54-9A1E7A4F7556}") = "Demo", "sources\Demo.csproj", "{B5F15D3B-7FDC-464C-ABCC-655E6CC2426D}"
EndProject
Global
	GlobalSection(SolutionConfigurationPlatforms) = preSolution
		Debug|Any CPU = Debug|Any CPU
		Release|Any CPU = Release|Any CPU
	EndGlobalSection
	GlobalSection(ProjectConfigurationPlatforms) = postSolution
		{B5F15D3B-7FDC-464C-ABCC-655E6CC2426D}.Debug|Any CPU.ActiveCfg = Debug|Any CPU
		{B5F15D3B-7FDC-464C-ABCC-655E6CC2426D}.Debug|Any CPU.Build.0 = Debug|Any CPU
		{B5F15D3B-7FDC-464C-ABCC-655E6CC2426D}.Debug|Any CPU.Deploy.0 = Debug|Any CPU
		{B5F15D3B-7FDC-464C-ABCC-655E6CC2426D}.Release|Any CPU.ActiveCfg = Release|Any CPU
		{B5F15D3B-7FDC-464C-ABCC-655E6CC2426D}.Release|Any CPU.Build.0 = Release|Any CPU
	EndGlobalSection
	GlobalSection(SolutionProperties) = preSolution
		HideSolutionNode = FALSE
	EndGlobalSection
	GlobalSection(NestedProjects) = preSolution
		{B5F15D3B-7FDC-464C-ABCC-655E6CC2426D} = {3AECB624-ED4E-4541-A11B-457EE9BC0473}
	EndGlobalSection
	GlobalSection(ExtensibilityGlobals) = postSolution
		SolutionGuid = {61F7FB11-1E47-470C-91E2-47F8143E1572}
	EndGlobalSection
EndGlobal
