
Microsoft Visual Studio Solution File, Format Version 12.00
# Visual Studio 14
VisualStudioVersion = 14.0.25123.0
MinimumVisualStudioVersion = 10.0.40219.1
Project("{FAE04EC0-301F-11D3-BF4B-00C04F79EFBC}") = "Xamarin.Forms.Portable2.Droid", "Xamarin.Forms.Portable2\Xamarin.Forms.Portable2.Droid\Xamarin.Forms.Portable2.Droid.csproj", "{7C157047-FB17-4338-A2E6-FF1EBA25BD9D}"
EndProject
Project("{FAE04EC0-301F-11D3-BF4B-00C04F79EFBC}") = "Xamarin.Forms.Portable2.iOS", "Xamarin.Forms.Portable2\Xamarin.Forms.Portable2.iOS\Xamarin.Forms.Portable2.iOS.csproj", "{6DC8B18C-B61D-4B4A-9C27-D177A9E88991}"
EndProject
Project("{FAE04EC0-301F-11D3-BF4B-00C04F79EFBC}") = "Xamarin.Forms.Portable2.UWP", "Xamarin.Forms.Portable2\Xamarin.Forms.Portable2.UWP\Xamarin.Forms.Portable2.UWP.csproj", "{91BB10BD-21AE-4BC7-862D-633AF2FC360E}"
EndProject
Project("{FAE04EC0-301F-11D3-BF4B-00C04F79EFBC}") = "Xamarin.Forms.Portable2.Windows", "Xamarin.Forms.Portable2\Xamarin.Forms.Portable2.Windows\Xamarin.Forms.Portable2.Windows.csproj", "{9DAA6758-54BD-4D34-A2D0-5E2A32279D43}"
EndProject
Project("{FAE04EC0-301F-11D3-BF4B-00C04F79EFBC}") = "Xamarin.Forms.Portable2", "Xamarin.Forms.Portable2\Xamarin.Forms.Portable2\Xamarin.Forms.Portable2.csproj", "{57B91554-7FFD-4939-B840-6BB1431B5CAE}"
EndProject
Global
	GlobalSection(SolutionConfigurationPlatforms) = preSolution
		Ad-Hoc|Any CPU = Ad-Hoc|Any CPU
		Ad-Hoc|ARM = Ad-Hoc|ARM
		Ad-Hoc|iPhone = Ad-Hoc|iPhone
		Ad-Hoc|iPhoneSimulator = Ad-Hoc|iPhoneSimulator
		Ad-Hoc|x64 = Ad-Hoc|x64
		Ad-Hoc|x86 = Ad-Hoc|x86
		AppStore|Any CPU = AppStore|Any CPU
		AppStore|ARM = AppStore|ARM
		AppStore|iPhone = AppStore|iPhone
		AppStore|iPhoneSimulator = AppStore|iPhoneSimulator
		AppStore|x64 = AppStore|x64
		AppStore|x86 = AppStore|x86
		Debug|Any CPU = Debug|Any CPU
		Debug|ARM = Debug|ARM
		Debug|iPhone = Debug|iPhone
		Debug|iPhoneSimulator = Debug|iPhoneSimulator
		Debug|x64 = Debug|x64
		Debug|x86 = Debug|x86
		Release|Any CPU = Release|Any CPU
		Release|ARM = Release|ARM
		Release|iPhone = Release|iPhone
		Release|iPhoneSimulator = Release|iPhoneSimulator
		Release|x64 = Release|x64
		Release|x86 = Release|x86
	EndGlobalSection
	GlobalSection(ProjectConfigurationPlatforms) = postSolution
		{7C157047-FB17-4338-A2E6-FF1EBA25BD9D}.Ad-Hoc|Any CPU.ActiveCfg = Release|Any CPU
		{7C157047-FB17-4338-A2E6-FF1EBA25BD9D}.Ad-Hoc|Any CPU.Build.0 = Release|Any CPU
		{7C157047-FB17-4338-A2E6-FF1EBA25BD9D}.Ad-Hoc|Any CPU.Deploy.0 = Release|Any CPU
		{7C157047-FB17-4338-A2E6-FF1EBA25BD9D}.Ad-Hoc|ARM.ActiveCfg = Release|Any CPU
		{7C157047-FB17-4338-A2E6-FF1EBA25BD9D}.Ad-Hoc|ARM.Build.0 = Release|Any CPU
		{7C157047-FB17-4338-A2E6-FF1EBA25BD9D}.Ad-Hoc|ARM.Deploy.0 = Release|Any CPU
		{7C157047-FB17-4338-A2E6-FF1EBA25BD9D}.Ad-Hoc|iPhone.ActiveCfg = Release|Any CPU
		{7C157047-FB17-4338-A2E6-FF1EBA25BD9D}.Ad-Hoc|iPhone.Build.0 = Release|Any CPU
		{7C157047-FB17-4338-A2E6-FF1EBA25BD9D}.Ad-Hoc|iPhone.Deploy.0 = Release|Any CPU
		{7C157047-FB17-4338-A2E6-FF1EBA25BD9D}.Ad-Hoc|iPhoneSimulator.ActiveCfg = Release|Any CPU
		{7C157047-FB17-4338-A2E6-FF1EBA25BD9D}.Ad-Hoc|iPhoneSimulator.Build.0 = Release|Any CPU
		{7C157047-FB17-4338-A2E6-FF1EBA25BD9D}.Ad-Hoc|iPhoneSimulator.Deploy.0 = Release|Any CPU
		{7C157047-FB17-4338-A2E6-FF1EBA25BD9D}.Ad-Hoc|x64.ActiveCfg = Release|Any CPU
		{7C157047-FB17-4338-A2E6-FF1EBA25BD9D}.Ad-Hoc|x64.Build.0 = Release|Any CPU
		{7C157047-FB17-4338-A2E6-FF1EBA25BD9D}.Ad-Hoc|x64.Deploy.0 = Release|Any CPU
		{7C157047-FB17-4338-A2E6-FF1EBA25BD9D}.Ad-Hoc|x86.ActiveCfg = Release|Any CPU
		{7C157047-FB17-4338-A2E6-FF1EBA25BD9D}.Ad-Hoc|x86.Build.0 = Release|Any CPU
		{7C157047-FB17-4338-A2E6-FF1EBA25BD9D}.Ad-Hoc|x86.Deploy.0 = Release|Any CPU
		{7C157047-FB17-4338-A2E6-FF1EBA25BD9D}.AppStore|Any CPU.ActiveCfg = Release|Any CPU
		{7C157047-FB17-4338-A2E6-FF1EBA25BD9D}.AppStore|Any CPU.Build.0 = Release|Any CPU
		{7C157047-FB17-4338-A2E6-FF1EBA25BD9D}.AppStore|Any CPU.Deploy.0 = Release|Any CPU
		{7C157047-FB17-4338-A2E6-FF1EBA25BD9D}.AppStore|ARM.ActiveCfg = Release|Any CPU
		{7C157047-FB17-4338-A2E6-FF1EBA25BD9D}.AppStore|ARM.Build.0 = Release|Any CPU
		{7C157047-FB17-4338-A2E6-FF1EBA25BD9D}.AppStore|ARM.Deploy.0 = Release|Any CPU
		{7C157047-FB17-4338-A2E6-FF1EBA25BD9D}.AppStore|iPhone.ActiveCfg = Release|Any CPU
		{7C157047-FB17-4338-A2E6-FF1EBA25BD9D}.AppStore|iPhone.Build.0 = Release|Any CPU
		{7C157047-FB17-4338-A2E6-FF1EBA25BD9D}.AppStore|iPhone.Deploy.0 = Release|Any CPU
		{7C157047-FB17-4338-A2E6-FF1EBA25BD9D}.AppStore|iPhoneSimulator.ActiveCfg = Release|Any CPU
		{7C157047-FB17-4338-A2E6-FF1EBA25BD9D}.AppStore|iPhoneSimulator.Build.0 = Release|Any CPU
		{7C157047-FB17-4338-A2E6-FF1EBA25BD9D}.AppStore|iPhoneSimulator.Deploy.0 = Release|Any CPU
		{7C157047-FB17-4338-A2E6-FF1EBA25BD9D}.AppStore|x64.ActiveCfg = Release|Any CPU
		{7C157047-FB17-4338-A2E6-FF1EBA25BD9D}.AppStore|x64.Build.0 = Release|Any CPU
		{7C157047-FB17-4338-A2E6-FF1EBA25BD9D}.AppStore|x64.Deploy.0 = Release|Any CPU
		{7C157047-FB17-4338-A2E6-FF1EBA25BD9D}.AppStore|x86.ActiveCfg = Release|Any CPU
		{7C157047-FB17-4338-A2E6-FF1EBA25BD9D}.AppStore|x86.Build.0 = Release|Any CPU
		{7C157047-FB17-4338-A2E6-FF1EBA25BD9D}.AppStore|x86.Deploy.0 = Release|Any CPU
		{7C157047-FB17-4338-A2E6-FF1EBA25BD9D}.Debug|Any CPU.ActiveCfg = Debug|Any CPU
		{7C157047-FB17-4338-A2E6-FF1EBA25BD9D}.Debug|Any CPU.Build.0 = Debug|Any CPU
		{7C157047-FB17-4338-A2E6-FF1EBA25BD9D}.Debug|Any CPU.Deploy.0 = Debug|Any CPU
		{7C157047-FB17-4338-A2E6-FF1EBA25BD9D}.Debug|ARM.ActiveCfg = Debug|Any CPU
		{7C157047-FB17-4338-A2E6-FF1EBA25BD9D}.Debug|ARM.Build.0 = Debug|Any CPU
		{7C157047-FB17-4338-A2E6-FF1EBA25BD9D}.Debug|ARM.Deploy.0 = Debug|Any CPU
		{7C157047-FB17-4338-A2E6-FF1EBA25BD9D}.Debug|iPhone.ActiveCfg = Debug|Any CPU
		{7C157047-FB17-4338-A2E6-FF1EBA25BD9D}.Debug|iPhone.Build.0 = Debug|Any CPU
		{7C157047-FB17-4338-A2E6-FF1EBA25BD9D}.Debug|iPhone.Deploy.0 = Debug|Any CPU
		{7C157047-FB17-4338-A2E6-FF1EBA25BD9D}.Debug|iPhoneSimulator.ActiveCfg = Debug|Any CPU
		{7C157047-FB17-4338-A2E6-FF1EBA25BD9D}.Debug|iPhoneSimulator.Build.0 = Debug|Any CPU
		{7C157047-FB17-4338-A2E6-FF1EBA25BD9D}.Debug|iPhoneSimulator.Deploy.0 = Debug|Any CPU
		{7C157047-FB17-4338-A2E6-FF1EBA25BD9D}.Debug|x64.ActiveCfg = Debug|Any CPU
		{7C157047-FB17-4338-A2E6-FF1EBA25BD9D}.Debug|x64.Build.0 = Debug|Any CPU
		{7C157047-FB17-4338-A2E6-FF1EBA25BD9D}.Debug|x64.Deploy.0 = Debug|Any CPU
		{7C157047-FB17-4338-A2E6-FF1EBA25BD9D}.Debug|x86.ActiveCfg = Debug|Any CPU
		{7C157047-FB17-4338-A2E6-FF1EBA25BD9D}.Debug|x86.Build.0 = Debug|Any CPU
		{7C157047-FB17-4338-A2E6-FF1EBA25BD9D}.Debug|x86.Deploy.0 = Debug|Any CPU
		{7C157047-FB17-4338-A2E6-FF1EBA25BD9D}.Release|Any CPU.ActiveCfg = Release|Any CPU
		{7C157047-FB17-4338-A2E6-FF1EBA25BD9D}.Release|Any CPU.Build.0 = Release|Any CPU
		{7C157047-FB17-4338-A2E6-FF1EBA25BD9D}.Release|Any CPU.Deploy.0 = Release|Any CPU
		{7C157047-FB17-4338-A2E6-FF1EBA25BD9D}.Release|ARM.ActiveCfg = Release|Any CPU
		{7C157047-FB17-4338-A2E6-FF1EBA25BD9D}.Release|ARM.Build.0 = Release|Any CPU
		{7C157047-FB17-4338-A2E6-FF1EBA25BD9D}.Release|ARM.Deploy.0 = Release|Any CPU
		{7C157047-FB17-4338-A2E6-FF1EBA25BD9D}.Release|iPhone.ActiveCfg = Release|Any CPU
		{7C157047-FB17-4338-A2E6-FF1EBA25BD9D}.Release|iPhone.Build.0 = Release|Any CPU
		{7C157047-FB17-4338-A2E6-FF1EBA25BD9D}.Release|iPhone.Deploy.0 = Release|Any CPU
		{7C157047-FB17-4338-A2E6-FF1EBA25BD9D}.Release|iPhoneSimulator.ActiveCfg = Release|Any CPU
		{7C157047-FB17-4338-A2E6-FF1EBA25BD9D}.Release|iPhoneSimulator.Build.0 = Release|Any CPU
		{7C157047-FB17-4338-A2E6-FF1EBA25BD9D}.Release|iPhoneSimulator.Deploy.0 = Release|Any CPU
		{7C157047-FB17-4338-A2E6-FF1EBA25BD9D}.Release|x64.ActiveCfg = Release|Any CPU
		{7C157047-FB17-4338-A2E6-FF1EBA25BD9D}.Release|x64.Build.0 = Release|Any CPU
		{7C157047-FB17-4338-A2E6-FF1EBA25BD9D}.Release|x64.Deploy.0 = Release|Any CPU
		{7C157047-FB17-4338-A2E6-FF1EBA25BD9D}.Release|x86.ActiveCfg = Release|Any CPU
		{7C157047-FB17-4338-A2E6-FF1EBA25BD9D}.Release|x86.Build.0 = Release|Any CPU
		{7C157047-FB17-4338-A2E6-FF1EBA25BD9D}.Release|x86.Deploy.0 = Release|Any CPU
		{6DC8B18C-B61D-4B4A-9C27-D177A9E88991}.Ad-Hoc|Any CPU.ActiveCfg = Ad-Hoc|iPhone
		{6DC8B18C-B61D-4B4A-9C27-D177A9E88991}.Ad-Hoc|ARM.ActiveCfg = Ad-Hoc|iPhone
		{6DC8B18C-B61D-4B4A-9C27-D177A9E88991}.Ad-Hoc|iPhone.ActiveCfg = Ad-Hoc|iPhone
		{6DC8B18C-B61D-4B4A-9C27-D177A9E88991}.Ad-Hoc|iPhone.Build.0 = Ad-Hoc|iPhone
		{6DC8B18C-B61D-4B4A-9C27-D177A9E88991}.Ad-Hoc|iPhoneSimulator.ActiveCfg = Ad-Hoc|iPhoneSimulator
		{6DC8B18C-B61D-4B4A-9C27-D177A9E88991}.Ad-Hoc|iPhoneSimulator.Build.0 = Ad-Hoc|iPhoneSimulator
		{6DC8B18C-B61D-4B4A-9C27-D177A9E88991}.Ad-Hoc|x64.ActiveCfg = Ad-Hoc|iPhone
		{6DC8B18C-B61D-4B4A-9C27-D177A9E88991}.Ad-Hoc|x86.ActiveCfg = Ad-Hoc|iPhone
		{6DC8B18C-B61D-4B4A-9C27-D177A9E88991}.AppStore|Any CPU.ActiveCfg = AppStore|iPhone
		{6DC8B18C-B61D-4B4A-9C27-D177A9E88991}.AppStore|ARM.ActiveCfg = AppStore|iPhone
		{6DC8B18C-B61D-4B4A-9C27-D177A9E88991}.AppStore|iPhone.ActiveCfg = AppStore|iPhone
		{6DC8B18C-B61D-4B4A-9C27-D177A9E88991}.AppStore|iPhone.Build.0 = AppStore|iPhone
		{6DC8B18C-B61D-4B4A-9C27-D177A9E88991}.AppStore|iPhoneSimulator.ActiveCfg = AppStore|iPhoneSimulator
		{6DC8B18C-B61D-4B4A-9C27-D177A9E88991}.AppStore|iPhoneSimulator.Build.0 = AppStore|iPhoneSimulator
		{6DC8B18C-B61D-4B4A-9C27-D177A9E88991}.AppStore|x64.ActiveCfg = AppStore|iPhone
		{6DC8B18C-B61D-4B4A-9C27-D177A9E88991}.AppStore|x86.ActiveCfg = AppStore|iPhone
		{6DC8B18C-B61D-4B4A-9C27-D177A9E88991}.Debug|Any CPU.ActiveCfg = Debug|iPhone
		{6DC8B18C-B61D-4B4A-9C27-D177A9E88991}.Debug|ARM.ActiveCfg = Debug|iPhone
		{6DC8B18C-B61D-4B4A-9C27-D177A9E88991}.Debug|iPhone.ActiveCfg = Debug|iPhone
		{6DC8B18C-B61D-4B4A-9C27-D177A9E88991}.Debug|iPhone.Build.0 = Debug|iPhone
		{6DC8B18C-B61D-4B4A-9C27-D177A9E88991}.Debug|iPhoneSimulator.ActiveCfg = Debug|iPhoneSimulator
		{6DC8B18C-B61D-4B4A-9C27-D177A9E88991}.Debug|iPhoneSimulator.Build.0 = Debug|iPhoneSimulator
		{6DC8B18C-B61D-4B4A-9C27-D177A9E88991}.Debug|x64.ActiveCfg = Debug|iPhone
		{6DC8B18C-B61D-4B4A-9C27-D177A9E88991}.Debug|x86.ActiveCfg = Debug|iPhone
		{6DC8B18C-B61D-4B4A-9C27-D177A9E88991}.Release|Any CPU.ActiveCfg = Release|iPhone
		{6DC8B18C-B61D-4B4A-9C27-D177A9E88991}.Release|ARM.ActiveCfg = Release|iPhone
		{6DC8B18C-B61D-4B4A-9C27-D177A9E88991}.Release|iPhone.ActiveCfg = Release|iPhone
		{6DC8B18C-B61D-4B4A-9C27-D177A9E88991}.Release|iPhone.Build.0 = Release|iPhone
		{6DC8B18C-B61D-4B4A-9C27-D177A9E88991}.Release|iPhoneSimulator.ActiveCfg = Release|iPhoneSimulator
		{6DC8B18C-B61D-4B4A-9C27-D177A9E88991}.Release|iPhoneSimulator.Build.0 = Release|iPhoneSimulator
		{6DC8B18C-B61D-4B4A-9C27-D177A9E88991}.Release|x64.ActiveCfg = Release|iPhone
		{6DC8B18C-B61D-4B4A-9C27-D177A9E88991}.Release|x86.ActiveCfg = Release|iPhone
		{91BB10BD-21AE-4BC7-862D-633AF2FC360E}.Ad-Hoc|Any CPU.ActiveCfg = Release|x86
		{91BB10BD-21AE-4BC7-862D-633AF2FC360E}.Ad-Hoc|Any CPU.Build.0 = Release|x86
		{91BB10BD-21AE-4BC7-862D-633AF2FC360E}.Ad-Hoc|Any CPU.Deploy.0 = Release|x86
		{91BB10BD-21AE-4BC7-862D-633AF2FC360E}.Ad-Hoc|ARM.ActiveCfg = Release|ARM
		{91BB10BD-21AE-4BC7-862D-633AF2FC360E}.Ad-Hoc|ARM.Build.0 = Release|ARM
		{91BB10BD-21AE-4BC7-862D-633AF2FC360E}.Ad-Hoc|ARM.Deploy.0 = Release|ARM
		{91BB10BD-21AE-4BC7-862D-633AF2FC360E}.Ad-Hoc|iPhone.ActiveCfg = Release|x86
		{91BB10BD-21AE-4BC7-862D-633AF2FC360E}.Ad-Hoc|iPhone.Build.0 = Release|x86
		{91BB10BD-21AE-4BC7-862D-633AF2FC360E}.Ad-Hoc|iPhone.Deploy.0 = Release|x86
		{91BB10BD-21AE-4BC7-862D-633AF2FC360E}.Ad-Hoc|iPhoneSimulator.ActiveCfg = Release|x86
		{91BB10BD-21AE-4BC7-862D-633AF2FC360E}.Ad-Hoc|iPhoneSimulator.Build.0 = Release|x86
		{91BB10BD-21AE-4BC7-862D-633AF2FC360E}.Ad-Hoc|iPhoneSimulator.Deploy.0 = Release|x86
		{91BB10BD-21AE-4BC7-862D-633AF2FC360E}.Ad-Hoc|x64.ActiveCfg = Release|x64
		{91BB10BD-21AE-4BC7-862D-633AF2FC360E}.Ad-Hoc|x64.Build.0 = Release|x64
		{91BB10BD-21AE-4BC7-862D-633AF2FC360E}.Ad-Hoc|x64.Deploy.0 = Release|x64
		{91BB10BD-21AE-4BC7-862D-633AF2FC360E}.Ad-Hoc|x86.ActiveCfg = Release|x86
		{91BB10BD-21AE-4BC7-862D-633AF2FC360E}.Ad-Hoc|x86.Build.0 = Release|x86
		{91BB10BD-21AE-4BC7-862D-633AF2FC360E}.Ad-Hoc|x86.Deploy.0 = Release|x86
		{91BB10BD-21AE-4BC7-862D-633AF2FC360E}.AppStore|Any CPU.ActiveCfg = Release|x86
		{91BB10BD-21AE-4BC7-862D-633AF2FC360E}.AppStore|Any CPU.Build.0 = Release|x86
		{91BB10BD-21AE-4BC7-862D-633AF2FC360E}.AppStore|Any CPU.Deploy.0 = Release|x86
		{91BB10BD-21AE-4BC7-862D-633AF2FC360E}.AppStore|ARM.ActiveCfg = Release|ARM
		{91BB10BD-21AE-4BC7-862D-633AF2FC360E}.AppStore|ARM.Build.0 = Release|ARM
		{91BB10BD-21AE-4BC7-862D-633AF2FC360E}.AppStore|ARM.Deploy.0 = Release|ARM
		{91BB10BD-21AE-4BC7-862D-633AF2FC360E}.AppStore|iPhone.ActiveCfg = Release|x86
		{91BB10BD-21AE-4BC7-862D-633AF2FC360E}.AppStore|iPhone.Build.0 = Release|x86
		{91BB10BD-21AE-4BC7-862D-633AF2FC360E}.AppStore|iPhone.Deploy.0 = Release|x86
		{91BB10BD-21AE-4BC7-862D-633AF2FC360E}.AppStore|iPhoneSimulator.ActiveCfg = Release|x86
		{91BB10BD-21AE-4BC7-862D-633AF2FC360E}.AppStore|iPhoneSimulator.Build.0 = Release|x86
		{91BB10BD-21AE-4BC7-862D-633AF2FC360E}.AppStore|iPhoneSimulator.Deploy.0 = Release|x86
		{91BB10BD-21AE-4BC7-862D-633AF2FC360E}.AppStore|x64.ActiveCfg = Release|x64
		{91BB10BD-21AE-4BC7-862D-633AF2FC360E}.AppStore|x64.Build.0 = Release|x64
		{91BB10BD-21AE-4BC7-862D-633AF2FC360E}.AppStore|x64.Deploy.0 = Release|x64
		{91BB10BD-21AE-4BC7-862D-633AF2FC360E}.AppStore|x86.ActiveCfg = Release|x86
		{91BB10BD-21AE-4BC7-862D-633AF2FC360E}.AppStore|x86.Build.0 = Release|x86
		{91BB10BD-21AE-4BC7-862D-633AF2FC360E}.AppStore|x86.Deploy.0 = Release|x86
		{91BB10BD-21AE-4BC7-862D-633AF2FC360E}.Debug|Any CPU.ActiveCfg = Debug|x86
		{91BB10BD-21AE-4BC7-862D-633AF2FC360E}.Debug|ARM.ActiveCfg = Debug|ARM
		{91BB10BD-21AE-4BC7-862D-633AF2FC360E}.Debug|ARM.Build.0 = Debug|ARM
		{91BB10BD-21AE-4BC7-862D-633AF2FC360E}.Debug|ARM.Deploy.0 = Debug|ARM
		{91BB10BD-21AE-4BC7-862D-633AF2FC360E}.Debug|iPhone.ActiveCfg = Debug|x86
		{91BB10BD-21AE-4BC7-862D-633AF2FC360E}.Debug|iPhoneSimulator.ActiveCfg = Debug|x86
		{91BB10BD-21AE-4BC7-862D-633AF2FC360E}.Debug|x64.ActiveCfg = Debug|x64
		{91BB10BD-21AE-4BC7-862D-633AF2FC360E}.Debug|x64.Build.0 = Debug|x64
		{91BB10BD-21AE-4BC7-862D-633AF2FC360E}.Debug|x64.Deploy.0 = Debug|x64
		{91BB10BD-21AE-4BC7-862D-633AF2FC360E}.Debug|x86.ActiveCfg = Debug|x86
		{91BB10BD-21AE-4BC7-862D-633AF2FC360E}.Debug|x86.Build.0 = Debug|x86
		{91BB10BD-21AE-4BC7-862D-633AF2FC360E}.Debug|x86.Deploy.0 = Debug|x86
		{91BB10BD-21AE-4BC7-862D-633AF2FC360E}.Release|Any CPU.ActiveCfg = Release|x86
		{91BB10BD-21AE-4BC7-862D-633AF2FC360E}.Release|ARM.ActiveCfg = Release|ARM
		{91BB10BD-21AE-4BC7-862D-633AF2FC360E}.Release|ARM.Build.0 = Release|ARM
		{91BB10BD-21AE-4BC7-862D-633AF2FC360E}.Release|ARM.Deploy.0 = Release|ARM
		{91BB10BD-21AE-4BC7-862D-633AF2FC360E}.Release|iPhone.ActiveCfg = Release|x86
		{91BB10BD-21AE-4BC7-862D-633AF2FC360E}.Release|iPhoneSimulator.ActiveCfg = Release|x86
		{91BB10BD-21AE-4BC7-862D-633AF2FC360E}.Release|x64.ActiveCfg = Release|x64
		{91BB10BD-21AE-4BC7-862D-633AF2FC360E}.Release|x64.Build.0 = Release|x64
		{91BB10BD-21AE-4BC7-862D-633AF2FC360E}.Release|x64.Deploy.0 = Release|x64
		{91BB10BD-21AE-4BC7-862D-633AF2FC360E}.Release|x86.ActiveCfg = Release|x86
		{91BB10BD-21AE-4BC7-862D-633AF2FC360E}.Release|x86.Build.0 = Release|x86
		{91BB10BD-21AE-4BC7-862D-633AF2FC360E}.Release|x86.Deploy.0 = Release|x86
		{9DAA6758-54BD-4D34-A2D0-5E2A32279D43}.Ad-Hoc|Any CPU.ActiveCfg = Release|Any CPU
		{9DAA6758-54BD-4D34-A2D0-5E2A32279D43}.Ad-Hoc|Any CPU.Build.0 = Release|Any CPU
		{9DAA6758-54BD-4D34-A2D0-5E2A32279D43}.Ad-Hoc|ARM.ActiveCfg = Release|ARM
		{9DAA6758-54BD-4D34-A2D0-5E2A32279D43}.Ad-Hoc|ARM.Build.0 = Release|ARM
		{9DAA6758-54BD-4D34-A2D0-5E2A32279D43}.Ad-Hoc|iPhone.ActiveCfg = Release|Any CPU
		{9DAA6758-54BD-4D34-A2D0-5E2A32279D43}.Ad-Hoc|iPhone.Build.0 = Release|Any CPU
		{9DAA6758-54BD-4D34-A2D0-5E2A32279D43}.Ad-Hoc|iPhoneSimulator.ActiveCfg = Release|Any CPU
		{9DAA6758-54BD-4D34-A2D0-5E2A32279D43}.Ad-Hoc|iPhoneSimulator.Build.0 = Release|Any CPU
		{9DAA6758-54BD-4D34-A2D0-5E2A32279D43}.Ad-Hoc|x64.ActiveCfg = Release|x64
		{9DAA6758-54BD-4D34-A2D0-5E2A32279D43}.Ad-Hoc|x64.Build.0 = Release|x64
		{9DAA6758-54BD-4D34-A2D0-5E2A32279D43}.Ad-Hoc|x86.ActiveCfg = Release|x86
		{9DAA6758-54BD-4D34-A2D0-5E2A32279D43}.Ad-Hoc|x86.Build.0 = Release|x86
		{9DAA6758-54BD-4D34-A2D0-5E2A32279D43}.AppStore|Any CPU.ActiveCfg = Release|Any CPU
		{9DAA6758-54BD-4D34-A2D0-5E2A32279D43}.AppStore|Any CPU.Build.0 = Release|Any CPU
		{9DAA6758-54BD-4D34-A2D0-5E2A32279D43}.AppStore|ARM.ActiveCfg = Release|ARM
		{9DAA6758-54BD-4D34-A2D0-5E2A32279D43}.AppStore|ARM.Build.0 = Release|ARM
		{9DAA6758-54BD-4D34-A2D0-5E2A32279D43}.AppStore|iPhone.ActiveCfg = Release|Any CPU
		{9DAA6758-54BD-4D34-A2D0-5E2A32279D43}.AppStore|iPhone.Build.0 = Release|Any CPU
		{9DAA6758-54BD-4D34-A2D0-5E2A32279D43}.AppStore|iPhoneSimulator.ActiveCfg = Release|Any CPU
		{9DAA6758-54BD-4D34-A2D0-5E2A32279D43}.AppStore|iPhoneSimulator.Build.0 = Release|Any CPU
		{9DAA6758-54BD-4D34-A2D0-5E2A32279D43}.AppStore|x64.ActiveCfg = Release|x64
		{9DAA6758-54BD-4D34-A2D0-5E2A32279D43}.AppStore|x64.Build.0 = Release|x64
		{9DAA6758-54BD-4D34-A2D0-5E2A32279D43}.AppStore|x86.ActiveCfg = Release|x86
		{9DAA6758-54BD-4D34-A2D0-5E2A32279D43}.AppStore|x86.Build.0 = Release|x86
		{9DAA6758-54BD-4D34-A2D0-5E2A32279D43}.Debug|Any CPU.ActiveCfg = Debug|Any CPU
		{9DAA6758-54BD-4D34-A2D0-5E2A32279D43}.Debug|Any CPU.Build.0 = Debug|Any CPU
		{9DAA6758-54BD-4D34-A2D0-5E2A32279D43}.Debug|ARM.ActiveCfg = Debug|ARM
		{9DAA6758-54BD-4D34-A2D0-5E2A32279D43}.Debug|ARM.Build.0 = Debug|ARM
		{9DAA6758-54BD-4D34-A2D0-5E2A32279D43}.Debug|iPhone.ActiveCfg = Debug|Any CPU
		{9DAA6758-54BD-4D34-A2D0-5E2A32279D43}.Debug|iPhone.Build.0 = Debug|Any CPU
		{9DAA6758-54BD-4D34-A2D0-5E2A32279D43}.Debug|iPhoneSimulator.ActiveCfg = Debug|Any CPU
		{9DAA6758-54BD-4D34-A2D0-5E2A32279D43}.Debug|iPhoneSimulator.Build.0 = Debug|Any CPU
		{9DAA6758-54BD-4D34-A2D0-5E2A32279D43}.Debug|x64.ActiveCfg = Debug|x64
		{9DAA6758-54BD-4D34-A2D0-5E2A32279D43}.Debug|x64.Build.0 = Debug|x64
		{9DAA6758-54BD-4D34-A2D0-5E2A32279D43}.Debug|x86.ActiveCfg = Debug|x86
		{9DAA6758-54BD-4D34-A2D0-5E2A32279D43}.Debug|x86.Build.0 = Debug|x86
		{9DAA6758-54BD-4D34-A2D0-5E2A32279D43}.Release|Any CPU.ActiveCfg = Release|Any CPU
		{9DAA6758-54BD-4D34-A2D0-5E2A32279D43}.Release|Any CPU.Build.0 = Release|Any CPU
		{9DAA6758-54BD-4D34-A2D0-5E2A32279D43}.Release|ARM.ActiveCfg = Release|ARM
		{9DAA6758-54BD-4D34-A2D0-5E2A32279D43}.Release|ARM.Build.0 = Release|ARM
		{9DAA6758-54BD-4D34-A2D0-5E2A32279D43}.Release|iPhone.ActiveCfg = Release|Any CPU
		{9DAA6758-54BD-4D34-A2D0-5E2A32279D43}.Release|iPhone.Build.0 = Release|Any CPU
		{9DAA6758-54BD-4D34-A2D0-5E2A32279D43}.Release|iPhoneSimulator.ActiveCfg = Release|Any CPU
		{9DAA6758-54BD-4D34-A2D0-5E2A32279D43}.Release|iPhoneSimulator.Build.0 = Release|Any CPU
		{9DAA6758-54BD-4D34-A2D0-5E2A32279D43}.Release|x64.ActiveCfg = Release|x64
		{9DAA6758-54BD-4D34-A2D0-5E2A32279D43}.Release|x64.Build.0 = Release|x64
		{9DAA6758-54BD-4D34-A2D0-5E2A32279D43}.Release|x86.ActiveCfg = Release|x86
		{9DAA6758-54BD-4D34-A2D0-5E2A32279D43}.Release|x86.Build.0 = Release|x86
		{57B91554-7FFD-4939-B840-6BB1431B5CAE}.Ad-Hoc|Any CPU.ActiveCfg = Release|Any CPU
		{57B91554-7FFD-4939-B840-6BB1431B5CAE}.Ad-Hoc|Any CPU.Build.0 = Release|Any CPU
		{57B91554-7FFD-4939-B840-6BB1431B5CAE}.Ad-Hoc|ARM.ActiveCfg = Release|Any CPU
		{57B91554-7FFD-4939-B840-6BB1431B5CAE}.Ad-Hoc|ARM.Build.0 = Release|Any CPU
		{57B91554-7FFD-4939-B840-6BB1431B5CAE}.Ad-Hoc|iPhone.ActiveCfg = Release|Any CPU
		{57B91554-7FFD-4939-B840-6BB1431B5CAE}.Ad-Hoc|iPhone.Build.0 = Release|Any CPU
		{57B91554-7FFD-4939-B840-6BB1431B5CAE}.Ad-Hoc|iPhoneSimulator.ActiveCfg = Release|Any CPU
		{57B91554-7FFD-4939-B840-6BB1431B5CAE}.Ad-Hoc|iPhoneSimulator.Build.0 = Release|Any CPU
		{57B91554-7FFD-4939-B840-6BB1431B5CAE}.Ad-Hoc|x64.ActiveCfg = Release|Any CPU
		{57B91554-7FFD-4939-B840-6BB1431B5CAE}.Ad-Hoc|x64.Build.0 = Release|Any CPU
		{57B91554-7FFD-4939-B840-6BB1431B5CAE}.Ad-Hoc|x86.ActiveCfg = Release|Any CPU
		{57B91554-7FFD-4939-B840-6BB1431B5CAE}.Ad-Hoc|x86.Build.0 = Release|Any CPU
		{57B91554-7FFD-4939-B840-6BB1431B5CAE}.AppStore|Any CPU.ActiveCfg = Release|Any CPU
		{57B91554-7FFD-4939-B840-6BB1431B5CAE}.AppStore|Any CPU.Build.0 = Release|Any CPU
		{57B91554-7FFD-4939-B840-6BB1431B5CAE}.AppStore|ARM.ActiveCfg = Release|Any CPU
		{57B91554-7FFD-4939-B840-6BB1431B5CAE}.AppStore|ARM.Build.0 = Release|Any CPU
		{57B91554-7FFD-4939-B840-6BB1431B5CAE}.AppStore|iPhone.ActiveCfg = Release|Any CPU
		{57B91554-7FFD-4939-B840-6BB1431B5CAE}.AppStore|iPhone.Build.0 = Release|Any CPU
		{57B91554-7FFD-4939-B840-6BB1431B5CAE}.AppStore|iPhoneSimulator.ActiveCfg = Release|Any CPU
		{57B91554-7FFD-4939-B840-6BB1431B5CAE}.AppStore|iPhoneSimulator.Build.0 = Release|Any CPU
		{57B91554-7FFD-4939-B840-6BB1431B5CAE}.AppStore|x64.ActiveCfg = Release|Any CPU
		{57B91554-7FFD-4939-B840-6BB1431B5CAE}.AppStore|x64.Build.0 = Release|Any CPU
		{57B91554-7FFD-4939-B840-6BB1431B5CAE}.AppStore|x86.ActiveCfg = Release|Any CPU
		{57B91554-7FFD-4939-B840-6BB1431B5CAE}.AppStore|x86.Build.0 = Release|Any CPU
		{57B91554-7FFD-4939-B840-6BB1431B5CAE}.Debug|Any CPU.ActiveCfg = Debug|Any CPU
		{57B91554-7FFD-4939-B840-6BB1431B5CAE}.Debug|Any CPU.Build.0 = Debug|Any CPU
		{57B91554-7FFD-4939-B840-6BB1431B5CAE}.Debug|ARM.ActiveCfg = Debug|Any CPU
		{57B91554-7FFD-4939-B840-6BB1431B5CAE}.Debug|ARM.Build.0 = Debug|Any CPU
		{57B91554-7FFD-4939-B840-6BB1431B5CAE}.Debug|iPhone.ActiveCfg = Debug|Any CPU
		{57B91554-7FFD-4939-B840-6BB1431B5CAE}.Debug|iPhone.Build.0 = Debug|Any CPU
		{57B91554-7FFD-4939-B840-6BB1431B5CAE}.Debug|iPhoneSimulator.ActiveCfg = Debug|Any CPU
		{57B91554-7FFD-4939-B840-6BB1431B5CAE}.Debug|iPhoneSimulator.Build.0 = Debug|Any CPU
		{57B91554-7FFD-4939-B840-6BB1431B5CAE}.Debug|x64.ActiveCfg = Debug|Any CPU
		{57B91554-7FFD-4939-B840-6BB1431B5CAE}.Debug|x64.Build.0 = Debug|Any CPU
		{57B91554-7FFD-4939-B840-6BB1431B5CAE}.Debug|x86.ActiveCfg = Debug|Any CPU
		{57B91554-7FFD-4939-B840-6BB1431B5CAE}.Debug|x86.Build.0 = Debug|Any CPU
		{57B91554-7FFD-4939-B840-6BB1431B5CAE}.Release|Any CPU.ActiveCfg = Release|Any CPU
		{57B91554-7FFD-4939-B840-6BB1431B5CAE}.Release|Any CPU.Build.0 = Release|Any CPU
		{57B91554-7FFD-4939-B840-6BB1431B5CAE}.Release|ARM.ActiveCfg = Release|Any CPU
		{57B91554-7FFD-4939-B840-6BB1431B5CAE}.Release|ARM.Build.0 = Release|Any CPU
		{57B91554-7FFD-4939-B840-6BB1431B5CAE}.Release|iPhone.ActiveCfg = Release|Any CPU
		{57B91554-7FFD-4939-B840-6BB1431B5CAE}.Release|iPhone.Build.0 = Release|Any CPU
		{57B91554-7FFD-4939-B840-6BB1431B5CAE}.Release|iPhoneSimulator.ActiveCfg = Release|Any CPU
		{57B91554-7FFD-4939-B840-6BB1431B5CAE}.Release|iPhoneSimulator.Build.0 = Release|Any CPU
		{57B91554-7FFD-4939-B840-6BB1431B5CAE}.Release|x64.ActiveCfg = Release|Any CPU
		{57B91554-7FFD-4939-B840-6BB1431B5CAE}.Release|x64.Build.0 = Release|Any CPU
		{57B91554-7FFD-4939-B840-6BB1431B5CAE}.Release|x86.ActiveCfg = Release|Any CPU
		{57B91554-7FFD-4939-B840-6BB1431B5CAE}.Release|x86.Build.0 = Release|Any CPU
	EndGlobalSection
	GlobalSection(SolutionProperties) = preSolution
		HideSolutionNode = FALSE
	EndGlobalSection
EndGlobal
