
Microsoft Visual Studio Solution File, Format Version 12.00
# Visual Studio 2013
VisualStudioVersion = 12.0.40629.0
MinimumVisualStudioVersion = 10.0.40219.1
Project("{FAE04EC0-301F-11D3-BF4B-00C04F79EFBC}") = "Obfuscation4", "Obfuscation4\Obfuscation4.csproj", "{24BD6E53-7790-4E98-B046-60E737C5A742}"
EndProject
Project("{FAE04EC0-301F-11D3-BF4B-00C04F79EFBC}") = "Obfuscation4Lib", "Obfuscation4Lib\Obfuscation4Lib.csproj", "{7EF9DF2B-1B43-4303-A9DF-F1BCFBC9D5C8}"
EndProject
Global
	GlobalSection(SolutionConfigurationPlatforms) = preSolution
		Debug|Any CPU = Debug|Any CPU
		Release|Any CPU = Release|Any CPU
	EndGlobalSection
	GlobalSection(ProjectConfigurationPlatforms) = postSolution
		{24BD6E53-7790-4E98-B046-60E737C5A742}.Debug|Any CPU.ActiveCfg = Debug|Any CPU
		{24BD6E53-7790-4E98-B046-60E737C5A742}.Debug|Any CPU.Build.0 = Debug|Any CPU
		{24BD6E53-7790-4E98-B046-60E737C5A742}.Release|Any CPU.ActiveCfg = Release|Any CPU
		{24BD6E53-7790-4E98-B046-60E737C5A742}.Release|Any CPU.Build.0 = Release|Any CPU
		{7EF9DF2B-1B43-4303-A9DF-F1BCFBC9D5C8}.Debug|Any CPU.ActiveCfg = Debug|Any CPU
		{7EF9DF2B-1B43-4303-A9DF-F1BCFBC9D5C8}.Debug|Any CPU.Build.0 = Debug|Any CPU
		{7EF9DF2B-1B43-4303-A9DF-F1BCFBC9D5C8}.Release|Any CPU.ActiveCfg = Release|Any CPU
		{7EF9DF2B-1B43-4303-A9DF-F1BCFBC9D5C8}.Release|Any CPU.Build.0 = Release|Any CPU
	EndGlobalSection
	GlobalSection(SolutionProperties) = preSolution
		HideSolutionNode = FALSE
	EndGlobalSection
EndGlobal
