
Microsoft Visual Studio Solution File, Format Version 12.00
# Visual Studio 14
VisualStudioVersion = 14.0.25123.0
MinimumVisualStudioVersion = 10.0.40219.1
Project("{FAE04EC0-301F-11D3-BF4B-00C04F79EFBC}") = "Xamarin.Forms.Portable5.Droid", "Xamarin.Forms.Portable5\Xamarin.Forms.Portable5.Droid\Xamarin.Forms.Portable5.Droid.csproj", "{F5916030-9A56-4ED7-BC8B-92180F7EF6B0}"
EndProject
Project("{FAE04EC0-301F-11D3-BF4B-00C04F79EFBC}") = "Xamarin.Forms.Portable5.iOS", "Xamarin.Forms.Portable5\Xamarin.Forms.Portable5.iOS\Xamarin.Forms.Portable5.iOS.csproj", "{33F16CF0-FC29-4EB0-8FBB-8FEBB240E980}"
EndProject
Project("{FAE04EC0-301F-11D3-BF4B-00C04F79EFBC}") = "Xamarin.Forms.Portable5.WinPhone", "Xamarin.Forms.Portable5\Xamarin.Forms.Portable5.WinPhone\Xamarin.Forms.Portable5.WinPhone.csproj", "{3EE6E829-94F9-4B4E-830F-B1A29889A2DA}"
EndProject
Project("{FAE04EC0-301F-11D3-BF4B-00C04F79EFBC}") = "Xamarin.Forms.Portable5.UWP", "Xamarin.Forms.Portable5\Xamarin.Forms.Portable5.UWP\Xamarin.Forms.Portable5.UWP.csproj", "{D10E2F49-98D9-46DF-AA3B-4DED9EA64CA3}"
EndProject
Project("{FAE04EC0-301F-11D3-BF4B-00C04F79EFBC}") = "Xamarin.Forms.Portable5.Windows", "Xamarin.Forms.Portable5\Xamarin.Forms.Portable5.Windows\Xamarin.Forms.Portable5.Windows.csproj", "{EF87307A-3E48-4094-A55A-E76E2882BE61}"
EndProject
Project("{FAE04EC0-301F-11D3-BF4B-00C04F79EFBC}") = "Xamarin.Forms.Portable5", "Xamarin.Forms.Portable5\Xamarin.Forms.Portable5\Xamarin.Forms.Portable5.csproj", "{A6C178A9-09BA-4FC2-A26D-354B9E5C12FF}"
EndProject
Global
	GlobalSection(SolutionConfigurationPlatforms) = preSolution
		Ad-Hoc|Any CPU = Ad-Hoc|Any CPU
		Ad-Hoc|ARM = Ad-Hoc|ARM
		Ad-Hoc|iPhone = Ad-Hoc|iPhone
		Ad-Hoc|iPhoneSimulator = Ad-Hoc|iPhoneSimulator
		Ad-Hoc|x64 = Ad-Hoc|x64
		Ad-Hoc|x86 = Ad-Hoc|x86
		AppStore|Any CPU = AppStore|Any CPU
		AppStore|ARM = AppStore|ARM
		AppStore|iPhone = AppStore|iPhone
		AppStore|iPhoneSimulator = AppStore|iPhoneSimulator
		AppStore|x64 = AppStore|x64
		AppStore|x86 = AppStore|x86
		Debug|Any CPU = Debug|Any CPU
		Debug|ARM = Debug|ARM
		Debug|iPhone = Debug|iPhone
		Debug|iPhoneSimulator = Debug|iPhoneSimulator
		Debug|x64 = Debug|x64
		Debug|x86 = Debug|x86
		Release|Any CPU = Release|Any CPU
		Release|ARM = Release|ARM
		Release|iPhone = Release|iPhone
		Release|iPhoneSimulator = Release|iPhoneSimulator
		Release|x64 = Release|x64
		Release|x86 = Release|x86
	EndGlobalSection
	GlobalSection(ProjectConfigurationPlatforms) = postSolution
		{F5916030-9A56-4ED7-BC8B-92180F7EF6B0}.Ad-Hoc|Any CPU.ActiveCfg = Release|Any CPU
		{F5916030-9A56-4ED7-BC8B-92180F7EF6B0}.Ad-Hoc|Any CPU.Build.0 = Release|Any CPU
		{F5916030-9A56-4ED7-BC8B-92180F7EF6B0}.Ad-Hoc|Any CPU.Deploy.0 = Release|Any CPU
		{F5916030-9A56-4ED7-BC8B-92180F7EF6B0}.Ad-Hoc|ARM.ActiveCfg = Release|Any CPU
		{F5916030-9A56-4ED7-BC8B-92180F7EF6B0}.Ad-Hoc|ARM.Build.0 = Release|Any CPU
		{F5916030-9A56-4ED7-BC8B-92180F7EF6B0}.Ad-Hoc|ARM.Deploy.0 = Release|Any CPU
		{F5916030-9A56-4ED7-BC8B-92180F7EF6B0}.Ad-Hoc|iPhone.ActiveCfg = Release|Any CPU
		{F5916030-9A56-4ED7-BC8B-92180F7EF6B0}.Ad-Hoc|iPhone.Build.0 = Release|Any CPU
		{F5916030-9A56-4ED7-BC8B-92180F7EF6B0}.Ad-Hoc|iPhone.Deploy.0 = Release|Any CPU
		{F5916030-9A56-4ED7-BC8B-92180F7EF6B0}.Ad-Hoc|iPhoneSimulator.ActiveCfg = Release|Any CPU
		{F5916030-9A56-4ED7-BC8B-92180F7EF6B0}.Ad-Hoc|iPhoneSimulator.Build.0 = Release|Any CPU
		{F5916030-9A56-4ED7-BC8B-92180F7EF6B0}.Ad-Hoc|iPhoneSimulator.Deploy.0 = Release|Any CPU
		{F5916030-9A56-4ED7-BC8B-92180F7EF6B0}.Ad-Hoc|x64.ActiveCfg = Release|Any CPU
		{F5916030-9A56-4ED7-BC8B-92180F7EF6B0}.Ad-Hoc|x64.Build.0 = Release|Any CPU
		{F5916030-9A56-4ED7-BC8B-92180F7EF6B0}.Ad-Hoc|x64.Deploy.0 = Release|Any CPU
		{F5916030-9A56-4ED7-BC8B-92180F7EF6B0}.Ad-Hoc|x86.ActiveCfg = Release|Any CPU
		{F5916030-9A56-4ED7-BC8B-92180F7EF6B0}.Ad-Hoc|x86.Build.0 = Release|Any CPU
		{F5916030-9A56-4ED7-BC8B-92180F7EF6B0}.Ad-Hoc|x86.Deploy.0 = Release|Any CPU
		{F5916030-9A56-4ED7-BC8B-92180F7EF6B0}.AppStore|Any CPU.ActiveCfg = Release|Any CPU
		{F5916030-9A56-4ED7-BC8B-92180F7EF6B0}.AppStore|Any CPU.Build.0 = Release|Any CPU
		{F5916030-9A56-4ED7-BC8B-92180F7EF6B0}.AppStore|Any CPU.Deploy.0 = Release|Any CPU
		{F5916030-9A56-4ED7-BC8B-92180F7EF6B0}.AppStore|ARM.ActiveCfg = Release|Any CPU
		{F5916030-9A56-4ED7-BC8B-92180F7EF6B0}.AppStore|ARM.Build.0 = Release|Any CPU
		{F5916030-9A56-4ED7-BC8B-92180F7EF6B0}.AppStore|ARM.Deploy.0 = Release|Any CPU
		{F5916030-9A56-4ED7-BC8B-92180F7EF6B0}.AppStore|iPhone.ActiveCfg = Release|Any CPU
		{F5916030-9A56-4ED7-BC8B-92180F7EF6B0}.AppStore|iPhone.Build.0 = Release|Any CPU
		{F5916030-9A56-4ED7-BC8B-92180F7EF6B0}.AppStore|iPhone.Deploy.0 = Release|Any CPU
		{F5916030-9A56-4ED7-BC8B-92180F7EF6B0}.AppStore|iPhoneSimulator.ActiveCfg = Release|Any CPU
		{F5916030-9A56-4ED7-BC8B-92180F7EF6B0}.AppStore|iPhoneSimulator.Build.0 = Release|Any CPU
		{F5916030-9A56-4ED7-BC8B-92180F7EF6B0}.AppStore|iPhoneSimulator.Deploy.0 = Release|Any CPU
		{F5916030-9A56-4ED7-BC8B-92180F7EF6B0}.AppStore|x64.ActiveCfg = Release|Any CPU
		{F5916030-9A56-4ED7-BC8B-92180F7EF6B0}.AppStore|x64.Build.0 = Release|Any CPU
		{F5916030-9A56-4ED7-BC8B-92180F7EF6B0}.AppStore|x64.Deploy.0 = Release|Any CPU
		{F5916030-9A56-4ED7-BC8B-92180F7EF6B0}.AppStore|x86.ActiveCfg = Release|Any CPU
		{F5916030-9A56-4ED7-BC8B-92180F7EF6B0}.AppStore|x86.Build.0 = Release|Any CPU
		{F5916030-9A56-4ED7-BC8B-92180F7EF6B0}.AppStore|x86.Deploy.0 = Release|Any CPU
		{F5916030-9A56-4ED7-BC8B-92180F7EF6B0}.Debug|Any CPU.ActiveCfg = Debug|Any CPU
		{F5916030-9A56-4ED7-BC8B-92180F7EF6B0}.Debug|Any CPU.Build.0 = Debug|Any CPU
		{F5916030-9A56-4ED7-BC8B-92180F7EF6B0}.Debug|Any CPU.Deploy.0 = Debug|Any CPU
		{F5916030-9A56-4ED7-BC8B-92180F7EF6B0}.Debug|ARM.ActiveCfg = Debug|Any CPU
		{F5916030-9A56-4ED7-BC8B-92180F7EF6B0}.Debug|ARM.Build.0 = Debug|Any CPU
		{F5916030-9A56-4ED7-BC8B-92180F7EF6B0}.Debug|ARM.Deploy.0 = Debug|Any CPU
		{F5916030-9A56-4ED7-BC8B-92180F7EF6B0}.Debug|iPhone.ActiveCfg = Debug|Any CPU
		{F5916030-9A56-4ED7-BC8B-92180F7EF6B0}.Debug|iPhone.Build.0 = Debug|Any CPU
		{F5916030-9A56-4ED7-BC8B-92180F7EF6B0}.Debug|iPhone.Deploy.0 = Debug|Any CPU
		{F5916030-9A56-4ED7-BC8B-92180F7EF6B0}.Debug|iPhoneSimulator.ActiveCfg = Debug|Any CPU
		{F5916030-9A56-4ED7-BC8B-92180F7EF6B0}.Debug|iPhoneSimulator.Build.0 = Debug|Any CPU
		{F5916030-9A56-4ED7-BC8B-92180F7EF6B0}.Debug|iPhoneSimulator.Deploy.0 = Debug|Any CPU
		{F5916030-9A56-4ED7-BC8B-92180F7EF6B0}.Debug|x64.ActiveCfg = Debug|Any CPU
		{F5916030-9A56-4ED7-BC8B-92180F7EF6B0}.Debug|x64.Build.0 = Debug|Any CPU
		{F5916030-9A56-4ED7-BC8B-92180F7EF6B0}.Debug|x64.Deploy.0 = Debug|Any CPU
		{F5916030-9A56-4ED7-BC8B-92180F7EF6B0}.Debug|x86.ActiveCfg = Debug|Any CPU
		{F5916030-9A56-4ED7-BC8B-92180F7EF6B0}.Debug|x86.Build.0 = Debug|Any CPU
		{F5916030-9A56-4ED7-BC8B-92180F7EF6B0}.Debug|x86.Deploy.0 = Debug|Any CPU
		{F5916030-9A56-4ED7-BC8B-92180F7EF6B0}.Release|Any CPU.ActiveCfg = Release|Any CPU
		{F5916030-9A56-4ED7-BC8B-92180F7EF6B0}.Release|Any CPU.Build.0 = Release|Any CPU
		{F5916030-9A56-4ED7-BC8B-92180F7EF6B0}.Release|Any CPU.Deploy.0 = Release|Any CPU
		{F5916030-9A56-4ED7-BC8B-92180F7EF6B0}.Release|ARM.ActiveCfg = Release|Any CPU
		{F5916030-9A56-4ED7-BC8B-92180F7EF6B0}.Release|ARM.Build.0 = Release|Any CPU
		{F5916030-9A56-4ED7-BC8B-92180F7EF6B0}.Release|ARM.Deploy.0 = Release|Any CPU
		{F5916030-9A56-4ED7-BC8B-92180F7EF6B0}.Release|iPhone.ActiveCfg = Release|Any CPU
		{F5916030-9A56-4ED7-BC8B-92180F7EF6B0}.Release|iPhone.Build.0 = Release|Any CPU
		{F5916030-9A56-4ED7-BC8B-92180F7EF6B0}.Release|iPhone.Deploy.0 = Release|Any CPU
		{F5916030-9A56-4ED7-BC8B-92180F7EF6B0}.Release|iPhoneSimulator.ActiveCfg = Release|Any CPU
		{F5916030-9A56-4ED7-BC8B-92180F7EF6B0}.Release|iPhoneSimulator.Build.0 = Release|Any CPU
		{F5916030-9A56-4ED7-BC8B-92180F7EF6B0}.Release|iPhoneSimulator.Deploy.0 = Release|Any CPU
		{F5916030-9A56-4ED7-BC8B-92180F7EF6B0}.Release|x64.ActiveCfg = Release|Any CPU
		{F5916030-9A56-4ED7-BC8B-92180F7EF6B0}.Release|x64.Build.0 = Release|Any CPU
		{F5916030-9A56-4ED7-BC8B-92180F7EF6B0}.Release|x64.Deploy.0 = Release|Any CPU
		{F5916030-9A56-4ED7-BC8B-92180F7EF6B0}.Release|x86.ActiveCfg = Release|Any CPU
		{F5916030-9A56-4ED7-BC8B-92180F7EF6B0}.Release|x86.Build.0 = Release|Any CPU
		{F5916030-9A56-4ED7-BC8B-92180F7EF6B0}.Release|x86.Deploy.0 = Release|Any CPU
		{33F16CF0-FC29-4EB0-8FBB-8FEBB240E980}.Ad-Hoc|Any CPU.ActiveCfg = Ad-Hoc|iPhone
		{33F16CF0-FC29-4EB0-8FBB-8FEBB240E980}.Ad-Hoc|ARM.ActiveCfg = Ad-Hoc|iPhone
		{33F16CF0-FC29-4EB0-8FBB-8FEBB240E980}.Ad-Hoc|iPhone.ActiveCfg = Ad-Hoc|iPhone
		{33F16CF0-FC29-4EB0-8FBB-8FEBB240E980}.Ad-Hoc|iPhone.Build.0 = Ad-Hoc|iPhone
		{33F16CF0-FC29-4EB0-8FBB-8FEBB240E980}.Ad-Hoc|iPhoneSimulator.ActiveCfg = Ad-Hoc|iPhoneSimulator
		{33F16CF0-FC29-4EB0-8FBB-8FEBB240E980}.Ad-Hoc|iPhoneSimulator.Build.0 = Ad-Hoc|iPhoneSimulator
		{33F16CF0-FC29-4EB0-8FBB-8FEBB240E980}.Ad-Hoc|x64.ActiveCfg = Ad-Hoc|iPhone
		{33F16CF0-FC29-4EB0-8FBB-8FEBB240E980}.Ad-Hoc|x86.ActiveCfg = Ad-Hoc|iPhone
		{33F16CF0-FC29-4EB0-8FBB-8FEBB240E980}.AppStore|Any CPU.ActiveCfg = AppStore|iPhone
		{33F16CF0-FC29-4EB0-8FBB-8FEBB240E980}.AppStore|ARM.ActiveCfg = AppStore|iPhone
		{33F16CF0-FC29-4EB0-8FBB-8FEBB240E980}.AppStore|iPhone.ActiveCfg = AppStore|iPhone
		{33F16CF0-FC29-4EB0-8FBB-8FEBB240E980}.AppStore|iPhone.Build.0 = AppStore|iPhone
		{33F16CF0-FC29-4EB0-8FBB-8FEBB240E980}.AppStore|iPhoneSimulator.ActiveCfg = AppStore|iPhoneSimulator
		{33F16CF0-FC29-4EB0-8FBB-8FEBB240E980}.AppStore|iPhoneSimulator.Build.0 = AppStore|iPhoneSimulator
		{33F16CF0-FC29-4EB0-8FBB-8FEBB240E980}.AppStore|x64.ActiveCfg = AppStore|iPhone
		{33F16CF0-FC29-4EB0-8FBB-8FEBB240E980}.AppStore|x86.ActiveCfg = AppStore|iPhone
		{33F16CF0-FC29-4EB0-8FBB-8FEBB240E980}.Debug|Any CPU.ActiveCfg = Debug|iPhone
		{33F16CF0-FC29-4EB0-8FBB-8FEBB240E980}.Debug|ARM.ActiveCfg = Debug|iPhone
		{33F16CF0-FC29-4EB0-8FBB-8FEBB240E980}.Debug|iPhone.ActiveCfg = Debug|iPhone
		{33F16CF0-FC29-4EB0-8FBB-8FEBB240E980}.Debug|iPhone.Build.0 = Debug|iPhone
		{33F16CF0-FC29-4EB0-8FBB-8FEBB240E980}.Debug|iPhoneSimulator.ActiveCfg = Debug|iPhoneSimulator
		{33F16CF0-FC29-4EB0-8FBB-8FEBB240E980}.Debug|iPhoneSimulator.Build.0 = Debug|iPhoneSimulator
		{33F16CF0-FC29-4EB0-8FBB-8FEBB240E980}.Debug|x64.ActiveCfg = Debug|iPhone
		{33F16CF0-FC29-4EB0-8FBB-8FEBB240E980}.Debug|x86.ActiveCfg = Debug|iPhone
		{33F16CF0-FC29-4EB0-8FBB-8FEBB240E980}.Release|Any CPU.ActiveCfg = Release|iPhone
		{33F16CF0-FC29-4EB0-8FBB-8FEBB240E980}.Release|ARM.ActiveCfg = Release|iPhone
		{33F16CF0-FC29-4EB0-8FBB-8FEBB240E980}.Release|iPhone.ActiveCfg = Release|iPhone
		{33F16CF0-FC29-4EB0-8FBB-8FEBB240E980}.Release|iPhone.Build.0 = Release|iPhone
		{33F16CF0-FC29-4EB0-8FBB-8FEBB240E980}.Release|iPhoneSimulator.ActiveCfg = Release|iPhoneSimulator
		{33F16CF0-FC29-4EB0-8FBB-8FEBB240E980}.Release|iPhoneSimulator.Build.0 = Release|iPhoneSimulator
		{33F16CF0-FC29-4EB0-8FBB-8FEBB240E980}.Release|x64.ActiveCfg = Release|iPhone
		{33F16CF0-FC29-4EB0-8FBB-8FEBB240E980}.Release|x86.ActiveCfg = Release|iPhone
		{3EE6E829-94F9-4B4E-830F-B1A29889A2DA}.Ad-Hoc|Any CPU.ActiveCfg = Release|Any CPU
		{3EE6E829-94F9-4B4E-830F-B1A29889A2DA}.Ad-Hoc|Any CPU.Build.0 = Release|Any CPU
		{3EE6E829-94F9-4B4E-830F-B1A29889A2DA}.Ad-Hoc|Any CPU.Deploy.0 = Release|Any CPU
		{3EE6E829-94F9-4B4E-830F-B1A29889A2DA}.Ad-Hoc|ARM.ActiveCfg = Release|ARM
		{3EE6E829-94F9-4B4E-830F-B1A29889A2DA}.Ad-Hoc|ARM.Build.0 = Release|ARM
		{3EE6E829-94F9-4B4E-830F-B1A29889A2DA}.Ad-Hoc|ARM.Deploy.0 = Release|ARM
		{3EE6E829-94F9-4B4E-830F-B1A29889A2DA}.Ad-Hoc|iPhone.ActiveCfg = Release|Any CPU
		{3EE6E829-94F9-4B4E-830F-B1A29889A2DA}.Ad-Hoc|iPhone.Build.0 = Release|Any CPU
		{3EE6E829-94F9-4B4E-830F-B1A29889A2DA}.Ad-Hoc|iPhone.Deploy.0 = Release|Any CPU
		{3EE6E829-94F9-4B4E-830F-B1A29889A2DA}.Ad-Hoc|iPhoneSimulator.ActiveCfg = Release|Any CPU
		{3EE6E829-94F9-4B4E-830F-B1A29889A2DA}.Ad-Hoc|iPhoneSimulator.Build.0 = Release|Any CPU
		{3EE6E829-94F9-4B4E-830F-B1A29889A2DA}.Ad-Hoc|iPhoneSimulator.Deploy.0 = Release|Any CPU
		{3EE6E829-94F9-4B4E-830F-B1A29889A2DA}.Ad-Hoc|x64.ActiveCfg = Release|Any CPU
		{3EE6E829-94F9-4B4E-830F-B1A29889A2DA}.Ad-Hoc|x64.Build.0 = Release|Any CPU
		{3EE6E829-94F9-4B4E-830F-B1A29889A2DA}.Ad-Hoc|x64.Deploy.0 = Release|Any CPU
		{3EE6E829-94F9-4B4E-830F-B1A29889A2DA}.Ad-Hoc|x86.ActiveCfg = Release|x86
		{3EE6E829-94F9-4B4E-830F-B1A29889A2DA}.Ad-Hoc|x86.Build.0 = Release|x86
		{3EE6E829-94F9-4B4E-830F-B1A29889A2DA}.Ad-Hoc|x86.Deploy.0 = Release|x86
		{3EE6E829-94F9-4B4E-830F-B1A29889A2DA}.AppStore|Any CPU.ActiveCfg = Release|Any CPU
		{3EE6E829-94F9-4B4E-830F-B1A29889A2DA}.AppStore|Any CPU.Build.0 = Release|Any CPU
		{3EE6E829-94F9-4B4E-830F-B1A29889A2DA}.AppStore|Any CPU.Deploy.0 = Release|Any CPU
		{3EE6E829-94F9-4B4E-830F-B1A29889A2DA}.AppStore|ARM.ActiveCfg = Release|ARM
		{3EE6E829-94F9-4B4E-830F-B1A29889A2DA}.AppStore|ARM.Build.0 = Release|ARM
		{3EE6E829-94F9-4B4E-830F-B1A29889A2DA}.AppStore|ARM.Deploy.0 = Release|ARM
		{3EE6E829-94F9-4B4E-830F-B1A29889A2DA}.AppStore|iPhone.ActiveCfg = Release|Any CPU
		{3EE6E829-94F9-4B4E-830F-B1A29889A2DA}.AppStore|iPhone.Build.0 = Release|Any CPU
		{3EE6E829-94F9-4B4E-830F-B1A29889A2DA}.AppStore|iPhone.Deploy.0 = Release|Any CPU
		{3EE6E829-94F9-4B4E-830F-B1A29889A2DA}.AppStore|iPhoneSimulator.ActiveCfg = Release|Any CPU
		{3EE6E829-94F9-4B4E-830F-B1A29889A2DA}.AppStore|iPhoneSimulator.Build.0 = Release|Any CPU
		{3EE6E829-94F9-4B4E-830F-B1A29889A2DA}.AppStore|iPhoneSimulator.Deploy.0 = Release|Any CPU
		{3EE6E829-94F9-4B4E-830F-B1A29889A2DA}.AppStore|x64.ActiveCfg = Release|Any CPU
		{3EE6E829-94F9-4B4E-830F-B1A29889A2DA}.AppStore|x64.Build.0 = Release|Any CPU
		{3EE6E829-94F9-4B4E-830F-B1A29889A2DA}.AppStore|x64.Deploy.0 = Release|Any CPU
		{3EE6E829-94F9-4B4E-830F-B1A29889A2DA}.AppStore|x86.ActiveCfg = Release|x86
		{3EE6E829-94F9-4B4E-830F-B1A29889A2DA}.AppStore|x86.Build.0 = Release|x86
		{3EE6E829-94F9-4B4E-830F-B1A29889A2DA}.AppStore|x86.Deploy.0 = Release|x86
		{3EE6E829-94F9-4B4E-830F-B1A29889A2DA}.Debug|Any CPU.ActiveCfg = Debug|Any CPU
		{3EE6E829-94F9-4B4E-830F-B1A29889A2DA}.Debug|Any CPU.Build.0 = Debug|Any CPU
		{3EE6E829-94F9-4B4E-830F-B1A29889A2DA}.Debug|Any CPU.Deploy.0 = Debug|Any CPU
		{3EE6E829-94F9-4B4E-830F-B1A29889A2DA}.Debug|ARM.ActiveCfg = Debug|ARM
		{3EE6E829-94F9-4B4E-830F-B1A29889A2DA}.Debug|ARM.Build.0 = Debug|ARM
		{3EE6E829-94F9-4B4E-830F-B1A29889A2DA}.Debug|ARM.Deploy.0 = Debug|ARM
		{3EE6E829-94F9-4B4E-830F-B1A29889A2DA}.Debug|iPhone.ActiveCfg = Debug|Any CPU
		{3EE6E829-94F9-4B4E-830F-B1A29889A2DA}.Debug|iPhone.Build.0 = Debug|Any CPU
		{3EE6E829-94F9-4B4E-830F-B1A29889A2DA}.Debug|iPhone.Deploy.0 = Debug|Any CPU
		{3EE6E829-94F9-4B4E-830F-B1A29889A2DA}.Debug|iPhoneSimulator.ActiveCfg = Debug|Any CPU
		{3EE6E829-94F9-4B4E-830F-B1A29889A2DA}.Debug|iPhoneSimulator.Build.0 = Debug|Any CPU
		{3EE6E829-94F9-4B4E-830F-B1A29889A2DA}.Debug|iPhoneSimulator.Deploy.0 = Debug|Any CPU
		{3EE6E829-94F9-4B4E-830F-B1A29889A2DA}.Debug|x64.ActiveCfg = Debug|Any CPU
		{3EE6E829-94F9-4B4E-830F-B1A29889A2DA}.Debug|x64.Build.0 = Debug|Any CPU
		{3EE6E829-94F9-4B4E-830F-B1A29889A2DA}.Debug|x64.Deploy.0 = Debug|Any CPU
		{3EE6E829-94F9-4B4E-830F-B1A29889A2DA}.Debug|x86.ActiveCfg = Debug|x86
		{3EE6E829-94F9-4B4E-830F-B1A29889A2DA}.Debug|x86.Build.0 = Debug|x86
		{3EE6E829-94F9-4B4E-830F-B1A29889A2DA}.Debug|x86.Deploy.0 = Debug|x86
		{3EE6E829-94F9-4B4E-830F-B1A29889A2DA}.Release|Any CPU.ActiveCfg = Release|Any CPU
		{3EE6E829-94F9-4B4E-830F-B1A29889A2DA}.Release|Any CPU.Build.0 = Release|Any CPU
		{3EE6E829-94F9-4B4E-830F-B1A29889A2DA}.Release|Any CPU.Deploy.0 = Release|Any CPU
		{3EE6E829-94F9-4B4E-830F-B1A29889A2DA}.Release|ARM.ActiveCfg = Release|ARM
		{3EE6E829-94F9-4B4E-830F-B1A29889A2DA}.Release|ARM.Build.0 = Release|ARM
		{3EE6E829-94F9-4B4E-830F-B1A29889A2DA}.Release|ARM.Deploy.0 = Release|ARM
		{3EE6E829-94F9-4B4E-830F-B1A29889A2DA}.Release|iPhone.ActiveCfg = Release|Any CPU
		{3EE6E829-94F9-4B4E-830F-B1A29889A2DA}.Release|iPhone.Build.0 = Release|Any CPU
		{3EE6E829-94F9-4B4E-830F-B1A29889A2DA}.Release|iPhone.Deploy.0 = Release|Any CPU
		{3EE6E829-94F9-4B4E-830F-B1A29889A2DA}.Release|iPhoneSimulator.ActiveCfg = Release|Any CPU
		{3EE6E829-94F9-4B4E-830F-B1A29889A2DA}.Release|iPhoneSimulator.Build.0 = Release|Any CPU
		{3EE6E829-94F9-4B4E-830F-B1A29889A2DA}.Release|iPhoneSimulator.Deploy.0 = Release|Any CPU
		{3EE6E829-94F9-4B4E-830F-B1A29889A2DA}.Release|x64.ActiveCfg = Release|Any CPU
		{3EE6E829-94F9-4B4E-830F-B1A29889A2DA}.Release|x64.Build.0 = Release|Any CPU
		{3EE6E829-94F9-4B4E-830F-B1A29889A2DA}.Release|x64.Deploy.0 = Release|Any CPU
		{3EE6E829-94F9-4B4E-830F-B1A29889A2DA}.Release|x86.ActiveCfg = Release|x86
		{3EE6E829-94F9-4B4E-830F-B1A29889A2DA}.Release|x86.Build.0 = Release|x86
		{3EE6E829-94F9-4B4E-830F-B1A29889A2DA}.Release|x86.Deploy.0 = Release|x86
		{D10E2F49-98D9-46DF-AA3B-4DED9EA64CA3}.Ad-Hoc|Any CPU.ActiveCfg = Release|x86
		{D10E2F49-98D9-46DF-AA3B-4DED9EA64CA3}.Ad-Hoc|Any CPU.Build.0 = Release|x86
		{D10E2F49-98D9-46DF-AA3B-4DED9EA64CA3}.Ad-Hoc|Any CPU.Deploy.0 = Release|x86
		{D10E2F49-98D9-46DF-AA3B-4DED9EA64CA3}.Ad-Hoc|ARM.ActiveCfg = Release|ARM
		{D10E2F49-98D9-46DF-AA3B-4DED9EA64CA3}.Ad-Hoc|ARM.Build.0 = Release|ARM
		{D10E2F49-98D9-46DF-AA3B-4DED9EA64CA3}.Ad-Hoc|ARM.Deploy.0 = Release|ARM
		{D10E2F49-98D9-46DF-AA3B-4DED9EA64CA3}.Ad-Hoc|iPhone.ActiveCfg = Release|x86
		{D10E2F49-98D9-46DF-AA3B-4DED9EA64CA3}.Ad-Hoc|iPhone.Build.0 = Release|x86
		{D10E2F49-98D9-46DF-AA3B-4DED9EA64CA3}.Ad-Hoc|iPhone.Deploy.0 = Release|x86
		{D10E2F49-98D9-46DF-AA3B-4DED9EA64CA3}.Ad-Hoc|iPhoneSimulator.ActiveCfg = Release|x86
		{D10E2F49-98D9-46DF-AA3B-4DED9EA64CA3}.Ad-Hoc|iPhoneSimulator.Build.0 = Release|x86
		{D10E2F49-98D9-46DF-AA3B-4DED9EA64CA3}.Ad-Hoc|iPhoneSimulator.Deploy.0 = Release|x86
		{D10E2F49-98D9-46DF-AA3B-4DED9EA64CA3}.Ad-Hoc|x64.ActiveCfg = Release|x64
		{D10E2F49-98D9-46DF-AA3B-4DED9EA64CA3}.Ad-Hoc|x64.Build.0 = Release|x64
		{D10E2F49-98D9-46DF-AA3B-4DED9EA64CA3}.Ad-Hoc|x64.Deploy.0 = Release|x64
		{D10E2F49-98D9-46DF-AA3B-4DED9EA64CA3}.Ad-Hoc|x86.ActiveCfg = Release|x86
		{D10E2F49-98D9-46DF-AA3B-4DED9EA64CA3}.Ad-Hoc|x86.Build.0 = Release|x86
		{D10E2F49-98D9-46DF-AA3B-4DED9EA64CA3}.Ad-Hoc|x86.Deploy.0 = Release|x86
		{D10E2F49-98D9-46DF-AA3B-4DED9EA64CA3}.AppStore|Any CPU.ActiveCfg = Release|x86
		{D10E2F49-98D9-46DF-AA3B-4DED9EA64CA3}.AppStore|Any CPU.Build.0 = Release|x86
		{D10E2F49-98D9-46DF-AA3B-4DED9EA64CA3}.AppStore|Any CPU.Deploy.0 = Release|x86
		{D10E2F49-98D9-46DF-AA3B-4DED9EA64CA3}.AppStore|ARM.ActiveCfg = Release|ARM
		{D10E2F49-98D9-46DF-AA3B-4DED9EA64CA3}.AppStore|ARM.Build.0 = Release|ARM
		{D10E2F49-98D9-46DF-AA3B-4DED9EA64CA3}.AppStore|ARM.Deploy.0 = Release|ARM
		{D10E2F49-98D9-46DF-AA3B-4DED9EA64CA3}.AppStore|iPhone.ActiveCfg = Release|x86
		{D10E2F49-98D9-46DF-AA3B-4DED9EA64CA3}.AppStore|iPhone.Build.0 = Release|x86
		{D10E2F49-98D9-46DF-AA3B-4DED9EA64CA3}.AppStore|iPhone.Deploy.0 = Release|x86
		{D10E2F49-98D9-46DF-AA3B-4DED9EA64CA3}.AppStore|iPhoneSimulator.ActiveCfg = Release|x86
		{D10E2F49-98D9-46DF-AA3B-4DED9EA64CA3}.AppStore|iPhoneSimulator.Build.0 = Release|x86
		{D10E2F49-98D9-46DF-AA3B-4DED9EA64CA3}.AppStore|iPhoneSimulator.Deploy.0 = Release|x86
		{D10E2F49-98D9-46DF-AA3B-4DED9EA64CA3}.AppStore|x64.ActiveCfg = Release|x64
		{D10E2F49-98D9-46DF-AA3B-4DED9EA64CA3}.AppStore|x64.Build.0 = Release|x64
		{D10E2F49-98D9-46DF-AA3B-4DED9EA64CA3}.AppStore|x64.Deploy.0 = Release|x64
		{D10E2F49-98D9-46DF-AA3B-4DED9EA64CA3}.AppStore|x86.ActiveCfg = Release|x86
		{D10E2F49-98D9-46DF-AA3B-4DED9EA64CA3}.AppStore|x86.Build.0 = Release|x86
		{D10E2F49-98D9-46DF-AA3B-4DED9EA64CA3}.AppStore|x86.Deploy.0 = Release|x86
		{D10E2F49-98D9-46DF-AA3B-4DED9EA64CA3}.Debug|Any CPU.ActiveCfg = Debug|x86
		{D10E2F49-98D9-46DF-AA3B-4DED9EA64CA3}.Debug|ARM.ActiveCfg = Debug|ARM
		{D10E2F49-98D9-46DF-AA3B-4DED9EA64CA3}.Debug|ARM.Build.0 = Debug|ARM
		{D10E2F49-98D9-46DF-AA3B-4DED9EA64CA3}.Debug|ARM.Deploy.0 = Debug|ARM
		{D10E2F49-98D9-46DF-AA3B-4DED9EA64CA3}.Debug|iPhone.ActiveCfg = Debug|x86
		{D10E2F49-98D9-46DF-AA3B-4DED9EA64CA3}.Debug|iPhoneSimulator.ActiveCfg = Debug|x86
		{D10E2F49-98D9-46DF-AA3B-4DED9EA64CA3}.Debug|x64.ActiveCfg = Debug|x64
		{D10E2F49-98D9-46DF-AA3B-4DED9EA64CA3}.Debug|x64.Build.0 = Debug|x64
		{D10E2F49-98D9-46DF-AA3B-4DED9EA64CA3}.Debug|x64.Deploy.0 = Debug|x64
		{D10E2F49-98D9-46DF-AA3B-4DED9EA64CA3}.Debug|x86.ActiveCfg = Debug|x86
		{D10E2F49-98D9-46DF-AA3B-4DED9EA64CA3}.Debug|x86.Build.0 = Debug|x86
		{D10E2F49-98D9-46DF-AA3B-4DED9EA64CA3}.Debug|x86.Deploy.0 = Debug|x86
		{D10E2F49-98D9-46DF-AA3B-4DED9EA64CA3}.Release|Any CPU.ActiveCfg = Release|x86
		{D10E2F49-98D9-46DF-AA3B-4DED9EA64CA3}.Release|ARM.ActiveCfg = Release|ARM
		{D10E2F49-98D9-46DF-AA3B-4DED9EA64CA3}.Release|ARM.Build.0 = Release|ARM
		{D10E2F49-98D9-46DF-AA3B-4DED9EA64CA3}.Release|ARM.Deploy.0 = Release|ARM
		{D10E2F49-98D9-46DF-AA3B-4DED9EA64CA3}.Release|iPhone.ActiveCfg = Release|x86
		{D10E2F49-98D9-46DF-AA3B-4DED9EA64CA3}.Release|iPhoneSimulator.ActiveCfg = Release|x86
		{D10E2F49-98D9-46DF-AA3B-4DED9EA64CA3}.Release|x64.ActiveCfg = Release|x64
		{D10E2F49-98D9-46DF-AA3B-4DED9EA64CA3}.Release|x64.Build.0 = Release|x64
		{D10E2F49-98D9-46DF-AA3B-4DED9EA64CA3}.Release|x64.Deploy.0 = Release|x64
		{D10E2F49-98D9-46DF-AA3B-4DED9EA64CA3}.Release|x86.ActiveCfg = Release|x86
		{D10E2F49-98D9-46DF-AA3B-4DED9EA64CA3}.Release|x86.Build.0 = Release|x86
		{D10E2F49-98D9-46DF-AA3B-4DED9EA64CA3}.Release|x86.Deploy.0 = Release|x86
		{EF87307A-3E48-4094-A55A-E76E2882BE61}.Ad-Hoc|Any CPU.ActiveCfg = Release|Any CPU
		{EF87307A-3E48-4094-A55A-E76E2882BE61}.Ad-Hoc|Any CPU.Build.0 = Release|Any CPU
		{EF87307A-3E48-4094-A55A-E76E2882BE61}.Ad-Hoc|Any CPU.Deploy.0 = Release|Any CPU
		{EF87307A-3E48-4094-A55A-E76E2882BE61}.Ad-Hoc|ARM.ActiveCfg = Release|ARM
		{EF87307A-3E48-4094-A55A-E76E2882BE61}.Ad-Hoc|ARM.Build.0 = Release|ARM
		{EF87307A-3E48-4094-A55A-E76E2882BE61}.Ad-Hoc|ARM.Deploy.0 = Release|ARM
		{EF87307A-3E48-4094-A55A-E76E2882BE61}.Ad-Hoc|iPhone.ActiveCfg = Release|Any CPU
		{EF87307A-3E48-4094-A55A-E76E2882BE61}.Ad-Hoc|iPhone.Build.0 = Release|Any CPU
		{EF87307A-3E48-4094-A55A-E76E2882BE61}.Ad-Hoc|iPhone.Deploy.0 = Release|Any CPU
		{EF87307A-3E48-4094-A55A-E76E2882BE61}.Ad-Hoc|iPhoneSimulator.ActiveCfg = Release|Any CPU
		{EF87307A-3E48-4094-A55A-E76E2882BE61}.Ad-Hoc|iPhoneSimulator.Build.0 = Release|Any CPU
		{EF87307A-3E48-4094-A55A-E76E2882BE61}.Ad-Hoc|iPhoneSimulator.Deploy.0 = Release|Any CPU
		{EF87307A-3E48-4094-A55A-E76E2882BE61}.Ad-Hoc|x64.ActiveCfg = Release|x64
		{EF87307A-3E48-4094-A55A-E76E2882BE61}.Ad-Hoc|x64.Build.0 = Release|x64
		{EF87307A-3E48-4094-A55A-E76E2882BE61}.Ad-Hoc|x64.Deploy.0 = Release|x64
		{EF87307A-3E48-4094-A55A-E76E2882BE61}.Ad-Hoc|x86.ActiveCfg = Release|x86
		{EF87307A-3E48-4094-A55A-E76E2882BE61}.Ad-Hoc|x86.Build.0 = Release|x86
		{EF87307A-3E48-4094-A55A-E76E2882BE61}.Ad-Hoc|x86.Deploy.0 = Release|x86
		{EF87307A-3E48-4094-A55A-E76E2882BE61}.AppStore|Any CPU.ActiveCfg = Release|Any CPU
		{EF87307A-3E48-4094-A55A-E76E2882BE61}.AppStore|Any CPU.Build.0 = Release|Any CPU
		{EF87307A-3E48-4094-A55A-E76E2882BE61}.AppStore|Any CPU.Deploy.0 = Release|Any CPU
		{EF87307A-3E48-4094-A55A-E76E2882BE61}.AppStore|ARM.ActiveCfg = Release|ARM
		{EF87307A-3E48-4094-A55A-E76E2882BE61}.AppStore|ARM.Build.0 = Release|ARM
		{EF87307A-3E48-4094-A55A-E76E2882BE61}.AppStore|ARM.Deploy.0 = Release|ARM
		{EF87307A-3E48-4094-A55A-E76E2882BE61}.AppStore|iPhone.ActiveCfg = Release|Any CPU
		{EF87307A-3E48-4094-A55A-E76E2882BE61}.AppStore|iPhone.Build.0 = Release|Any CPU
		{EF87307A-3E48-4094-A55A-E76E2882BE61}.AppStore|iPhone.Deploy.0 = Release|Any CPU
		{EF87307A-3E48-4094-A55A-E76E2882BE61}.AppStore|iPhoneSimulator.ActiveCfg = Release|Any CPU
		{EF87307A-3E48-4094-A55A-E76E2882BE61}.AppStore|iPhoneSimulator.Build.0 = Release|Any CPU
		{EF87307A-3E48-4094-A55A-E76E2882BE61}.AppStore|iPhoneSimulator.Deploy.0 = Release|Any CPU
		{EF87307A-3E48-4094-A55A-E76E2882BE61}.AppStore|x64.ActiveCfg = Release|x64
		{EF87307A-3E48-4094-A55A-E76E2882BE61}.AppStore|x64.Build.0 = Release|x64
		{EF87307A-3E48-4094-A55A-E76E2882BE61}.AppStore|x64.Deploy.0 = Release|x64
		{EF87307A-3E48-4094-A55A-E76E2882BE61}.AppStore|x86.ActiveCfg = Release|x86
		{EF87307A-3E48-4094-A55A-E76E2882BE61}.AppStore|x86.Build.0 = Release|x86
		{EF87307A-3E48-4094-A55A-E76E2882BE61}.AppStore|x86.Deploy.0 = Release|x86
		{EF87307A-3E48-4094-A55A-E76E2882BE61}.Debug|Any CPU.ActiveCfg = Debug|Any CPU
		{EF87307A-3E48-4094-A55A-E76E2882BE61}.Debug|Any CPU.Build.0 = Debug|Any CPU
		{EF87307A-3E48-4094-A55A-E76E2882BE61}.Debug|Any CPU.Deploy.0 = Debug|Any CPU
		{EF87307A-3E48-4094-A55A-E76E2882BE61}.Debug|ARM.ActiveCfg = Debug|ARM
		{EF87307A-3E48-4094-A55A-E76E2882BE61}.Debug|ARM.Build.0 = Debug|ARM
		{EF87307A-3E48-4094-A55A-E76E2882BE61}.Debug|ARM.Deploy.0 = Debug|ARM
		{EF87307A-3E48-4094-A55A-E76E2882BE61}.Debug|iPhone.ActiveCfg = Debug|Any CPU
		{EF87307A-3E48-4094-A55A-E76E2882BE61}.Debug|iPhone.Build.0 = Debug|Any CPU
		{EF87307A-3E48-4094-A55A-E76E2882BE61}.Debug|iPhone.Deploy.0 = Debug|Any CPU
		{EF87307A-3E48-4094-A55A-E76E2882BE61}.Debug|iPhoneSimulator.ActiveCfg = Debug|Any CPU
		{EF87307A-3E48-4094-A55A-E76E2882BE61}.Debug|iPhoneSimulator.Build.0 = Debug|Any CPU
		{EF87307A-3E48-4094-A55A-E76E2882BE61}.Debug|iPhoneSimulator.Deploy.0 = Debug|Any CPU
		{EF87307A-3E48-4094-A55A-E76E2882BE61}.Debug|x64.ActiveCfg = Debug|x64
		{EF87307A-3E48-4094-A55A-E76E2882BE61}.Debug|x64.Build.0 = Debug|x64
		{EF87307A-3E48-4094-A55A-E76E2882BE61}.Debug|x64.Deploy.0 = Debug|x64
		{EF87307A-3E48-4094-A55A-E76E2882BE61}.Debug|x86.ActiveCfg = Debug|x86
		{EF87307A-3E48-4094-A55A-E76E2882BE61}.Debug|x86.Build.0 = Debug|x86
		{EF87307A-3E48-4094-A55A-E76E2882BE61}.Debug|x86.Deploy.0 = Debug|x86
		{EF87307A-3E48-4094-A55A-E76E2882BE61}.Release|Any CPU.ActiveCfg = Release|Any CPU
		{EF87307A-3E48-4094-A55A-E76E2882BE61}.Release|Any CPU.Build.0 = Release|Any CPU
		{EF87307A-3E48-4094-A55A-E76E2882BE61}.Release|Any CPU.Deploy.0 = Release|Any CPU
		{EF87307A-3E48-4094-A55A-E76E2882BE61}.Release|ARM.ActiveCfg = Release|ARM
		{EF87307A-3E48-4094-A55A-E76E2882BE61}.Release|ARM.Build.0 = Release|ARM
		{EF87307A-3E48-4094-A55A-E76E2882BE61}.Release|ARM.Deploy.0 = Release|ARM
		{EF87307A-3E48-4094-A55A-E76E2882BE61}.Release|iPhone.ActiveCfg = Release|Any CPU
		{EF87307A-3E48-4094-A55A-E76E2882BE61}.Release|iPhone.Build.0 = Release|Any CPU
		{EF87307A-3E48-4094-A55A-E76E2882BE61}.Release|iPhone.Deploy.0 = Release|Any CPU
		{EF87307A-3E48-4094-A55A-E76E2882BE61}.Release|iPhoneSimulator.ActiveCfg = Release|Any CPU
		{EF87307A-3E48-4094-A55A-E76E2882BE61}.Release|iPhoneSimulator.Build.0 = Release|Any CPU
		{EF87307A-3E48-4094-A55A-E76E2882BE61}.Release|iPhoneSimulator.Deploy.0 = Release|Any CPU
		{EF87307A-3E48-4094-A55A-E76E2882BE61}.Release|x64.ActiveCfg = Release|x64
		{EF87307A-3E48-4094-A55A-E76E2882BE61}.Release|x64.Build.0 = Release|x64
		{EF87307A-3E48-4094-A55A-E76E2882BE61}.Release|x64.Deploy.0 = Release|x64
		{EF87307A-3E48-4094-A55A-E76E2882BE61}.Release|x86.ActiveCfg = Release|x86
		{EF87307A-3E48-4094-A55A-E76E2882BE61}.Release|x86.Build.0 = Release|x86
		{EF87307A-3E48-4094-A55A-E76E2882BE61}.Release|x86.Deploy.0 = Release|x86
		{A6C178A9-09BA-4FC2-A26D-354B9E5C12FF}.Ad-Hoc|Any CPU.ActiveCfg = Release|Any CPU
		{A6C178A9-09BA-4FC2-A26D-354B9E5C12FF}.Ad-Hoc|Any CPU.Build.0 = Release|Any CPU
		{A6C178A9-09BA-4FC2-A26D-354B9E5C12FF}.Ad-Hoc|ARM.ActiveCfg = Release|Any CPU
		{A6C178A9-09BA-4FC2-A26D-354B9E5C12FF}.Ad-Hoc|ARM.Build.0 = Release|Any CPU
		{A6C178A9-09BA-4FC2-A26D-354B9E5C12FF}.Ad-Hoc|iPhone.ActiveCfg = Release|Any CPU
		{A6C178A9-09BA-4FC2-A26D-354B9E5C12FF}.Ad-Hoc|iPhone.Build.0 = Release|Any CPU
		{A6C178A9-09BA-4FC2-A26D-354B9E5C12FF}.Ad-Hoc|iPhoneSimulator.ActiveCfg = Release|Any CPU
		{A6C178A9-09BA-4FC2-A26D-354B9E5C12FF}.Ad-Hoc|iPhoneSimulator.Build.0 = Release|Any CPU
		{A6C178A9-09BA-4FC2-A26D-354B9E5C12FF}.Ad-Hoc|x64.ActiveCfg = Release|Any CPU
		{A6C178A9-09BA-4FC2-A26D-354B9E5C12FF}.Ad-Hoc|x64.Build.0 = Release|Any CPU
		{A6C178A9-09BA-4FC2-A26D-354B9E5C12FF}.Ad-Hoc|x86.ActiveCfg = Release|Any CPU
		{A6C178A9-09BA-4FC2-A26D-354B9E5C12FF}.Ad-Hoc|x86.Build.0 = Release|Any CPU
		{A6C178A9-09BA-4FC2-A26D-354B9E5C12FF}.AppStore|Any CPU.ActiveCfg = Release|Any CPU
		{A6C178A9-09BA-4FC2-A26D-354B9E5C12FF}.AppStore|Any CPU.Build.0 = Release|Any CPU
		{A6C178A9-09BA-4FC2-A26D-354B9E5C12FF}.AppStore|ARM.ActiveCfg = Release|Any CPU
		{A6C178A9-09BA-4FC2-A26D-354B9E5C12FF}.AppStore|ARM.Build.0 = Release|Any CPU
		{A6C178A9-09BA-4FC2-A26D-354B9E5C12FF}.AppStore|iPhone.ActiveCfg = Release|Any CPU
		{A6C178A9-09BA-4FC2-A26D-354B9E5C12FF}.AppStore|iPhone.Build.0 = Release|Any CPU
		{A6C178A9-09BA-4FC2-A26D-354B9E5C12FF}.AppStore|iPhoneSimulator.ActiveCfg = Release|Any CPU
		{A6C178A9-09BA-4FC2-A26D-354B9E5C12FF}.AppStore|iPhoneSimulator.Build.0 = Release|Any CPU
		{A6C178A9-09BA-4FC2-A26D-354B9E5C12FF}.AppStore|x64.ActiveCfg = Release|Any CPU
		{A6C178A9-09BA-4FC2-A26D-354B9E5C12FF}.AppStore|x64.Build.0 = Release|Any CPU
		{A6C178A9-09BA-4FC2-A26D-354B9E5C12FF}.AppStore|x86.ActiveCfg = Release|Any CPU
		{A6C178A9-09BA-4FC2-A26D-354B9E5C12FF}.AppStore|x86.Build.0 = Release|Any CPU
		{A6C178A9-09BA-4FC2-A26D-354B9E5C12FF}.Debug|Any CPU.ActiveCfg = Debug|Any CPU
		{A6C178A9-09BA-4FC2-A26D-354B9E5C12FF}.Debug|Any CPU.Build.0 = Debug|Any CPU
		{A6C178A9-09BA-4FC2-A26D-354B9E5C12FF}.Debug|ARM.ActiveCfg = Debug|Any CPU
		{A6C178A9-09BA-4FC2-A26D-354B9E5C12FF}.Debug|ARM.Build.0 = Debug|Any CPU
		{A6C178A9-09BA-4FC2-A26D-354B9E5C12FF}.Debug|iPhone.ActiveCfg = Debug|Any CPU
		{A6C178A9-09BA-4FC2-A26D-354B9E5C12FF}.Debug|iPhone.Build.0 = Debug|Any CPU
		{A6C178A9-09BA-4FC2-A26D-354B9E5C12FF}.Debug|iPhoneSimulator.ActiveCfg = Debug|Any CPU
		{A6C178A9-09BA-4FC2-A26D-354B9E5C12FF}.Debug|iPhoneSimulator.Build.0 = Debug|Any CPU
		{A6C178A9-09BA-4FC2-A26D-354B9E5C12FF}.Debug|x64.ActiveCfg = Debug|Any CPU
		{A6C178A9-09BA-4FC2-A26D-354B9E5C12FF}.Debug|x64.Build.0 = Debug|Any CPU
		{A6C178A9-09BA-4FC2-A26D-354B9E5C12FF}.Debug|x86.ActiveCfg = Debug|Any CPU
		{A6C178A9-09BA-4FC2-A26D-354B9E5C12FF}.Debug|x86.Build.0 = Debug|Any CPU
		{A6C178A9-09BA-4FC2-A26D-354B9E5C12FF}.Release|Any CPU.ActiveCfg = Release|Any CPU
		{A6C178A9-09BA-4FC2-A26D-354B9E5C12FF}.Release|Any CPU.Build.0 = Release|Any CPU
		{A6C178A9-09BA-4FC2-A26D-354B9E5C12FF}.Release|ARM.ActiveCfg = Release|Any CPU
		{A6C178A9-09BA-4FC2-A26D-354B9E5C12FF}.Release|ARM.Build.0 = Release|Any CPU
		{A6C178A9-09BA-4FC2-A26D-354B9E5C12FF}.Release|iPhone.ActiveCfg = Release|Any CPU
		{A6C178A9-09BA-4FC2-A26D-354B9E5C12FF}.Release|iPhone.Build.0 = Release|Any CPU
		{A6C178A9-09BA-4FC2-A26D-354B9E5C12FF}.Release|iPhoneSimulator.ActiveCfg = Release|Any CPU
		{A6C178A9-09BA-4FC2-A26D-354B9E5C12FF}.Release|iPhoneSimulator.Build.0 = Release|Any CPU
		{A6C178A9-09BA-4FC2-A26D-354B9E5C12FF}.Release|x64.ActiveCfg = Release|Any CPU
		{A6C178A9-09BA-4FC2-A26D-354B9E5C12FF}.Release|x64.Build.0 = Release|Any CPU
		{A6C178A9-09BA-4FC2-A26D-354B9E5C12FF}.Release|x86.ActiveCfg = Release|Any CPU
		{A6C178A9-09BA-4FC2-A26D-354B9E5C12FF}.Release|x86.Build.0 = Release|Any CPU
	EndGlobalSection
	GlobalSection(SolutionProperties) = preSolution
		HideSolutionNode = FALSE
	EndGlobalSection
EndGlobal
