
Microsoft Visual Studio Solution File, Format Version 12.00
# Visual Studio Version 17
VisualStudioVersion = 17.9.34728.123
MinimumVisualStudioVersion = 10.0.40219.1
Project("{9A19103F-16F7-4668-BE54-9A1E7A4F7556}") = "Demo", "sources\Demo\Demo.csproj", "{D23A0477-4261-48B4-9D24-8979A1FCC482}"
EndProject
Global
	GlobalSection(SolutionConfigurationPlatforms) = preSolution
		Debug|Any CPU = Debug|Any CPU
		Release|Any CPU = Release|Any CPU
	EndGlobalSection
	GlobalSection(ProjectConfigurationPlatforms) = postSolution
		{D23A0477-4261-48B4-9D24-8979A1FCC482}.Debug|Any CPU.ActiveCfg = Debug|Any CPU
		{D23A0477-4261-48B4-9D24-8979A1FCC482}.Debug|Any CPU.Build.0 = Debug|Any CPU
		{D23A0477-4261-48B4-9D24-8979A1FCC482}.Release|Any CPU.ActiveCfg = Release|Any CPU
		{D23A0477-4261-48B4-9D24-8979A1FCC482}.Release|Any CPU.Build.0 = Release|Any CPU
	EndGlobalSection
	GlobalSection(SolutionProperties) = preSolution
		HideSolutionNode = FALSE
	EndGlobalSection
	GlobalSection(ExtensibilityGlobals) = postSolution
		SolutionGuid = {70F636EB-C801-4026-8876-7FD6E90E6CD5}
	EndGlobalSection
EndGlobal
