
Microsoft Visual Studio Solution File, Format Version 12.00
# Visual Studio 14
VisualStudioVersion = 14.0.25123.0
MinimumVisualStudioVersion = 10.0.40219.1
Project("{FAE04EC0-301F-11D3-BF4B-00C04F79EFBC}") = "Xamarin.Forms.Portable1.Droid", "Xamarin.Forms.Portable1\Xamarin.Forms.Portable1.Droid\Xamarin.Forms.Portable1.Droid.csproj", "{0952F41F-190E-447D-B5F1-D8CB20F22FE4}"
EndProject
Project("{FAE04EC0-301F-11D3-BF4B-00C04F79EFBC}") = "Xamarin.Forms.Portable1.iOS", "Xamarin.Forms.Portable1\Xamarin.Forms.Portable1.iOS\Xamarin.Forms.Portable1.iOS.csproj", "{A3EF24D2-FE2E-436C-8592-EC66D7AE8771}"
EndProject
Project("{FAE04EC0-301F-11D3-BF4B-00C04F79EFBC}") = "Xamarin.Forms.Portable1.Windows", "Xamarin.Forms.Portable1\Xamarin.Forms.Portable1.Windows\Xamarin.Forms.Portable1.Windows.csproj", "{F27208C6-AD30-4327-9414-0E9834985955}"
EndProject
Project("{FAE04EC0-301F-11D3-BF4B-00C04F79EFBC}") = "Xamarin.Forms.Portable1", "Xamarin.Forms.Portable1\Xamarin.Forms.Portable1\Xamarin.Forms.Portable1.csproj", "{9E7F5F8C-7B38-4640-96CD-C2D22906F1E3}"
EndProject
Global
	GlobalSection(SolutionConfigurationPlatforms) = preSolution
		Ad-Hoc|Any CPU = Ad-Hoc|Any CPU
		Ad-Hoc|ARM = Ad-Hoc|ARM
		Ad-Hoc|iPhone = Ad-Hoc|iPhone
		Ad-Hoc|iPhoneSimulator = Ad-Hoc|iPhoneSimulator
		Ad-Hoc|x64 = Ad-Hoc|x64
		Ad-Hoc|x86 = Ad-Hoc|x86
		AppStore|Any CPU = AppStore|Any CPU
		AppStore|ARM = AppStore|ARM
		AppStore|iPhone = AppStore|iPhone
		AppStore|iPhoneSimulator = AppStore|iPhoneSimulator
		AppStore|x64 = AppStore|x64
		AppStore|x86 = AppStore|x86
		Debug|Any CPU = Debug|Any CPU
		Debug|ARM = Debug|ARM
		Debug|iPhone = Debug|iPhone
		Debug|iPhoneSimulator = Debug|iPhoneSimulator
		Debug|x64 = Debug|x64
		Debug|x86 = Debug|x86
		Release|Any CPU = Release|Any CPU
		Release|ARM = Release|ARM
		Release|iPhone = Release|iPhone
		Release|iPhoneSimulator = Release|iPhoneSimulator
		Release|x64 = Release|x64
		Release|x86 = Release|x86
	EndGlobalSection
	GlobalSection(ProjectConfigurationPlatforms) = postSolution
		{0952F41F-190E-447D-B5F1-D8CB20F22FE4}.Ad-Hoc|Any CPU.ActiveCfg = Release|Any CPU
		{0952F41F-190E-447D-B5F1-D8CB20F22FE4}.Ad-Hoc|Any CPU.Build.0 = Release|Any CPU
		{0952F41F-190E-447D-B5F1-D8CB20F22FE4}.Ad-Hoc|Any CPU.Deploy.0 = Release|Any CPU
		{0952F41F-190E-447D-B5F1-D8CB20F22FE4}.Ad-Hoc|ARM.ActiveCfg = Release|Any CPU
		{0952F41F-190E-447D-B5F1-D8CB20F22FE4}.Ad-Hoc|ARM.Build.0 = Release|Any CPU
		{0952F41F-190E-447D-B5F1-D8CB20F22FE4}.Ad-Hoc|ARM.Deploy.0 = Release|Any CPU
		{0952F41F-190E-447D-B5F1-D8CB20F22FE4}.Ad-Hoc|iPhone.ActiveCfg = Release|Any CPU
		{0952F41F-190E-447D-B5F1-D8CB20F22FE4}.Ad-Hoc|iPhone.Build.0 = Release|Any CPU
		{0952F41F-190E-447D-B5F1-D8CB20F22FE4}.Ad-Hoc|iPhone.Deploy.0 = Release|Any CPU
		{0952F41F-190E-447D-B5F1-D8CB20F22FE4}.Ad-Hoc|iPhoneSimulator.ActiveCfg = Release|Any CPU
		{0952F41F-190E-447D-B5F1-D8CB20F22FE4}.Ad-Hoc|iPhoneSimulator.Build.0 = Release|Any CPU
		{0952F41F-190E-447D-B5F1-D8CB20F22FE4}.Ad-Hoc|iPhoneSimulator.Deploy.0 = Release|Any CPU
		{0952F41F-190E-447D-B5F1-D8CB20F22FE4}.Ad-Hoc|x64.ActiveCfg = Release|Any CPU
		{0952F41F-190E-447D-B5F1-D8CB20F22FE4}.Ad-Hoc|x64.Build.0 = Release|Any CPU
		{0952F41F-190E-447D-B5F1-D8CB20F22FE4}.Ad-Hoc|x64.Deploy.0 = Release|Any CPU
		{0952F41F-190E-447D-B5F1-D8CB20F22FE4}.Ad-Hoc|x86.ActiveCfg = Release|Any CPU
		{0952F41F-190E-447D-B5F1-D8CB20F22FE4}.Ad-Hoc|x86.Build.0 = Release|Any CPU
		{0952F41F-190E-447D-B5F1-D8CB20F22FE4}.Ad-Hoc|x86.Deploy.0 = Release|Any CPU
		{0952F41F-190E-447D-B5F1-D8CB20F22FE4}.AppStore|Any CPU.ActiveCfg = Release|Any CPU
		{0952F41F-190E-447D-B5F1-D8CB20F22FE4}.AppStore|Any CPU.Build.0 = Release|Any CPU
		{0952F41F-190E-447D-B5F1-D8CB20F22FE4}.AppStore|Any CPU.Deploy.0 = Release|Any CPU
		{0952F41F-190E-447D-B5F1-D8CB20F22FE4}.AppStore|ARM.ActiveCfg = Release|Any CPU
		{0952F41F-190E-447D-B5F1-D8CB20F22FE4}.AppStore|ARM.Build.0 = Release|Any CPU
		{0952F41F-190E-447D-B5F1-D8CB20F22FE4}.AppStore|ARM.Deploy.0 = Release|Any CPU
		{0952F41F-190E-447D-B5F1-D8CB20F22FE4}.AppStore|iPhone.ActiveCfg = Release|Any CPU
		{0952F41F-190E-447D-B5F1-D8CB20F22FE4}.AppStore|iPhone.Build.0 = Release|Any CPU
		{0952F41F-190E-447D-B5F1-D8CB20F22FE4}.AppStore|iPhone.Deploy.0 = Release|Any CPU
		{0952F41F-190E-447D-B5F1-D8CB20F22FE4}.AppStore|iPhoneSimulator.ActiveCfg = Release|Any CPU
		{0952F41F-190E-447D-B5F1-D8CB20F22FE4}.AppStore|iPhoneSimulator.Build.0 = Release|Any CPU
		{0952F41F-190E-447D-B5F1-D8CB20F22FE4}.AppStore|iPhoneSimulator.Deploy.0 = Release|Any CPU
		{0952F41F-190E-447D-B5F1-D8CB20F22FE4}.AppStore|x64.ActiveCfg = Release|Any CPU
		{0952F41F-190E-447D-B5F1-D8CB20F22FE4}.AppStore|x64.Build.0 = Release|Any CPU
		{0952F41F-190E-447D-B5F1-D8CB20F22FE4}.AppStore|x64.Deploy.0 = Release|Any CPU
		{0952F41F-190E-447D-B5F1-D8CB20F22FE4}.AppStore|x86.ActiveCfg = Release|Any CPU
		{0952F41F-190E-447D-B5F1-D8CB20F22FE4}.AppStore|x86.Build.0 = Release|Any CPU
		{0952F41F-190E-447D-B5F1-D8CB20F22FE4}.AppStore|x86.Deploy.0 = Release|Any CPU
		{0952F41F-190E-447D-B5F1-D8CB20F22FE4}.Debug|Any CPU.ActiveCfg = Debug|Any CPU
		{0952F41F-190E-447D-B5F1-D8CB20F22FE4}.Debug|Any CPU.Build.0 = Debug|Any CPU
		{0952F41F-190E-447D-B5F1-D8CB20F22FE4}.Debug|Any CPU.Deploy.0 = Debug|Any CPU
		{0952F41F-190E-447D-B5F1-D8CB20F22FE4}.Debug|ARM.ActiveCfg = Debug|Any CPU
		{0952F41F-190E-447D-B5F1-D8CB20F22FE4}.Debug|ARM.Build.0 = Debug|Any CPU
		{0952F41F-190E-447D-B5F1-D8CB20F22FE4}.Debug|ARM.Deploy.0 = Debug|Any CPU
		{0952F41F-190E-447D-B5F1-D8CB20F22FE4}.Debug|iPhone.ActiveCfg = Debug|Any CPU
		{0952F41F-190E-447D-B5F1-D8CB20F22FE4}.Debug|iPhone.Build.0 = Debug|Any CPU
		{0952F41F-190E-447D-B5F1-D8CB20F22FE4}.Debug|iPhone.Deploy.0 = Debug|Any CPU
		{0952F41F-190E-447D-B5F1-D8CB20F22FE4}.Debug|iPhoneSimulator.ActiveCfg = Debug|Any CPU
		{0952F41F-190E-447D-B5F1-D8CB20F22FE4}.Debug|iPhoneSimulator.Build.0 = Debug|Any CPU
		{0952F41F-190E-447D-B5F1-D8CB20F22FE4}.Debug|iPhoneSimulator.Deploy.0 = Debug|Any CPU
		{0952F41F-190E-447D-B5F1-D8CB20F22FE4}.Debug|x64.ActiveCfg = Debug|Any CPU
		{0952F41F-190E-447D-B5F1-D8CB20F22FE4}.Debug|x64.Build.0 = Debug|Any CPU
		{0952F41F-190E-447D-B5F1-D8CB20F22FE4}.Debug|x64.Deploy.0 = Debug|Any CPU
		{0952F41F-190E-447D-B5F1-D8CB20F22FE4}.Debug|x86.ActiveCfg = Debug|Any CPU
		{0952F41F-190E-447D-B5F1-D8CB20F22FE4}.Debug|x86.Build.0 = Debug|Any CPU
		{0952F41F-190E-447D-B5F1-D8CB20F22FE4}.Debug|x86.Deploy.0 = Debug|Any CPU
		{0952F41F-190E-447D-B5F1-D8CB20F22FE4}.Release|Any CPU.ActiveCfg = Release|Any CPU
		{0952F41F-190E-447D-B5F1-D8CB20F22FE4}.Release|Any CPU.Build.0 = Release|Any CPU
		{0952F41F-190E-447D-B5F1-D8CB20F22FE4}.Release|Any CPU.Deploy.0 = Release|Any CPU
		{0952F41F-190E-447D-B5F1-D8CB20F22FE4}.Release|ARM.ActiveCfg = Release|Any CPU
		{0952F41F-190E-447D-B5F1-D8CB20F22FE4}.Release|ARM.Build.0 = Release|Any CPU
		{0952F41F-190E-447D-B5F1-D8CB20F22FE4}.Release|ARM.Deploy.0 = Release|Any CPU
		{0952F41F-190E-447D-B5F1-D8CB20F22FE4}.Release|iPhone.ActiveCfg = Release|Any CPU
		{0952F41F-190E-447D-B5F1-D8CB20F22FE4}.Release|iPhone.Build.0 = Release|Any CPU
		{0952F41F-190E-447D-B5F1-D8CB20F22FE4}.Release|iPhone.Deploy.0 = Release|Any CPU
		{0952F41F-190E-447D-B5F1-D8CB20F22FE4}.Release|iPhoneSimulator.ActiveCfg = Release|Any CPU
		{0952F41F-190E-447D-B5F1-D8CB20F22FE4}.Release|iPhoneSimulator.Build.0 = Release|Any CPU
		{0952F41F-190E-447D-B5F1-D8CB20F22FE4}.Release|iPhoneSimulator.Deploy.0 = Release|Any CPU
		{0952F41F-190E-447D-B5F1-D8CB20F22FE4}.Release|x64.ActiveCfg = Release|Any CPU
		{0952F41F-190E-447D-B5F1-D8CB20F22FE4}.Release|x64.Build.0 = Release|Any CPU
		{0952F41F-190E-447D-B5F1-D8CB20F22FE4}.Release|x64.Deploy.0 = Release|Any CPU
		{0952F41F-190E-447D-B5F1-D8CB20F22FE4}.Release|x86.ActiveCfg = Release|Any CPU
		{0952F41F-190E-447D-B5F1-D8CB20F22FE4}.Release|x86.Build.0 = Release|Any CPU
		{0952F41F-190E-447D-B5F1-D8CB20F22FE4}.Release|x86.Deploy.0 = Release|Any CPU
		{A3EF24D2-FE2E-436C-8592-EC66D7AE8771}.Ad-Hoc|Any CPU.ActiveCfg = Ad-Hoc|iPhone
		{A3EF24D2-FE2E-436C-8592-EC66D7AE8771}.Ad-Hoc|ARM.ActiveCfg = Ad-Hoc|iPhone
		{A3EF24D2-FE2E-436C-8592-EC66D7AE8771}.Ad-Hoc|iPhone.ActiveCfg = Ad-Hoc|iPhone
		{A3EF24D2-FE2E-436C-8592-EC66D7AE8771}.Ad-Hoc|iPhone.Build.0 = Ad-Hoc|iPhone
		{A3EF24D2-FE2E-436C-8592-EC66D7AE8771}.Ad-Hoc|iPhoneSimulator.ActiveCfg = Ad-Hoc|iPhoneSimulator
		{A3EF24D2-FE2E-436C-8592-EC66D7AE8771}.Ad-Hoc|iPhoneSimulator.Build.0 = Ad-Hoc|iPhoneSimulator
		{A3EF24D2-FE2E-436C-8592-EC66D7AE8771}.Ad-Hoc|x64.ActiveCfg = Ad-Hoc|iPhone
		{A3EF24D2-FE2E-436C-8592-EC66D7AE8771}.Ad-Hoc|x86.ActiveCfg = Ad-Hoc|iPhone
		{A3EF24D2-FE2E-436C-8592-EC66D7AE8771}.AppStore|Any CPU.ActiveCfg = AppStore|iPhone
		{A3EF24D2-FE2E-436C-8592-EC66D7AE8771}.AppStore|ARM.ActiveCfg = AppStore|iPhone
		{A3EF24D2-FE2E-436C-8592-EC66D7AE8771}.AppStore|iPhone.ActiveCfg = AppStore|iPhone
		{A3EF24D2-FE2E-436C-8592-EC66D7AE8771}.AppStore|iPhone.Build.0 = AppStore|iPhone
		{A3EF24D2-FE2E-436C-8592-EC66D7AE8771}.AppStore|iPhoneSimulator.ActiveCfg = AppStore|iPhoneSimulator
		{A3EF24D2-FE2E-436C-8592-EC66D7AE8771}.AppStore|iPhoneSimulator.Build.0 = AppStore|iPhoneSimulator
		{A3EF24D2-FE2E-436C-8592-EC66D7AE8771}.AppStore|x64.ActiveCfg = AppStore|iPhone
		{A3EF24D2-FE2E-436C-8592-EC66D7AE8771}.AppStore|x86.ActiveCfg = AppStore|iPhone
		{A3EF24D2-FE2E-436C-8592-EC66D7AE8771}.Debug|Any CPU.ActiveCfg = Debug|iPhone
		{A3EF24D2-FE2E-436C-8592-EC66D7AE8771}.Debug|ARM.ActiveCfg = Debug|iPhone
		{A3EF24D2-FE2E-436C-8592-EC66D7AE8771}.Debug|iPhone.ActiveCfg = Debug|iPhone
		{A3EF24D2-FE2E-436C-8592-EC66D7AE8771}.Debug|iPhone.Build.0 = Debug|iPhone
		{A3EF24D2-FE2E-436C-8592-EC66D7AE8771}.Debug|iPhoneSimulator.ActiveCfg = Debug|iPhoneSimulator
		{A3EF24D2-FE2E-436C-8592-EC66D7AE8771}.Debug|iPhoneSimulator.Build.0 = Debug|iPhoneSimulator
		{A3EF24D2-FE2E-436C-8592-EC66D7AE8771}.Debug|x64.ActiveCfg = Debug|iPhone
		{A3EF24D2-FE2E-436C-8592-EC66D7AE8771}.Debug|x86.ActiveCfg = Debug|iPhone
		{A3EF24D2-FE2E-436C-8592-EC66D7AE8771}.Release|Any CPU.ActiveCfg = Release|iPhone
		{A3EF24D2-FE2E-436C-8592-EC66D7AE8771}.Release|ARM.ActiveCfg = Release|iPhone
		{A3EF24D2-FE2E-436C-8592-EC66D7AE8771}.Release|iPhone.ActiveCfg = Release|iPhone
		{A3EF24D2-FE2E-436C-8592-EC66D7AE8771}.Release|iPhone.Build.0 = Release|iPhone
		{A3EF24D2-FE2E-436C-8592-EC66D7AE8771}.Release|iPhoneSimulator.ActiveCfg = Release|iPhoneSimulator
		{A3EF24D2-FE2E-436C-8592-EC66D7AE8771}.Release|iPhoneSimulator.Build.0 = Release|iPhoneSimulator
		{A3EF24D2-FE2E-436C-8592-EC66D7AE8771}.Release|x64.ActiveCfg = Release|iPhone
		{A3EF24D2-FE2E-436C-8592-EC66D7AE8771}.Release|x86.ActiveCfg = Release|iPhone
		{F27208C6-AD30-4327-9414-0E9834985955}.Ad-Hoc|Any CPU.ActiveCfg = Release|Any CPU
		{F27208C6-AD30-4327-9414-0E9834985955}.Ad-Hoc|Any CPU.Build.0 = Release|Any CPU
		{F27208C6-AD30-4327-9414-0E9834985955}.Ad-Hoc|ARM.ActiveCfg = Release|ARM
		{F27208C6-AD30-4327-9414-0E9834985955}.Ad-Hoc|ARM.Build.0 = Release|ARM
		{F27208C6-AD30-4327-9414-0E9834985955}.Ad-Hoc|iPhone.ActiveCfg = Release|Any CPU
		{F27208C6-AD30-4327-9414-0E9834985955}.Ad-Hoc|iPhone.Build.0 = Release|Any CPU
		{F27208C6-AD30-4327-9414-0E9834985955}.Ad-Hoc|iPhoneSimulator.ActiveCfg = Release|Any CPU
		{F27208C6-AD30-4327-9414-0E9834985955}.Ad-Hoc|iPhoneSimulator.Build.0 = Release|Any CPU
		{F27208C6-AD30-4327-9414-0E9834985955}.Ad-Hoc|x64.ActiveCfg = Release|x64
		{F27208C6-AD30-4327-9414-0E9834985955}.Ad-Hoc|x64.Build.0 = Release|x64
		{F27208C6-AD30-4327-9414-0E9834985955}.Ad-Hoc|x86.ActiveCfg = Release|x86
		{F27208C6-AD30-4327-9414-0E9834985955}.Ad-Hoc|x86.Build.0 = Release|x86
		{F27208C6-AD30-4327-9414-0E9834985955}.AppStore|Any CPU.ActiveCfg = Release|Any CPU
		{F27208C6-AD30-4327-9414-0E9834985955}.AppStore|Any CPU.Build.0 = Release|Any CPU
		{F27208C6-AD30-4327-9414-0E9834985955}.AppStore|ARM.ActiveCfg = Release|ARM
		{F27208C6-AD30-4327-9414-0E9834985955}.AppStore|ARM.Build.0 = Release|ARM
		{F27208C6-AD30-4327-9414-0E9834985955}.AppStore|iPhone.ActiveCfg = Release|Any CPU
		{F27208C6-AD30-4327-9414-0E9834985955}.AppStore|iPhone.Build.0 = Release|Any CPU
		{F27208C6-AD30-4327-9414-0E9834985955}.AppStore|iPhoneSimulator.ActiveCfg = Release|Any CPU
		{F27208C6-AD30-4327-9414-0E9834985955}.AppStore|iPhoneSimulator.Build.0 = Release|Any CPU
		{F27208C6-AD30-4327-9414-0E9834985955}.AppStore|x64.ActiveCfg = Release|x64
		{F27208C6-AD30-4327-9414-0E9834985955}.AppStore|x64.Build.0 = Release|x64
		{F27208C6-AD30-4327-9414-0E9834985955}.AppStore|x86.ActiveCfg = Release|x86
		{F27208C6-AD30-4327-9414-0E9834985955}.AppStore|x86.Build.0 = Release|x86
		{F27208C6-AD30-4327-9414-0E9834985955}.Debug|Any CPU.ActiveCfg = Debug|Any CPU
		{F27208C6-AD30-4327-9414-0E9834985955}.Debug|Any CPU.Build.0 = Debug|Any CPU
		{F27208C6-AD30-4327-9414-0E9834985955}.Debug|ARM.ActiveCfg = Debug|ARM
		{F27208C6-AD30-4327-9414-0E9834985955}.Debug|ARM.Build.0 = Debug|ARM
		{F27208C6-AD30-4327-9414-0E9834985955}.Debug|iPhone.ActiveCfg = Debug|Any CPU
		{F27208C6-AD30-4327-9414-0E9834985955}.Debug|iPhone.Build.0 = Debug|Any CPU
		{F27208C6-AD30-4327-9414-0E9834985955}.Debug|iPhoneSimulator.ActiveCfg = Debug|Any CPU
		{F27208C6-AD30-4327-9414-0E9834985955}.Debug|iPhoneSimulator.Build.0 = Debug|Any CPU
		{F27208C6-AD30-4327-9414-0E9834985955}.Debug|x64.ActiveCfg = Debug|x64
		{F27208C6-AD30-4327-9414-0E9834985955}.Debug|x64.Build.0 = Debug|x64
		{F27208C6-AD30-4327-9414-0E9834985955}.Debug|x86.ActiveCfg = Debug|x86
		{F27208C6-AD30-4327-9414-0E9834985955}.Debug|x86.Build.0 = Debug|x86
		{F27208C6-AD30-4327-9414-0E9834985955}.Release|Any CPU.ActiveCfg = Release|Any CPU
		{F27208C6-AD30-4327-9414-0E9834985955}.Release|Any CPU.Build.0 = Release|Any CPU
		{F27208C6-AD30-4327-9414-0E9834985955}.Release|ARM.ActiveCfg = Release|ARM
		{F27208C6-AD30-4327-9414-0E9834985955}.Release|ARM.Build.0 = Release|ARM
		{F27208C6-AD30-4327-9414-0E9834985955}.Release|iPhone.ActiveCfg = Release|Any CPU
		{F27208C6-AD30-4327-9414-0E9834985955}.Release|iPhone.Build.0 = Release|Any CPU
		{F27208C6-AD30-4327-9414-0E9834985955}.Release|iPhoneSimulator.ActiveCfg = Release|Any CPU
		{F27208C6-AD30-4327-9414-0E9834985955}.Release|iPhoneSimulator.Build.0 = Release|Any CPU
		{F27208C6-AD30-4327-9414-0E9834985955}.Release|x64.ActiveCfg = Release|x64
		{F27208C6-AD30-4327-9414-0E9834985955}.Release|x64.Build.0 = Release|x64
		{F27208C6-AD30-4327-9414-0E9834985955}.Release|x86.ActiveCfg = Release|x86
		{F27208C6-AD30-4327-9414-0E9834985955}.Release|x86.Build.0 = Release|x86
		{9E7F5F8C-7B38-4640-96CD-C2D22906F1E3}.Ad-Hoc|Any CPU.ActiveCfg = Release|Any CPU
		{9E7F5F8C-7B38-4640-96CD-C2D22906F1E3}.Ad-Hoc|Any CPU.Build.0 = Release|Any CPU
		{9E7F5F8C-7B38-4640-96CD-C2D22906F1E3}.Ad-Hoc|ARM.ActiveCfg = Release|Any CPU
		{9E7F5F8C-7B38-4640-96CD-C2D22906F1E3}.Ad-Hoc|ARM.Build.0 = Release|Any CPU
		{9E7F5F8C-7B38-4640-96CD-C2D22906F1E3}.Ad-Hoc|iPhone.ActiveCfg = Release|Any CPU
		{9E7F5F8C-7B38-4640-96CD-C2D22906F1E3}.Ad-Hoc|iPhone.Build.0 = Release|Any CPU
		{9E7F5F8C-7B38-4640-96CD-C2D22906F1E3}.Ad-Hoc|iPhoneSimulator.ActiveCfg = Release|Any CPU
		{9E7F5F8C-7B38-4640-96CD-C2D22906F1E3}.Ad-Hoc|iPhoneSimulator.Build.0 = Release|Any CPU
		{9E7F5F8C-7B38-4640-96CD-C2D22906F1E3}.Ad-Hoc|x64.ActiveCfg = Release|Any CPU
		{9E7F5F8C-7B38-4640-96CD-C2D22906F1E3}.Ad-Hoc|x64.Build.0 = Release|Any CPU
		{9E7F5F8C-7B38-4640-96CD-C2D22906F1E3}.Ad-Hoc|x86.ActiveCfg = Release|Any CPU
		{9E7F5F8C-7B38-4640-96CD-C2D22906F1E3}.Ad-Hoc|x86.Build.0 = Release|Any CPU
		{9E7F5F8C-7B38-4640-96CD-C2D22906F1E3}.AppStore|Any CPU.ActiveCfg = Release|Any CPU
		{9E7F5F8C-7B38-4640-96CD-C2D22906F1E3}.AppStore|Any CPU.Build.0 = Release|Any CPU
		{9E7F5F8C-7B38-4640-96CD-C2D22906F1E3}.AppStore|ARM.ActiveCfg = Release|Any CPU
		{9E7F5F8C-7B38-4640-96CD-C2D22906F1E3}.AppStore|ARM.Build.0 = Release|Any CPU
		{9E7F5F8C-7B38-4640-96CD-C2D22906F1E3}.AppStore|iPhone.ActiveCfg = Release|Any CPU
		{9E7F5F8C-7B38-4640-96CD-C2D22906F1E3}.AppStore|iPhone.Build.0 = Release|Any CPU
		{9E7F5F8C-7B38-4640-96CD-C2D22906F1E3}.AppStore|iPhoneSimulator.ActiveCfg = Release|Any CPU
		{9E7F5F8C-7B38-4640-96CD-C2D22906F1E3}.AppStore|iPhoneSimulator.Build.0 = Release|Any CPU
		{9E7F5F8C-7B38-4640-96CD-C2D22906F1E3}.AppStore|x64.ActiveCfg = Release|Any CPU
		{9E7F5F8C-7B38-4640-96CD-C2D22906F1E3}.AppStore|x64.Build.0 = Release|Any CPU
		{9E7F5F8C-7B38-4640-96CD-C2D22906F1E3}.AppStore|x86.ActiveCfg = Release|Any CPU
		{9E7F5F8C-7B38-4640-96CD-C2D22906F1E3}.AppStore|x86.Build.0 = Release|Any CPU
		{9E7F5F8C-7B38-4640-96CD-C2D22906F1E3}.Debug|Any CPU.ActiveCfg = Debug|Any CPU
		{9E7F5F8C-7B38-4640-96CD-C2D22906F1E3}.Debug|Any CPU.Build.0 = Debug|Any CPU
		{9E7F5F8C-7B38-4640-96CD-C2D22906F1E3}.Debug|ARM.ActiveCfg = Debug|Any CPU
		{9E7F5F8C-7B38-4640-96CD-C2D22906F1E3}.Debug|ARM.Build.0 = Debug|Any CPU
		{9E7F5F8C-7B38-4640-96CD-C2D22906F1E3}.Debug|iPhone.ActiveCfg = Debug|Any CPU
		{9E7F5F8C-7B38-4640-96CD-C2D22906F1E3}.Debug|iPhone.Build.0 = Debug|Any CPU
		{9E7F5F8C-7B38-4640-96CD-C2D22906F1E3}.Debug|iPhoneSimulator.ActiveCfg = Debug|Any CPU
		{9E7F5F8C-7B38-4640-96CD-C2D22906F1E3}.Debug|iPhoneSimulator.Build.0 = Debug|Any CPU
		{9E7F5F8C-7B38-4640-96CD-C2D22906F1E3}.Debug|x64.ActiveCfg = Debug|Any CPU
		{9E7F5F8C-7B38-4640-96CD-C2D22906F1E3}.Debug|x64.Build.0 = Debug|Any CPU
		{9E7F5F8C-7B38-4640-96CD-C2D22906F1E3}.Debug|x86.ActiveCfg = Debug|Any CPU
		{9E7F5F8C-7B38-4640-96CD-C2D22906F1E3}.Debug|x86.Build.0 = Debug|Any CPU
		{9E7F5F8C-7B38-4640-96CD-C2D22906F1E3}.Release|Any CPU.ActiveCfg = Release|Any CPU
		{9E7F5F8C-7B38-4640-96CD-C2D22906F1E3}.Release|Any CPU.Build.0 = Release|Any CPU
		{9E7F5F8C-7B38-4640-96CD-C2D22906F1E3}.Release|ARM.ActiveCfg = Release|Any CPU
		{9E7F5F8C-7B38-4640-96CD-C2D22906F1E3}.Release|ARM.Build.0 = Release|Any CPU
		{9E7F5F8C-7B38-4640-96CD-C2D22906F1E3}.Release|iPhone.ActiveCfg = Release|Any CPU
		{9E7F5F8C-7B38-4640-96CD-C2D22906F1E3}.Release|iPhone.Build.0 = Release|Any CPU
		{9E7F5F8C-7B38-4640-96CD-C2D22906F1E3}.Release|iPhoneSimulator.ActiveCfg = Release|Any CPU
		{9E7F5F8C-7B38-4640-96CD-C2D22906F1E3}.Release|iPhoneSimulator.Build.0 = Release|Any CPU
		{9E7F5F8C-7B38-4640-96CD-C2D22906F1E3}.Release|x64.ActiveCfg = Release|Any CPU
		{9E7F5F8C-7B38-4640-96CD-C2D22906F1E3}.Release|x64.Build.0 = Release|Any CPU
		{9E7F5F8C-7B38-4640-96CD-C2D22906F1E3}.Release|x86.ActiveCfg = Release|Any CPU
		{9E7F5F8C-7B38-4640-96CD-C2D22906F1E3}.Release|x86.Build.0 = Release|Any CPU
	EndGlobalSection
	GlobalSection(SolutionProperties) = preSolution
		HideSolutionNode = FALSE
	EndGlobalSection
EndGlobal
