PODS:
  - CocoaLumberjack (3.8.4):
    - CocoaLumberjack/Core (= 3.8.4)
  - CocoaLumberjack/Core (3.8.4)
  - SVGKit (3.0.0):
    - CocoaLumberjack (~> 3.0)

DEPENDENCIES:
  - SVGKit (~> 3.x)

SPEC REPOS:
  trunk:
    - CocoaLumberjack
    - SVGKit

SPEC CHECKSUMS:
  CocoaLumberjack: df59726690390bb8aaaa585938564ba1c8dbbb44
  SVGKit: 1ad7513f8c74d9652f94ed64ddecda1a23864dea

PODFILE CHECKSUM: 4224c16fcb4d6da4dcebcfdf715ec89bbe4513fc

COCOAPODS: 1.14.3
