PODS:
  - CocoaLumberjack (3.8.4):
    - CocoaLumberjack/Core (= 3.8.4)
  - CocoaLumberjack/Core (3.8.4)
  - SVGKit (3.1.1):
    - CocoaLumberjack (~> 3.0)

DEPENDENCIES:
  - SVGKit (from `https://github.com/SVGKit/SVGKit.git`, branch `3.x`)

SPEC REPOS:
  trunk:
    - CocoaLumberjack

EXTERNAL SOURCES:
  SVGKit:
    :branch: 3.x
    :git: https://github.com/SVGKit/SVGKit.git

CHECKOUT OPTIONS:
  SVGKit:
    :commit: 4b98917a51f49a64502001e6e6bc36490823e465
    :git: https://github.com/SVGKit/SVGKit.git

SPEC CHECKSUMS:
  CocoaLumberjack: df59726690390bb8aaaa585938564ba1c8dbbb44
  SVGKit: bddb3794357b4abf4b22fe5a1bd67df82f304732

PODFILE CHECKSUM: 12dda2ad28851574d5e1de04aec4696af231d998

COCOAPODS: 1.14.3
